// !$*UTF8*$!
{
	archiveVersion = 1;
	classes = {
	};
	objectVersion = 44;
	objects = {

/* Begin PBXAggregateTarget section */
		E0B975A70F7C15C000F42A50 /* Sc21 doc */ = {
			isa = PBXAggregateTarget;
			buildConfigurationList = E0B975B50F7C161000F42A50 /* Build configuration list for PBXAggregateTarget "Sc21 doc" */;
			buildPhases = (
				E0B975A60F7C15C000F42A50 /* ShellScript */,
			);
			dependencies = (
			);
			name = "Sc21 doc";
			productName = "Sc21 doc";
		};
		E0E816870F7D043B00723D30 /* Sc21 examples */ = {
			isa = PBXAggregateTarget;
			buildConfigurationList = E0E816940F7D046000723D30 /* Build configuration list for PBXAggregateTarget "Sc21 examples" */;
			buildPhases = (
				E0E816860F7D043B00723D30 /* ShellScript */,
			);
			dependencies = (
			);
			name = "Sc21 examples";
			productName = "Sc21 examples";
		};
		E0E816980F7D052900723D30 /* Sc21 framework pkg */ = {
			isa = PBXAggregateTarget;
			buildConfigurationList = E0E8169E0F7D056300723D30 /* Build configuration list for PBXAggregateTarget "Sc21 framework pkg" */;
			buildPhases = (
				E0E816970F7D052900723D30 /* ShellScript */,
			);
			dependencies = (
				E0E8169D0F7D053500723D30 /* PBXTargetDependency */,
			);
			name = "Sc21 framework pkg";
			productName = "Sc21 framework pkg";
		};
		E0E8172F0F7D0FF000723D30 /* Sc21 examples pkg */ = {
			isa = PBXAggregateTarget;
			buildConfigurationList = E0E817380F7D104E00723D30 /* Build configuration list for PBXAggregateTarget "Sc21 examples pkg" */;
			buildPhases = (
				E0E8172E0F7D0FF000723D30 /* ShellScript */,
			);
			dependencies = (
				E0E817350F7D102000723D30 /* PBXTargetDependency */,
			);
			name = "Sc21 examples pkg";
			productName = "Sc21 examples pkg";
		};
		E0E817670F7D179A00723D30 /* Sc21 doc pkg */ = {
			isa = PBXAggregateTarget;
			buildConfigurationList = E0E8177C0F7D17E000723D30 /* Build configuration list for PBXAggregateTarget "Sc21 doc pkg" */;
			buildPhases = (
				E0E817660F7D179A00723D30 /* ShellScript */,
			);
			dependencies = (
				E0E817710F7D17BA00723D30 /* PBXTargetDependency */,
			);
			name = "Sc21 doc pkg";
			productName = "Sc21 doc pkg";
		};
		E0E8176C0F7D17A400723D30 /* Sc21 meta pkg */ = {
			isa = PBXAggregateTarget;
			buildConfigurationList = E0E8177D0F7D17E000723D30 /* Build configuration list for PBXAggregateTarget "Sc21 meta pkg" */;
			buildPhases = (
				E0E8176B0F7D17A400723D30 /* ShellScript */,
			);
			dependencies = (
				E0E817730F7D17DF00723D30 /* PBXTargetDependency */,
				E0E817750F7D17DF00723D30 /* PBXTargetDependency */,
				E0E817770F7D17DF00723D30 /* PBXTargetDependency */,
			);
			name = "Sc21 meta pkg";
			productName = "Sc21 meta pkg";
		};
/* End PBXAggregateTarget section */

/* Begin PBXBuildFile section */
		8DC2EF570486A6940098B216 /* Cocoa.framework in Frameworks */ = {isa = PBXBuildFile; fileRef = 1058C7B1FEA5585E11CA2CBB /* Cocoa.framework */; };
		E016EA7B0F7AA69C00678134 /* SCEventHandler.classdescription in Resources */ = {isa = PBXBuildFile; fileRef = E016EA750F7AA69C00678134 /* SCEventHandler.classdescription */; };
		E016EA7C0F7AA69C00678134 /* SCController.classdescription in Resources */ = {isa = PBXBuildFile; fileRef = E016EA760F7AA69C00678134 /* SCController.classdescription */; };
		E016EA7D0F7AA69C00678134 /* SCExaminerHandler.classdescription in Resources */ = {isa = PBXBuildFile; fileRef = E016EA770F7AA69C00678134 /* SCExaminerHandler.classdescription */; };
		E016EA7E0F7AA69C00678134 /* SCOpenGLView.classdescription in Resources */ = {isa = PBXBuildFile; fileRef = E016EA780F7AA69C00678134 /* SCOpenGLView.classdescription */; };
		E016EA7F0F7AA69C00678134 /* SCSceneGraph.classdescription in Resources */ = {isa = PBXBuildFile; fileRef = E016EA790F7AA69C00678134 /* SCSceneGraph.classdescription */; };
		E016EA800F7AA69C00678134 /* SCView.classdescription in Resources */ = {isa = PBXBuildFile; fileRef = E016EA7A0F7AA69C00678134 /* SCView.classdescription */; };
		E016EACF0F7AA9EC00678134 /* SCCoinHandlerIntegration.mm in Sources */ = {isa = PBXBuildFile; fileRef = E016EACB0F7AA9EC00678134 /* SCCoinHandlerIntegration.mm */; };
		E016EAD00F7AA9EC00678134 /* SCExaminerHandlerIntegration.mm in Sources */ = {isa = PBXBuildFile; fileRef = E016EACC0F7AA9EC00678134 /* SCExaminerHandlerIntegration.mm */; };
		E016EAD10F7AA9EC00678134 /* SCSceneGraphIntegration.mm in Sources */ = {isa = PBXBuildFile; fileRef = E016EACD0F7AA9EC00678134 /* SCSceneGraphIntegration.mm */; };
		E016EAD20F7AA9EC00678134 /* SCViewIntegration.mm in Sources */ = {isa = PBXBuildFile; fileRef = E016EACE0F7AA9EC00678134 /* SCViewIntegration.mm */; };
		E08121D70F7A60DC00B0CDA9 /* SCControllerIntegration.mm in Sources */ = {isa = PBXBuildFile; fileRef = E08121D60F7A60DC00B0CDA9 /* SCControllerIntegration.mm */; };
		E08122570F7A679700B0CDA9 /* SCOpenGLViewIntegration.mm in Sources */ = {isa = PBXBuildFile; fileRef = E08122560F7A679700B0CDA9 /* SCOpenGLViewIntegration.mm */; };
		E09CB5930F77CFBA0058F0C4 /* Sc21PluginLibrary.xib in Resources */ = {isa = PBXBuildFile; fileRef = E09CB5920F77CFBA0058F0C4 /* Sc21PluginLibrary.xib */; };
		E09CB5AC0F77D1580058F0C4 /* SCControllerInspector.mm in Sources */ = {isa = PBXBuildFile; fileRef = E09CB5A50F77D1580058F0C4 /* SCControllerInspector.mm */; };
		E09CB5AD0F77D1580058F0C4 /* SCExaminerHandlerInspector.m in Sources */ = {isa = PBXBuildFile; fileRef = E09CB5A70F77D1580058F0C4 /* SCExaminerHandlerInspector.m */; };
		E09CB5AE0F77D1580058F0C4 /* SCOpenGLViewInspector.mm in Sources */ = {isa = PBXBuildFile; fileRef = E09CB5A90F77D1580058F0C4 /* SCOpenGLViewInspector.mm */; };
		E09CB5AF0F77D1580058F0C4 /* SCSceneGraphInspector.mm in Sources */ = {isa = PBXBuildFile; fileRef = E09CB5AB0F77D1580058F0C4 /* SCSceneGraphInspector.mm */; };
		E09FCE420F754C3900EB758F /* InterfaceBuilderKit.framework in Frameworks */ = {isa = PBXBuildFile; fileRef = E09FCE410F754C3900EB758F /* InterfaceBuilderKit.framework */; };
		E09FCE450F754C5600EB758F /* Cocoa.framework in Frameworks */ = {isa = PBXBuildFile; fileRef = E09FCE440F754C5600EB758F /* Cocoa.framework */; };
		E09FCE4F0F754ED400EB758F /* Sc21Plugin.m in Sources */ = {isa = PBXBuildFile; fileRef = E09FCE4E0F754ED400EB758F /* Sc21Plugin.m */; };
		E09FCE880F75547C00EB758F /* InspectorError.tiff in Resources */ = {isa = PBXBuildFile; fileRef = E09FCE800F75547C00EB758F /* InspectorError.tiff */; };
		E09FCE890F75547C00EB758F /* Sc21Palette.tiff in Resources */ = {isa = PBXBuildFile; fileRef = E09FCE810F75547C00EB758F /* Sc21Palette.tiff */; };
		E09FCE8A0F75547C00EB758F /* SCCoinHandler.tiff in Resources */ = {isa = PBXBuildFile; fileRef = E09FCE820F75547C00EB758F /* SCCoinHandler.tiff */; };
		E09FCE8B0F75547C00EB758F /* SCController.tiff in Resources */ = {isa = PBXBuildFile; fileRef = E09FCE830F75547C00EB758F /* SCController.tiff */; };
		E09FCE8C0F75547C00EB758F /* SCExaminerHandler.tiff in Resources */ = {isa = PBXBuildFile; fileRef = E09FCE840F75547C00EB758F /* SCExaminerHandler.tiff */; };
		E09FCE8D0F75547C00EB758F /* SCSceneGraph.tiff in Resources */ = {isa = PBXBuildFile; fileRef = E09FCE850F75547C00EB758F /* SCSceneGraph.tiff */; };
		E09FCE8E0F75547C00EB758F /* SCView.tiff in Resources */ = {isa = PBXBuildFile; fileRef = E09FCE860F75547C00EB758F /* SCView.tiff */; };
		E09FCE8F0F75547C00EB758F /* SCWalkHandler.tiff in Resources */ = {isa = PBXBuildFile; fileRef = E09FCE870F75547C00EB758F /* SCWalkHandler.tiff */; };
		E09FCE9A0F75569A00EB758F /* SCControllerInspector.xib in Resources */ = {isa = PBXBuildFile; fileRef = E09FCE990F75569A00EB758F /* SCControllerInspector.xib */; };
		E09FCE9D0F7556B900EB758F /* SCOpenGLViewInspector.xib in Resources */ = {isa = PBXBuildFile; fileRef = E09FCE9C0F7556B900EB758F /* SCOpenGLViewInspector.xib */; };
		E09FCEA00F7556E500EB758F /* SCSceneGraphInspector.xib in Resources */ = {isa = PBXBuildFile; fileRef = E09FCE9F0F7556E500EB758F /* SCSceneGraphInspector.xib */; };
		E09FCEA30F75570C00EB758F /* SCExaminerHandlerInspector.xib in Resources */ = {isa = PBXBuildFile; fileRef = E09FCEA20F75570C00EB758F /* SCExaminerHandlerInspector.xib */; };
		E09FCEFA0F7560A200EB758F /* Sc21.framework in Frameworks */ = {isa = PBXBuildFile; fileRef = 8DC2EF5B0486A6940098B216 /* Sc21.framework */; };
		E0A7A4300FA1FD5600FCAD39 /* curs_pan.tiff in Resources */ = {isa = PBXBuildFile; fileRef = E0A7A06F0FA1FCFD00FCAD39 /* curs_pan.tiff */; };
		E0A7A4310FA1FD5600FCAD39 /* curs_rotate.tiff in Resources */ = {isa = PBXBuildFile; fileRef = E0A7A0700FA1FCFD00FCAD39 /* curs_rotate.tiff */; };
		E0A7A4320FA1FD5600FCAD39 /* curs_zoom.tiff in Resources */ = {isa = PBXBuildFile; fileRef = E0A7A0710FA1FCFD00FCAD39 /* curs_zoom.tiff */; };
		E0A7A4330FA1FD5600FCAD39 /* version.plist in Resources */ = {isa = PBXBuildFile; fileRef = E0A7A0720FA1FCFD00FCAD39 /* version.plist */; };
		E0CF51CF0F6FFAFB00B772F3 /* SCEmulator.h in Headers */ = {isa = PBXBuildFile; fileRef = E0CF51960F6FFAFB00B772F3 /* SCEmulator.h */; };
		E0CF51D00F6FFAFB00B772F3 /* SCEmulator.m in Sources */ = {isa = PBXBuildFile; fileRef = E0CF51970F6FFAFB00B772F3 /* SCEmulator.m */; };
		E0CF51D10F6FFAFB00B772F3 /* SCEventConverter.h in Headers */ = {isa = PBXBuildFile; fileRef = E0CF51980F6FFAFB00B772F3 /* SCEventConverter.h */; };
		E0CF51D20F6FFAFB00B772F3 /* SCEventConverter.mm in Sources */ = {isa = PBXBuildFile; fileRef = E0CF51990F6FFAFB00B772F3 /* SCEventConverter.mm */; };
		E0CF51D30F6FFAFB00B772F3 /* SCInternalDefines.h in Headers */ = {isa = PBXBuildFile; fileRef = E0CF519A0F6FFAFB00B772F3 /* SCInternalDefines.h */; settings = {ATTRIBUTES = (Public, ); }; };
		E0CF51D40F6FFAFB00B772F3 /* SCMode.h in Headers */ = {isa = PBXBuildFile; fileRef = E0CF519B0F6FFAFB00B772F3 /* SCMode.h */; };
		E0CF51D50F6FFAFB00B772F3 /* SCMode.m in Sources */ = {isa = PBXBuildFile; fileRef = E0CF519C0F6FFAFB00B772F3 /* SCMode.m */; };
		E0CF51D60F6FFAFB00B772F3 /* SCMouseLog.h in Headers */ = {isa = PBXBuildFile; fileRef = E0CF519D0F6FFAFB00B772F3 /* SCMouseLog.h */; };
		E0CF51D70F6FFAFB00B772F3 /* SCMouseLog.m in Sources */ = {isa = PBXBuildFile; fileRef = E0CF519E0F6FFAFB00B772F3 /* SCMouseLog.m */; };
		E0CF51D80F6FFAFB00B772F3 /* SCOffscreenRenderer.h in Headers */ = {isa = PBXBuildFile; fileRef = E0CF519F0F6FFAFB00B772F3 /* SCOffscreenRenderer.h */; };
		E0CF51D90F6FFAFB00B772F3 /* SCOffscreenRenderer.mm in Sources */ = {isa = PBXBuildFile; fileRef = E0CF51A00F6FFAFB00B772F3 /* SCOffscreenRenderer.mm */; };
		E0CF51DA0F6FFAFB00B772F3 /* SCPanMode.h in Headers */ = {isa = PBXBuildFile; fileRef = E0CF51A10F6FFAFB00B772F3 /* SCPanMode.h */; };
		E0CF51DB0F6FFAFB00B772F3 /* SCPanMode.mm in Sources */ = {isa = PBXBuildFile; fileRef = E0CF51A20F6FFAFB00B772F3 /* SCPanMode.mm */; };
		E0CF51DC0F6FFAFB00B772F3 /* SCRotateMode.h in Headers */ = {isa = PBXBuildFile; fileRef = E0CF51A30F6FFAFB00B772F3 /* SCRotateMode.h */; };
		E0CF51DD0F6FFAFB00B772F3 /* SCRotateMode.mm in Sources */ = {isa = PBXBuildFile; fileRef = E0CF51A40F6FFAFB00B772F3 /* SCRotateMode.mm */; };
		E0CF51DE0F6FFAFB00B772F3 /* SCSpinMode.h in Headers */ = {isa = PBXBuildFile; fileRef = E0CF51A50F6FFAFB00B772F3 /* SCSpinMode.h */; };
		E0CF51DF0F6FFAFB00B772F3 /* SCSpinMode.mm in Sources */ = {isa = PBXBuildFile; fileRef = E0CF51A60F6FFAFB00B772F3 /* SCSpinMode.mm */; };
		E0CF51E00F6FFAFB00B772F3 /* SCTimer.h in Headers */ = {isa = PBXBuildFile; fileRef = E0CF51A70F6FFAFB00B772F3 /* SCTimer.h */; };
		E0CF51E10F6FFAFB00B772F3 /* SCTimer.m in Sources */ = {isa = PBXBuildFile; fileRef = E0CF51A80F6FFAFB00B772F3 /* SCTimer.m */; };
		E0CF51E20F6FFAFB00B772F3 /* SCZoomMode.h in Headers */ = {isa = PBXBuildFile; fileRef = E0CF51A90F6FFAFB00B772F3 /* SCZoomMode.h */; };
		E0CF51E30F6FFAFB00B772F3 /* SCZoomMode.mm in Sources */ = {isa = PBXBuildFile; fileRef = E0CF51AA0F6FFAFB00B772F3 /* SCZoomMode.mm */; };
		E0CF51E40F6FFAFB00B772F3 /* Sc21.h in Headers */ = {isa = PBXBuildFile; fileRef = E0CF51AB0F6FFAFB00B772F3 /* Sc21.h */; settings = {ATTRIBUTES = (Public, ); }; };
		E0CF51E50F6FFAFB00B772F3 /* SCCamera.h in Headers */ = {isa = PBXBuildFile; fileRef = E0CF51AC0F6FFAFB00B772F3 /* SCCamera.h */; settings = {ATTRIBUTES = (Public, ); }; };
		E0CF51E60F6FFAFB00B772F3 /* SCCamera.mm in Sources */ = {isa = PBXBuildFile; fileRef = E0CF51AD0F6FFAFB00B772F3 /* SCCamera.mm */; };
		E0CF51E70F6FFAFB00B772F3 /* SCCameraP.h in Headers */ = {isa = PBXBuildFile; fileRef = E0CF51AE0F6FFAFB00B772F3 /* SCCameraP.h */; };
		E0CF51E80F6FFAFB00B772F3 /* SCCoinHandler.h in Headers */ = {isa = PBXBuildFile; fileRef = E0CF51AF0F6FFAFB00B772F3 /* SCCoinHandler.h */; settings = {ATTRIBUTES = (Public, ); }; };
		E0CF51E90F6FFAFB00B772F3 /* SCCoinHandler.mm in Sources */ = {isa = PBXBuildFile; fileRef = E0CF51B00F6FFAFB00B772F3 /* SCCoinHandler.mm */; };
		E0CF51EA0F6FFAFB00B772F3 /* SCCoinHandlerP.h in Headers */ = {isa = PBXBuildFile; fileRef = E0CF51B10F6FFAFB00B772F3 /* SCCoinHandlerP.h */; };
		E0CF51EB0F6FFAFB00B772F3 /* SCController.h in Headers */ = {isa = PBXBuildFile; fileRef = E0CF51B20F6FFAFB00B772F3 /* SCController.h */; settings = {ATTRIBUTES = (Public, ); }; };
		E0CF51EC0F6FFAFB00B772F3 /* SCController.mm in Sources */ = {isa = PBXBuildFile; fileRef = E0CF51B30F6FFAFB00B772F3 /* SCController.mm */; };
		E0CF51ED0F6FFAFB00B772F3 /* SCControllerP.h in Headers */ = {isa = PBXBuildFile; fileRef = E0CF51B40F6FFAFB00B772F3 /* SCControllerP.h */; };
		E0CF51EE0F6FFAFB00B772F3 /* SCCursors.h in Headers */ = {isa = PBXBuildFile; fileRef = E0CF51B50F6FFAFB00B772F3 /* SCCursors.h */; settings = {ATTRIBUTES = (Public, ); }; };
		E0CF51EF0F6FFAFB00B772F3 /* SCCursors.m in Sources */ = {isa = PBXBuildFile; fileRef = E0CF51B60F6FFAFB00B772F3 /* SCCursors.m */; };
		E0CF51F00F6FFAFB00B772F3 /* SCDebug.h in Headers */ = {isa = PBXBuildFile; fileRef = E0CF51B70F6FFAFB00B772F3 /* SCDebug.h */; settings = {ATTRIBUTES = (Public, ); }; };
		E0CF51F10F6FFAFB00B772F3 /* SCDebug.mm in Sources */ = {isa = PBXBuildFile; fileRef = E0CF51B80F6FFAFB00B772F3 /* SCDebug.mm */; };
		E0CF51F20F6FFAFB00B772F3 /* SCDefines.h in Headers */ = {isa = PBXBuildFile; fileRef = E0CF51B90F6FFAFB00B772F3 /* SCDefines.h */; settings = {ATTRIBUTES = (Public, ); }; };
		E0CF51F30F6FFAFB00B772F3 /* SCDrawable.h in Headers */ = {isa = PBXBuildFile; fileRef = E0CF51BA0F6FFAFB00B772F3 /* SCDrawable.h */; settings = {ATTRIBUTES = (Public, ); }; };
		E0CF51F40F6FFAFB00B772F3 /* SCDrawable.mdoc in Resources */ = {isa = PBXBuildFile; fileRef = E0CF51BB0F6FFAFB00B772F3 /* SCDrawable.mdoc */; };
		E0CF51F50F6FFAFB00B772F3 /* SCEventHandler.h in Headers */ = {isa = PBXBuildFile; fileRef = E0CF51BC0F6FFAFB00B772F3 /* SCEventHandler.h */; settings = {ATTRIBUTES = (Public, ); }; };
		E0CF51F60F6FFAFB00B772F3 /* SCEventHandler.mm in Sources */ = {isa = PBXBuildFile; fileRef = E0CF51BD0F6FFAFB00B772F3 /* SCEventHandler.mm */; };
		E0CF51F70F6FFAFB00B772F3 /* SCEventHandlerP.h in Headers */ = {isa = PBXBuildFile; fileRef = E0CF51BE0F6FFAFB00B772F3 /* SCEventHandlerP.h */; };
		E0CF51F80F6FFAFB00B772F3 /* SCExaminerHandler.h in Headers */ = {isa = PBXBuildFile; fileRef = E0CF51BF0F6FFAFB00B772F3 /* SCExaminerHandler.h */; settings = {ATTRIBUTES = (Public, ); }; };
		E0CF51F90F6FFAFB00B772F3 /* SCExaminerHandler.mm in Sources */ = {isa = PBXBuildFile; fileRef = E0CF51C00F6FFAFB00B772F3 /* SCExaminerHandler.mm */; };
		E0CF51FA0F6FFAFB00B772F3 /* SCExaminerHandlerP.h in Headers */ = {isa = PBXBuildFile; fileRef = E0CF51C10F6FFAFB00B772F3 /* SCExaminerHandlerP.h */; };
		E0CF51FB0F6FFAFB00B772F3 /* SCExterns.m in Sources */ = {isa = PBXBuildFile; fileRef = E0CF51C20F6FFAFB00B772F3 /* SCExterns.m */; };
		E0CF51FC0F6FFAFB00B772F3 /* SCOpenGLPixelFormat.h in Headers */ = {isa = PBXBuildFile; fileRef = E0CF51C30F6FFAFB00B772F3 /* SCOpenGLPixelFormat.h */; settings = {ATTRIBUTES = (Public, ); }; };
		E0CF51FD0F6FFAFB00B772F3 /* SCOpenGLPixelFormat.m in Sources */ = {isa = PBXBuildFile; fileRef = E0CF51C40F6FFAFB00B772F3 /* SCOpenGLPixelFormat.m */; };
		E0CF51FE0F6FFAFB00B772F3 /* SCOpenGLView.h in Headers */ = {isa = PBXBuildFile; fileRef = E0CF51C50F6FFAFB00B772F3 /* SCOpenGLView.h */; settings = {ATTRIBUTES = (Public, ); }; };
		E0CF51FF0F6FFAFB00B772F3 /* SCOpenGLView.m in Sources */ = {isa = PBXBuildFile; fileRef = E0CF51C60F6FFAFB00B772F3 /* SCOpenGLView.m */; };
		E0CF52000F6FFAFB00B772F3 /* SCOpenGLViewP.h in Headers */ = {isa = PBXBuildFile; fileRef = E0CF51C70F6FFAFB00B772F3 /* SCOpenGLViewP.h */; };
		E0CF52010F6FFAFB00B772F3 /* SCSceneGraph.h in Headers */ = {isa = PBXBuildFile; fileRef = E0CF51C80F6FFAFB00B772F3 /* SCSceneGraph.h */; settings = {ATTRIBUTES = (Public, ); }; };
		E0CF52020F6FFAFB00B772F3 /* SCSceneGraph.mm in Sources */ = {isa = PBXBuildFile; fileRef = E0CF51C90F6FFAFB00B772F3 /* SCSceneGraph.mm */; };
		E0CF52030F6FFAFB00B772F3 /* SCSceneGraphP.h in Headers */ = {isa = PBXBuildFile; fileRef = E0CF51CA0F6FFAFB00B772F3 /* SCSceneGraphP.h */; };
		E0CF52040F6FFAFB00B772F3 /* SCUtil.h in Headers */ = {isa = PBXBuildFile; fileRef = E0CF51CB0F6FFAFB00B772F3 /* SCUtil.h */; };
		E0CF52050F6FFAFB00B772F3 /* SCView.h in Headers */ = {isa = PBXBuildFile; fileRef = E0CF51CC0F6FFAFB00B772F3 /* SCView.h */; settings = {ATTRIBUTES = (Public, ); }; };
		E0CF52060F6FFAFB00B772F3 /* SCView.mm in Sources */ = {isa = PBXBuildFile; fileRef = E0CF51CD0F6FFAFB00B772F3 /* SCView.mm */; };
		E0CF52070F6FFAFB00B772F3 /* SCViewP.h in Headers */ = {isa = PBXBuildFile; fileRef = E0CF51CE0F6FFAFB00B772F3 /* SCViewP.h */; };
		E0CF52400F6FFF6900B772F3 /* Inventor.framework in Frameworks */ = {isa = PBXBuildFile; fileRef = E0CF523F0F6FFF6900B772F3 /* Inventor.framework */; };
		E0CF52430F6FFF8700B772F3 /* OpenGL.framework in Frameworks */ = {isa = PBXBuildFile; fileRef = E0CF52420F6FFF8700B772F3 /* OpenGL.framework */; };
		E0E7CD220F80D377007F289A /* SCCoinHandler.classdescription in Resources */ = {isa = PBXBuildFile; fileRef = E0E7CD210F80D377007F289A /* SCCoinHandler.classdescription */; };
		E0E7CDA80F80DF67007F289A /* Sc21.ibplugin in CopyFiles */ = {isa = PBXBuildFile; fileRef = E09FCE3A0F754BF200EB758F /* Sc21.ibplugin */; };
/* End PBXBuildFile section */

/* Begin PBXContainerItemProxy section */
		E09FCE3F0F754BFF00EB758F /* PBXContainerItemProxy */ = {
			isa = PBXContainerItemProxy;
			containerPortal = 0867D690FE84028FC02AAC07 /* Project object */;
			proxyType = 1;
			remoteGlobalIDString = 8DC2EF4F0486A6940098B216;
			remoteInfo = Sc21;
		};
		E0E8169C0F7D053500723D30 /* PBXContainerItemProxy */ = {
			isa = PBXContainerItemProxy;
			containerPortal = 0867D690FE84028FC02AAC07 /* Project object */;
			proxyType = 1;
			remoteGlobalIDString = 8DC2EF4F0486A6940098B216;
			remoteInfo = Sc21;
		};
		E0E817340F7D102000723D30 /* PBXContainerItemProxy */ = {
			isa = PBXContainerItemProxy;
			containerPortal = 0867D690FE84028FC02AAC07 /* Project object */;
			proxyType = 1;
			remoteGlobalIDString = E0E816870F7D043B00723D30;
			remoteInfo = "Sc21 examples";
		};
		E0E817700F7D17BA00723D30 /* PBXContainerItemProxy */ = {
			isa = PBXContainerItemProxy;
			containerPortal = 0867D690FE84028FC02AAC07 /* Project object */;
			proxyType = 1;
			remoteGlobalIDString = E0B975A70F7C15C000F42A50;
			remoteInfo = "Sc21 doc";
		};
		E0E817720F7D17DF00723D30 /* PBXContainerItemProxy */ = {
			isa = PBXContainerItemProxy;
			containerPortal = 0867D690FE84028FC02AAC07 /* Project object */;
			proxyType = 1;
			remoteGlobalIDString = E0E816980F7D052900723D30;
			remoteInfo = "Sc21 framework pkg";
		};
		E0E817740F7D17DF00723D30 /* PBXContainerItemProxy */ = {
			isa = PBXContainerItemProxy;
			containerPortal = 0867D690FE84028FC02AAC07 /* Project object */;
			proxyType = 1;
			remoteGlobalIDString = E0E8172F0F7D0FF000723D30;
			remoteInfo = "Sc21 examples pkg";
		};
		E0E817760F7D17DF00723D30 /* PBXContainerItemProxy */ = {
			isa = PBXContainerItemProxy;
			containerPortal = 0867D690FE84028FC02AAC07 /* Project object */;
			proxyType = 1;
			remoteGlobalIDString = E0E817670F7D179A00723D30;
			remoteInfo = "Sc21 doc pkg";
		};
/* End PBXContainerItemProxy section */

/* Begin PBXCopyFilesBuildPhase section */
		E0E7CD850F80DEEB007F289A /* CopyFiles */ = {
			isa = PBXCopyFilesBuildPhase;
			buildActionMask = 2147483647;
			dstPath = Sc21.framework/Resources;
			dstSubfolderSpec = 16;
			files = (
				E0E7CDA80F80DF67007F289A /* Sc21.ibplugin in CopyFiles */,
			);
			runOnlyForDeploymentPostprocessing = 0;
		};
/* End PBXCopyFilesBuildPhase section */

/* Begin PBXFileReference section */
		0867D69BFE84028FC02AAC07 /* Foundation.framework */ = {isa = PBXFileReference; lastKnownFileType = wrapper.framework; name = Foundation.framework; path = /System/Library/Frameworks/Foundation.framework; sourceTree = "<absolute>"; };
		0867D6A5FE840307C02AAC07 /* AppKit.framework */ = {isa = PBXFileReference; lastKnownFileType = wrapper.framework; name = AppKit.framework; path = /System/Library/Frameworks/AppKit.framework; sourceTree = "<absolute>"; };
		1058C7B1FEA5585E11CA2CBB /* Cocoa.framework */ = {isa = PBXFileReference; lastKnownFileType = wrapper.framework; name = Cocoa.framework; path = /System/Library/Frameworks/Cocoa.framework; sourceTree = "<absolute>"; };
		32DBCF5E0370ADEE00C91783 /* Sc21_Prefix.pch */ = {isa = PBXFileReference; fileEncoding = 4; lastKnownFileType = sourcecode.c.h; name = Sc21_Prefix.pch; path = src/Sc21_Prefix.pch; sourceTree = "<group>"; };
		8DC2EF5A0486A6940098B216 /* Info.plist */ = {isa = PBXFileReference; explicitFileType = text.plist.xml; fileEncoding = 4; name = Info.plist; path = Resources/framework/Info.plist; sourceTree = "<group>"; };
		8DC2EF5B0486A6940098B216 /* Sc21.framework */ = {isa = PBXFileReference; explicitFileType = wrapper.framework; includeInIndex = 0; path = Sc21.framework; sourceTree = BUILT_PRODUCTS_DIR; };
		D2F7E79907B2D74100F64583 /* CoreData.framework */ = {isa = PBXFileReference; lastKnownFileType = wrapper.framework; name = CoreData.framework; path = /System/Library/Frameworks/CoreData.framework; sourceTree = "<absolute>"; };
		E016EA750F7AA69C00678134 /* SCEventHandler.classdescription */ = {isa = PBXFileReference; fileEncoding = 4; lastKnownFileType = text; name = SCEventHandler.classdescription; path = Resources/plugin/SCEventHandler.classdescription; sourceTree = "<group>"; };
		E016EA760F7AA69C00678134 /* SCController.classdescription */ = {isa = PBXFileReference; fileEncoding = 4; lastKnownFileType = text; name = SCController.classdescription; path = Resources/plugin/SCController.classdescription; sourceTree = "<group>"; };
		E016EA770F7AA69C00678134 /* SCExaminerHandler.classdescription */ = {isa = PBXFileReference; fileEncoding = 4; lastKnownFileType = text; name = SCExaminerHandler.classdescription; path = Resources/plugin/SCExaminerHandler.classdescription; sourceTree = "<group>"; };
		E016EA780F7AA69C00678134 /* SCOpenGLView.classdescription */ = {isa = PBXFileReference; fileEncoding = 4; lastKnownFileType = text; name = SCOpenGLView.classdescription; path = Resources/plugin/SCOpenGLView.classdescription; sourceTree = "<group>"; };
		E016EA790F7AA69C00678134 /* SCSceneGraph.classdescription */ = {isa = PBXFileReference; fileEncoding = 4; lastKnownFileType = text; name = SCSceneGraph.classdescription; path = Resources/plugin/SCSceneGraph.classdescription; sourceTree = "<group>"; };
		E016EA7A0F7AA69C00678134 /* SCView.classdescription */ = {isa = PBXFileReference; fileEncoding = 4; lastKnownFileType = text; name = SCView.classdescription; path = Resources/plugin/SCView.classdescription; sourceTree = "<group>"; };
		E016EACB0F7AA9EC00678134 /* SCCoinHandlerIntegration.mm */ = {isa = PBXFileReference; fileEncoding = 4; lastKnownFileType = sourcecode.cpp.objcpp; name = SCCoinHandlerIntegration.mm; path = src/plugin/SCCoinHandlerIntegration.mm; sourceTree = "<group>"; };
		E016EACC0F7AA9EC00678134 /* SCExaminerHandlerIntegration.mm */ = {isa = PBXFileReference; fileEncoding = 4; lastKnownFileType = sourcecode.cpp.objcpp; name = SCExaminerHandlerIntegration.mm; path = src/plugin/SCExaminerHandlerIntegration.mm; sourceTree = "<group>"; };
		E016EACD0F7AA9EC00678134 /* SCSceneGraphIntegration.mm */ = {isa = PBXFileReference; fileEncoding = 4; lastKnownFileType = sourcecode.cpp.objcpp; name = SCSceneGraphIntegration.mm; path = src/plugin/SCSceneGraphIntegration.mm; sourceTree = "<group>"; };
		E016EACE0F7AA9EC00678134 /* SCViewIntegration.mm */ = {isa = PBXFileReference; fileEncoding = 4; lastKnownFileType = sourcecode.cpp.objcpp; name = SCViewIntegration.mm; path = src/plugin/SCViewIntegration.mm; sourceTree = "<group>"; };
		E08121D60F7A60DC00B0CDA9 /* SCControllerIntegration.mm */ = {isa = PBXFileReference; fileEncoding = 4; lastKnownFileType = sourcecode.cpp.objcpp; name = SCControllerIntegration.mm; path = src/plugin/SCControllerIntegration.mm; sourceTree = "<group>"; };
		E08122560F7A679700B0CDA9 /* SCOpenGLViewIntegration.mm */ = {isa = PBXFileReference; fileEncoding = 4; lastKnownFileType = sourcecode.cpp.objcpp; name = SCOpenGLViewIntegration.mm; path = src/plugin/SCOpenGLViewIntegration.mm; sourceTree = "<group>"; };
		E09CB5920F77CFBA0058F0C4 /* Sc21PluginLibrary.xib */ = {isa = PBXFileReference; lastKnownFileType = file.xib; name = Sc21PluginLibrary.xib; path = Resources/plugin/Sc21PluginLibrary.xib; sourceTree = "<group>"; };
		E09CB5A40F77D1580058F0C4 /* SCControllerInspector.h */ = {isa = PBXFileReference; fileEncoding = 4; lastKnownFileType = sourcecode.c.h; name = SCControllerInspector.h; path = src/plugin/SCControllerInspector.h; sourceTree = "<group>"; };
		E09CB5A50F77D1580058F0C4 /* SCControllerInspector.mm */ = {isa = PBXFileReference; fileEncoding = 4; lastKnownFileType = sourcecode.cpp.objcpp; name = SCControllerInspector.mm; path = src/plugin/SCControllerInspector.mm; sourceTree = "<group>"; };
		E09CB5A60F77D1580058F0C4 /* SCExaminerHandlerInspector.h */ = {isa = PBXFileReference; fileEncoding = 4; lastKnownFileType = sourcecode.c.h; name = SCExaminerHandlerInspector.h; path = src/plugin/SCExaminerHandlerInspector.h; sourceTree = "<group>"; };
		E09CB5A70F77D1580058F0C4 /* SCExaminerHandlerInspector.m */ = {isa = PBXFileReference; fileEncoding = 4; lastKnownFileType = sourcecode.c.objc; name = SCExaminerHandlerInspector.m; path = src/plugin/SCExaminerHandlerInspector.m; sourceTree = "<group>"; };
		E09CB5A80F77D1580058F0C4 /* SCOpenGLViewInspector.h */ = {isa = PBXFileReference; fileEncoding = 4; lastKnownFileType = sourcecode.c.h; name = SCOpenGLViewInspector.h; path = src/plugin/SCOpenGLViewInspector.h; sourceTree = "<group>"; };
		E09CB5A90F77D1580058F0C4 /* SCOpenGLViewInspector.mm */ = {isa = PBXFileReference; fileEncoding = 4; lastKnownFileType = sourcecode.cpp.objcpp; name = SCOpenGLViewInspector.mm; path = src/plugin/SCOpenGLViewInspector.mm; sourceTree = "<group>"; };
		E09CB5AA0F77D1580058F0C4 /* SCSceneGraphInspector.h */ = {isa = PBXFileReference; fileEncoding = 4; lastKnownFileType = sourcecode.c.h; name = SCSceneGraphInspector.h; path = src/plugin/SCSceneGraphInspector.h; sourceTree = "<group>"; };
		E09CB5AB0F77D1580058F0C4 /* SCSceneGraphInspector.mm */ = {isa = PBXFileReference; fileEncoding = 4; lastKnownFileType = sourcecode.cpp.objcpp; name = SCSceneGraphInspector.mm; path = src/plugin/SCSceneGraphInspector.mm; sourceTree = "<group>"; };
		E09FCE3A0F754BF200EB758F /* Sc21.ibplugin */ = {isa = PBXFileReference; explicitFileType = wrapper.cfbundle; includeInIndex = 0; path = Sc21.ibplugin; sourceTree = BUILT_PRODUCTS_DIR; };
		E09FCE410F754C3900EB758F /* InterfaceBuilderKit.framework */ = {isa = PBXFileReference; lastKnownFileType = wrapper.framework; name = InterfaceBuilderKit.framework; path = Library/Frameworks/InterfaceBuilderKit.framework; sourceTree = DEVELOPER_DIR; };
		E09FCE440F754C5600EB758F /* Cocoa.framework */ = {isa = PBXFileReference; lastKnownFileType = wrapper.framework; name = Cocoa.framework; path = System/Library/Frameworks/Cocoa.framework; sourceTree = SDKROOT; };
		E09FCE4D0F754ED400EB758F /* Sc21Plugin.h */ = {isa = PBXFileReference; fileEncoding = 4; lastKnownFileType = sourcecode.c.h; name = Sc21Plugin.h; path = src/plugin/Sc21Plugin.h; sourceTree = "<group>"; };
		E09FCE4E0F754ED400EB758F /* Sc21Plugin.m */ = {isa = PBXFileReference; fileEncoding = 4; lastKnownFileType = sourcecode.c.objc; name = Sc21Plugin.m; path = src/plugin/Sc21Plugin.m; sourceTree = "<group>"; };
		E09FCE800F75547C00EB758F /* InspectorError.tiff */ = {isa = PBXFileReference; lastKnownFileType = image.tiff; name = InspectorError.tiff; path = Resources/plugin/InspectorError.tiff; sourceTree = "<group>"; };
		E09FCE810F75547C00EB758F /* Sc21Palette.tiff */ = {isa = PBXFileReference; lastKnownFileType = image.tiff; name = Sc21Palette.tiff; path = Resources/plugin/Sc21Palette.tiff; sourceTree = "<group>"; };
		E09FCE820F75547C00EB758F /* SCCoinHandler.tiff */ = {isa = PBXFileReference; lastKnownFileType = image.tiff; name = SCCoinHandler.tiff; path = Resources/plugin/SCCoinHandler.tiff; sourceTree = "<group>"; };
		E09FCE830F75547C00EB758F /* SCController.tiff */ = {isa = PBXFileReference; lastKnownFileType = image.tiff; name = SCController.tiff; path = Resources/plugin/SCController.tiff; sourceTree = "<group>"; };
		E09FCE840F75547C00EB758F /* SCExaminerHandler.tiff */ = {isa = PBXFileReference; lastKnownFileType = image.tiff; name = SCExaminerHandler.tiff; path = Resources/plugin/SCExaminerHandler.tiff; sourceTree = "<group>"; };
		E09FCE850F75547C00EB758F /* SCSceneGraph.tiff */ = {isa = PBXFileReference; lastKnownFileType = image.tiff; name = SCSceneGraph.tiff; path = Resources/plugin/SCSceneGraph.tiff; sourceTree = "<group>"; };
		E09FCE860F75547C00EB758F /* SCView.tiff */ = {isa = PBXFileReference; lastKnownFileType = image.tiff; name = SCView.tiff; path = Resources/plugin/SCView.tiff; sourceTree = "<group>"; };
		E09FCE870F75547C00EB758F /* SCWalkHandler.tiff */ = {isa = PBXFileReference; lastKnownFileType = image.tiff; name = SCWalkHandler.tiff; path = Resources/plugin/SCWalkHandler.tiff; sourceTree = "<group>"; };
		E09FCE990F75569A00EB758F /* SCControllerInspector.xib */ = {isa = PBXFileReference; lastKnownFileType = file.xib; name = SCControllerInspector.xib; path = Resources/plugin/SCControllerInspector.xib; sourceTree = "<group>"; };
		E09FCE9C0F7556B900EB758F /* SCOpenGLViewInspector.xib */ = {isa = PBXFileReference; lastKnownFileType = file.xib; name = SCOpenGLViewInspector.xib; path = Resources/plugin/SCOpenGLViewInspector.xib; sourceTree = "<group>"; };
		E09FCE9F0F7556E500EB758F /* SCSceneGraphInspector.xib */ = {isa = PBXFileReference; lastKnownFileType = file.xib; name = SCSceneGraphInspector.xib; path = Resources/plugin/SCSceneGraphInspector.xib; sourceTree = "<group>"; };
		E09FCEA20F75570C00EB758F /* SCExaminerHandlerInspector.xib */ = {isa = PBXFileReference; lastKnownFileType = file.xib; name = SCExaminerHandlerInspector.xib; path = Resources/plugin/SCExaminerHandlerInspector.xib; sourceTree = "<group>"; };
		E09FCEEE0F755A1B00EB758F /* Info.plist */ = {isa = PBXFileReference; fileEncoding = 4; lastKnownFileType = text.plist.xml; name = Info.plist; path = Resources/plugin/Info.plist; sourceTree = "<group>"; };
		E0A7A06F0FA1FCFD00FCAD39 /* curs_pan.tiff */ = {isa = PBXFileReference; lastKnownFileType = image.tiff; name = curs_pan.tiff; path = Resources/framework/curs_pan.tiff; sourceTree = "<group>"; };
		E0A7A0700FA1FCFD00FCAD39 /* curs_rotate.tiff */ = {isa = PBXFileReference; lastKnownFileType = image.tiff; name = curs_rotate.tiff; path = Resources/framework/curs_rotate.tiff; sourceTree = "<group>"; };
		E0A7A0710FA1FCFD00FCAD39 /* curs_zoom.tiff */ = {isa = PBXFileReference; lastKnownFileType = image.tiff; name = curs_zoom.tiff; path = Resources/framework/curs_zoom.tiff; sourceTree = "<group>"; };
		E0A7A0720FA1FCFD00FCAD39 /* version.plist */ = {isa = PBXFileReference; fileEncoding = 4; lastKnownFileType = text.plist.xml; name = version.plist; path = Resources/framework/version.plist; sourceTree = "<group>"; };
		E0CF51960F6FFAFB00B772F3 /* SCEmulator.h */ = {isa = PBXFileReference; fileEncoding = 4; lastKnownFileType = sourcecode.c.h; name = SCEmulator.h; path = src/SCEmulator.h; sourceTree = "<group>"; };
		E0CF51970F6FFAFB00B772F3 /* SCEmulator.m */ = {isa = PBXFileReference; fileEncoding = 4; lastKnownFileType = sourcecode.c.objc; name = SCEmulator.m; path = src/SCEmulator.m; sourceTree = "<group>"; };
		E0CF51980F6FFAFB00B772F3 /* SCEventConverter.h */ = {isa = PBXFileReference; fileEncoding = 4; lastKnownFileType = sourcecode.c.h; name = SCEventConverter.h; path = src/SCEventConverter.h; sourceTree = "<group>"; };
		E0CF51990F6FFAFB00B772F3 /* SCEventConverter.mm */ = {isa = PBXFileReference; fileEncoding = 4; lastKnownFileType = sourcecode.cpp.objcpp; name = SCEventConverter.mm; path = src/SCEventConverter.mm; sourceTree = "<group>"; };
		E0CF519A0F6FFAFB00B772F3 /* SCInternalDefines.h */ = {isa = PBXFileReference; fileEncoding = 4; lastKnownFileType = sourcecode.c.h; name = SCInternalDefines.h; path = src/SCInternalDefines.h; sourceTree = "<group>"; };
		E0CF519B0F6FFAFB00B772F3 /* SCMode.h */ = {isa = PBXFileReference; fileEncoding = 4; lastKnownFileType = sourcecode.c.h; name = SCMode.h; path = src/SCMode.h; sourceTree = "<group>"; };
		E0CF519C0F6FFAFB00B772F3 /* SCMode.m */ = {isa = PBXFileReference; fileEncoding = 4; lastKnownFileType = sourcecode.c.objc; name = SCMode.m; path = src/SCMode.m; sourceTree = "<group>"; };
		E0CF519D0F6FFAFB00B772F3 /* SCMouseLog.h */ = {isa = PBXFileReference; fileEncoding = 4; lastKnownFileType = sourcecode.c.h; name = SCMouseLog.h; path = src/SCMouseLog.h; sourceTree = "<group>"; };
		E0CF519E0F6FFAFB00B772F3 /* SCMouseLog.m */ = {isa = PBXFileReference; fileEncoding = 4; lastKnownFileType = sourcecode.c.objc; name = SCMouseLog.m; path = src/SCMouseLog.m; sourceTree = "<group>"; };
		E0CF519F0F6FFAFB00B772F3 /* SCOffscreenRenderer.h */ = {isa = PBXFileReference; fileEncoding = 4; lastKnownFileType = sourcecode.c.h; name = SCOffscreenRenderer.h; path = src/SCOffscreenRenderer.h; sourceTree = "<group>"; };
		E0CF51A00F6FFAFB00B772F3 /* SCOffscreenRenderer.mm */ = {isa = PBXFileReference; fileEncoding = 4; lastKnownFileType = sourcecode.cpp.objcpp; name = SCOffscreenRenderer.mm; path = src/SCOffscreenRenderer.mm; sourceTree = "<group>"; };
		E0CF51A10F6FFAFB00B772F3 /* SCPanMode.h */ = {isa = PBXFileReference; fileEncoding = 4; lastKnownFileType = sourcecode.c.h; name = SCPanMode.h; path = src/SCPanMode.h; sourceTree = "<group>"; };
		E0CF51A20F6FFAFB00B772F3 /* SCPanMode.mm */ = {isa = PBXFileReference; fileEncoding = 4; lastKnownFileType = sourcecode.cpp.objcpp; name = SCPanMode.mm; path = src/SCPanMode.mm; sourceTree = "<group>"; };
		E0CF51A30F6FFAFB00B772F3 /* SCRotateMode.h */ = {isa = PBXFileReference; fileEncoding = 4; lastKnownFileType = sourcecode.c.h; name = SCRotateMode.h; path = src/SCRotateMode.h; sourceTree = "<group>"; };
		E0CF51A40F6FFAFB00B772F3 /* SCRotateMode.mm */ = {isa = PBXFileReference; fileEncoding = 4; lastKnownFileType = sourcecode.cpp.objcpp; name = SCRotateMode.mm; path = src/SCRotateMode.mm; sourceTree = "<group>"; };
		E0CF51A50F6FFAFB00B772F3 /* SCSpinMode.h */ = {isa = PBXFileReference; fileEncoding = 4; lastKnownFileType = sourcecode.c.h; name = SCSpinMode.h; path = src/SCSpinMode.h; sourceTree = "<group>"; };
		E0CF51A60F6FFAFB00B772F3 /* SCSpinMode.mm */ = {isa = PBXFileReference; fileEncoding = 4; lastKnownFileType = sourcecode.cpp.objcpp; name = SCSpinMode.mm; path = src/SCSpinMode.mm; sourceTree = "<group>"; };
		E0CF51A70F6FFAFB00B772F3 /* SCTimer.h */ = {isa = PBXFileReference; fileEncoding = 4; lastKnownFileType = sourcecode.c.h; name = SCTimer.h; path = src/SCTimer.h; sourceTree = "<group>"; };
		E0CF51A80F6FFAFB00B772F3 /* SCTimer.m */ = {isa = PBXFileReference; fileEncoding = 4; lastKnownFileType = sourcecode.c.objc; name = SCTimer.m; path = src/SCTimer.m; sourceTree = "<group>"; };
		E0CF51A90F6FFAFB00B772F3 /* SCZoomMode.h */ = {isa = PBXFileReference; fileEncoding = 4; lastKnownFileType = sourcecode.c.h; name = SCZoomMode.h; path = src/SCZoomMode.h; sourceTree = "<group>"; };
		E0CF51AA0F6FFAFB00B772F3 /* SCZoomMode.mm */ = {isa = PBXFileReference; fileEncoding = 4; lastKnownFileType = sourcecode.cpp.objcpp; name = SCZoomMode.mm; path = src/SCZoomMode.mm; sourceTree = "<group>"; };
		E0CF51AB0F6FFAFB00B772F3 /* Sc21.h */ = {isa = PBXFileReference; fileEncoding = 4; lastKnownFileType = sourcecode.c.h; name = Sc21.h; path = src/Sc21.h; sourceTree = "<group>"; };
		E0CF51AC0F6FFAFB00B772F3 /* SCCamera.h */ = {isa = PBXFileReference; fileEncoding = 4; lastKnownFileType = sourcecode.c.h; name = SCCamera.h; path = src/SCCamera.h; sourceTree = "<group>"; };
		E0CF51AD0F6FFAFB00B772F3 /* SCCamera.mm */ = {isa = PBXFileReference; fileEncoding = 4; lastKnownFileType = sourcecode.cpp.objcpp; name = SCCamera.mm; path = src/SCCamera.mm; sourceTree = "<group>"; };
		E0CF51AE0F6FFAFB00B772F3 /* SCCameraP.h */ = {isa = PBXFileReference; fileEncoding = 4; lastKnownFileType = sourcecode.c.h; name = SCCameraP.h; path = src/SCCameraP.h; sourceTree = "<group>"; };
		E0CF51AF0F6FFAFB00B772F3 /* SCCoinHandler.h */ = {isa = PBXFileReference; fileEncoding = 4; lastKnownFileType = sourcecode.c.h; name = SCCoinHandler.h; path = src/SCCoinHandler.h; sourceTree = "<group>"; };
		E0CF51B00F6FFAFB00B772F3 /* SCCoinHandler.mm */ = {isa = PBXFileReference; fileEncoding = 4; lastKnownFileType = sourcecode.cpp.objcpp; name = SCCoinHandler.mm; path = src/SCCoinHandler.mm; sourceTree = "<group>"; };
		E0CF51B10F6FFAFB00B772F3 /* SCCoinHandlerP.h */ = {isa = PBXFileReference; fileEncoding = 4; lastKnownFileType = sourcecode.c.h; name = SCCoinHandlerP.h; path = src/SCCoinHandlerP.h; sourceTree = "<group>"; };
		E0CF51B20F6FFAFB00B772F3 /* SCController.h */ = {isa = PBXFileReference; fileEncoding = 4; lastKnownFileType = sourcecode.c.h; name = SCController.h; path = src/SCController.h; sourceTree = "<group>"; };
		E0CF51B30F6FFAFB00B772F3 /* SCController.mm */ = {isa = PBXFileReference; fileEncoding = 4; lastKnownFileType = sourcecode.cpp.objcpp; name = SCController.mm; path = src/SCController.mm; sourceTree = "<group>"; };
		E0CF51B40F6FFAFB00B772F3 /* SCControllerP.h */ = {isa = PBXFileReference; fileEncoding = 4; lastKnownFileType = sourcecode.c.h; name = SCControllerP.h; path = src/SCControllerP.h; sourceTree = "<group>"; };
		E0CF51B50F6FFAFB00B772F3 /* SCCursors.h */ = {isa = PBXFileReference; fileEncoding = 4; lastKnownFileType = sourcecode.c.h; name = SCCursors.h; path = src/SCCursors.h; sourceTree = "<group>"; };
		E0CF51B60F6FFAFB00B772F3 /* SCCursors.m */ = {isa = PBXFileReference; fileEncoding = 4; lastKnownFileType = sourcecode.c.objc; name = SCCursors.m; path = src/SCCursors.m; sourceTree = "<group>"; };
		E0CF51B70F6FFAFB00B772F3 /* SCDebug.h */ = {isa = PBXFileReference; fileEncoding = 4; lastKnownFileType = sourcecode.c.h; name = SCDebug.h; path = src/SCDebug.h; sourceTree = "<group>"; };
		E0CF51B80F6FFAFB00B772F3 /* SCDebug.mm */ = {isa = PBXFileReference; fileEncoding = 4; lastKnownFileType = sourcecode.cpp.objcpp; name = SCDebug.mm; path = src/SCDebug.mm; sourceTree = "<group>"; };
		E0CF51B90F6FFAFB00B772F3 /* SCDefines.h */ = {isa = PBXFileReference; fileEncoding = 4; lastKnownFileType = sourcecode.c.h; name = SCDefines.h; path = src/SCDefines.h; sourceTree = "<group>"; };
		E0CF51BA0F6FFAFB00B772F3 /* SCDrawable.h */ = {isa = PBXFileReference; fileEncoding = 4; lastKnownFileType = sourcecode.c.h; name = SCDrawable.h; path = src/SCDrawable.h; sourceTree = "<group>"; };
		E0CF51BB0F6FFAFB00B772F3 /* SCDrawable.mdoc */ = {isa = PBXFileReference; fileEncoding = 4; lastKnownFileType = text; name = SCDrawable.mdoc; path = src/SCDrawable.mdoc; sourceTree = "<group>"; };
		E0CF51BC0F6FFAFB00B772F3 /* SCEventHandler.h */ = {isa = PBXFileReference; fileEncoding = 4; lastKnownFileType = sourcecode.c.h; name = SCEventHandler.h; path = src/SCEventHandler.h; sourceTree = "<group>"; };
		E0CF51BD0F6FFAFB00B772F3 /* SCEventHandler.mm */ = {isa = PBXFileReference; fileEncoding = 4; lastKnownFileType = sourcecode.cpp.objcpp; name = SCEventHandler.mm; path = src/SCEventHandler.mm; sourceTree = "<group>"; };
		E0CF51BE0F6FFAFB00B772F3 /* SCEventHandlerP.h */ = {isa = PBXFileReference; fileEncoding = 4; lastKnownFileType = sourcecode.c.h; name = SCEventHandlerP.h; path = src/SCEventHandlerP.h; sourceTree = "<group>"; };
		E0CF51BF0F6FFAFB00B772F3 /* SCExaminerHandler.h */ = {isa = PBXFileReference; fileEncoding = 4; lastKnownFileType = sourcecode.c.h; name = SCExaminerHandler.h; path = src/SCExaminerHandler.h; sourceTree = "<group>"; };
		E0CF51C00F6FFAFB00B772F3 /* SCExaminerHandler.mm */ = {isa = PBXFileReference; fileEncoding = 4; lastKnownFileType = sourcecode.cpp.objcpp; name = SCExaminerHandler.mm; path = src/SCExaminerHandler.mm; sourceTree = "<group>"; };
		E0CF51C10F6FFAFB00B772F3 /* SCExaminerHandlerP.h */ = {isa = PBXFileReference; fileEncoding = 4; lastKnownFileType = sourcecode.c.h; name = SCExaminerHandlerP.h; path = src/SCExaminerHandlerP.h; sourceTree = "<group>"; };
		E0CF51C20F6FFAFB00B772F3 /* SCExterns.m */ = {isa = PBXFileReference; fileEncoding = 4; lastKnownFileType = sourcecode.c.objc; name = SCExterns.m; path = src/SCExterns.m; sourceTree = "<group>"; };
		E0CF51C30F6FFAFB00B772F3 /* SCOpenGLPixelFormat.h */ = {isa = PBXFileReference; fileEncoding = 4; lastKnownFileType = sourcecode.c.h; name = SCOpenGLPixelFormat.h; path = src/SCOpenGLPixelFormat.h; sourceTree = "<group>"; };
		E0CF51C40F6FFAFB00B772F3 /* SCOpenGLPixelFormat.m */ = {isa = PBXFileReference; fileEncoding = 4; lastKnownFileType = sourcecode.c.objc; name = SCOpenGLPixelFormat.m; path = src/SCOpenGLPixelFormat.m; sourceTree = "<group>"; };
		E0CF51C50F6FFAFB00B772F3 /* SCOpenGLView.h */ = {isa = PBXFileReference; fileEncoding = 4; lastKnownFileType = sourcecode.c.h; name = SCOpenGLView.h; path = src/SCOpenGLView.h; sourceTree = "<group>"; };
		E0CF51C60F6FFAFB00B772F3 /* SCOpenGLView.m */ = {isa = PBXFileReference; fileEncoding = 4; lastKnownFileType = sourcecode.c.objc; name = SCOpenGLView.m; path = src/SCOpenGLView.m; sourceTree = "<group>"; };
		E0CF51C70F6FFAFB00B772F3 /* SCOpenGLViewP.h */ = {isa = PBXFileReference; fileEncoding = 4; lastKnownFileType = sourcecode.c.h; name = SCOpenGLViewP.h; path = src/SCOpenGLViewP.h; sourceTree = "<group>"; };
		E0CF51C80F6FFAFB00B772F3 /* SCSceneGraph.h */ = {isa = PBXFileReference; fileEncoding = 4; lastKnownFileType = sourcecode.c.h; name = SCSceneGraph.h; path = src/SCSceneGraph.h; sourceTree = "<group>"; };
		E0CF51C90F6FFAFB00B772F3 /* SCSceneGraph.mm */ = {isa = PBXFileReference; fileEncoding = 4; lastKnownFileType = sourcecode.cpp.objcpp; name = SCSceneGraph.mm; path = src/SCSceneGraph.mm; sourceTree = "<group>"; };
		E0CF51CA0F6FFAFB00B772F3 /* SCSceneGraphP.h */ = {isa = PBXFileReference; fileEncoding = 4; lastKnownFileType = sourcecode.c.h; name = SCSceneGraphP.h; path = src/SCSceneGraphP.h; sourceTree = "<group>"; };
		E0CF51CB0F6FFAFB00B772F3 /* SCUtil.h */ = {isa = PBXFileReference; fileEncoding = 4; lastKnownFileType = sourcecode.c.h; name = SCUtil.h; path = src/SCUtil.h; sourceTree = "<group>"; };
		E0CF51CC0F6FFAFB00B772F3 /* SCView.h */ = {isa = PBXFileReference; fileEncoding = 4; lastKnownFileType = sourcecode.c.h; name = SCView.h; path = src/SCView.h; sourceTree = "<group>"; };
		E0CF51CD0F6FFAFB00B772F3 /* SCView.mm */ = {isa = PBXFileReference; fileEncoding = 4; lastKnownFileType = sourcecode.cpp.objcpp; name = SCView.mm; path = src/SCView.mm; sourceTree = "<group>"; };
		E0CF51CE0F6FFAFB00B772F3 /* SCViewP.h */ = {isa = PBXFileReference; fileEncoding = 4; lastKnownFileType = sourcecode.c.h; name = SCViewP.h; path = src/SCViewP.h; sourceTree = "<group>"; };
		E0CF523F0F6FFF6900B772F3 /* Inventor.framework */ = {isa = PBXFileReference; lastKnownFileType = wrapper.framework; name = Inventor.framework; path = /Library/Frameworks/Inventor.framework; sourceTree = "<absolute>"; };
		E0CF52420F6FFF8700B772F3 /* OpenGL.framework */ = {isa = PBXFileReference; lastKnownFileType = wrapper.framework; name = OpenGL.framework; path = /System/Library/Frameworks/OpenGL.framework; sourceTree = "<absolute>"; };
		E0E7CD210F80D377007F289A /* SCCoinHandler.classdescription */ = {isa = PBXFileReference; fileEncoding = 4; lastKnownFileType = text; name = SCCoinHandler.classdescription; path = Resources/plugin/SCCoinHandler.classdescription; sourceTree = "<group>"; };
/* End PBXFileReference section */

/* Begin PBXFrameworksBuildPhase section */
		8DC2EF560486A6940098B216 /* Frameworks */ = {
			isa = PBXFrameworksBuildPhase;
			buildActionMask = 2147483647;
			files = (
				8DC2EF570486A6940098B216 /* Cocoa.framework in Frameworks */,
				E0CF52400F6FFF6900B772F3 /* Inventor.framework in Frameworks */,
				E0CF52430F6FFF8700B772F3 /* OpenGL.framework in Frameworks */,
			);
			runOnlyForDeploymentPostprocessing = 0;
		};
		E09FCE380F754BF200EB758F /* Frameworks */ = {
			isa = PBXFrameworksBuildPhase;
			buildActionMask = 2147483647;
			files = (
				E09FCE420F754C3900EB758F /* InterfaceBuilderKit.framework in Frameworks */,
				E09FCE450F754C5600EB758F /* Cocoa.framework in Frameworks */,
				E09FCEFA0F7560A200EB758F /* Sc21.framework in Frameworks */,
			);
			runOnlyForDeploymentPostprocessing = 0;
		};
/* End PBXFrameworksBuildPhase section */

/* Begin PBXGroup section */
		034768DFFF38A50411DB9C8B /* Products */ = {
			isa = PBXGroup;
			children = (
				8DC2EF5B0486A6940098B216 /* Sc21.framework */,
				E09FCE3A0F754BF200EB758F /* Sc21.ibplugin */,
			);
			name = Products;
			sourceTree = "<group>";
		};
		0867D691FE84028FC02AAC07 /* Sc21 */ = {
			isa = PBXGroup;
			children = (
				E0D16FAE0F7AAFC8007EE18E /* Framework */,
				E09FCE250F754B1C00EB758F /* Plugin */,
				0867D69AFE84028FC02AAC07 /* External Frameworks and Libraries */,
				034768DFFF38A50411DB9C8B /* Products */,
				E09FCE440F754C5600EB758F /* Cocoa.framework */,
			);
			name = Sc21;
			sourceTree = "<group>";
		};
		0867D69AFE84028FC02AAC07 /* External Frameworks and Libraries */ = {
			isa = PBXGroup;
			children = (
				1058C7B0FEA5585E11CA2CBB /* Linked Frameworks */,
				1058C7B2FEA5585E11CA2CBB /* Other Frameworks */,
			);
			name = "External Frameworks and Libraries";
			sourceTree = "<group>";
		};
		089C1665FE841158C02AAC07 /* Resources */ = {
			isa = PBXGroup;
			children = (
				E0A7A06F0FA1FCFD00FCAD39 /* curs_pan.tiff */,
				E0A7A0700FA1FCFD00FCAD39 /* curs_rotate.tiff */,
				E0A7A0710FA1FCFD00FCAD39 /* curs_zoom.tiff */,
				E0A7A0720FA1FCFD00FCAD39 /* version.plist */,
				8DC2EF5A0486A6940098B216 /* Info.plist */,
			);
			name = Resources;
			sourceTree = "<group>";
		};
		08FB77AEFE84172EC02AAC07 /* Classes */ = {
			isa = PBXGroup;
			children = (
				E0CF51950F6FFAFB00B772F3 /* private classes */,
				E0CF51AB0F6FFAFB00B772F3 /* Sc21.h */,
				E0CF51AC0F6FFAFB00B772F3 /* SCCamera.h */,
				E0CF51AD0F6FFAFB00B772F3 /* SCCamera.mm */,
				E0CF51AE0F6FFAFB00B772F3 /* SCCameraP.h */,
				E0CF51AF0F6FFAFB00B772F3 /* SCCoinHandler.h */,
				E0CF51B00F6FFAFB00B772F3 /* SCCoinHandler.mm */,
				E0CF51B10F6FFAFB00B772F3 /* SCCoinHandlerP.h */,
				E0CF51B20F6FFAFB00B772F3 /* SCController.h */,
				E0CF51B30F6FFAFB00B772F3 /* SCController.mm */,
				E0CF51B40F6FFAFB00B772F3 /* SCControllerP.h */,
				E0CF51B50F6FFAFB00B772F3 /* SCCursors.h */,
				E0CF51B60F6FFAFB00B772F3 /* SCCursors.m */,
				E0CF51B70F6FFAFB00B772F3 /* SCDebug.h */,
				E0CF51B80F6FFAFB00B772F3 /* SCDebug.mm */,
				E0CF51B90F6FFAFB00B772F3 /* SCDefines.h */,
				E0CF51BA0F6FFAFB00B772F3 /* SCDrawable.h */,
				E0CF51BB0F6FFAFB00B772F3 /* SCDrawable.mdoc */,
				E0CF51BC0F6FFAFB00B772F3 /* SCEventHandler.h */,
				E0CF51BD0F6FFAFB00B772F3 /* SCEventHandler.mm */,
				E0CF51BE0F6FFAFB00B772F3 /* SCEventHandlerP.h */,
				E0CF51BF0F6FFAFB00B772F3 /* SCExaminerHandler.h */,
				E0CF51C00F6FFAFB00B772F3 /* SCExaminerHandler.mm */,
				E0CF51C10F6FFAFB00B772F3 /* SCExaminerHandlerP.h */,
				E0CF51C20F6FFAFB00B772F3 /* SCExterns.m */,
				E0CF51C30F6FFAFB00B772F3 /* SCOpenGLPixelFormat.h */,
				E0CF51C40F6FFAFB00B772F3 /* SCOpenGLPixelFormat.m */,
				E0CF51C50F6FFAFB00B772F3 /* SCOpenGLView.h */,
				E0CF51C60F6FFAFB00B772F3 /* SCOpenGLView.m */,
				E0CF51C70F6FFAFB00B772F3 /* SCOpenGLViewP.h */,
				E0CF51C80F6FFAFB00B772F3 /* SCSceneGraph.h */,
				E0CF51C90F6FFAFB00B772F3 /* SCSceneGraph.mm */,
				E0CF51CA0F6FFAFB00B772F3 /* SCSceneGraphP.h */,
				E0CF51CB0F6FFAFB00B772F3 /* SCUtil.h */,
				E0CF51CC0F6FFAFB00B772F3 /* SCView.h */,
				E0CF51CD0F6FFAFB00B772F3 /* SCView.mm */,
				E0CF51CE0F6FFAFB00B772F3 /* SCViewP.h */,
			);
			name = Classes;
			sourceTree = "<group>";
		};
		1058C7B0FEA5585E11CA2CBB /* Linked Frameworks */ = {
			isa = PBXGroup;
			children = (
				E0CF52420F6FFF8700B772F3 /* OpenGL.framework */,
				E0CF523F0F6FFF6900B772F3 /* Inventor.framework */,
				1058C7B1FEA5585E11CA2CBB /* Cocoa.framework */,
				E09FCE410F754C3900EB758F /* InterfaceBuilderKit.framework */,
			);
			name = "Linked Frameworks";
			sourceTree = "<group>";
		};
		1058C7B2FEA5585E11CA2CBB /* Other Frameworks */ = {
			isa = PBXGroup;
			children = (
				0867D6A5FE840307C02AAC07 /* AppKit.framework */,
				D2F7E79907B2D74100F64583 /* CoreData.framework */,
				0867D69BFE84028FC02AAC07 /* Foundation.framework */,
			);
			name = "Other Frameworks";
			sourceTree = "<group>";
		};
		32C88DFF0371C24200C91783 /* Other Sources */ = {
			isa = PBXGroup;
			children = (
				32DBCF5E0370ADEE00C91783 /* Sc21_Prefix.pch */,
			);
			name = "Other Sources";
			sourceTree = "<group>";
		};
		E08121D50F7A608B00B0CDA9 /* Other Sources */ = {
			isa = PBXGroup;
			children = (
				E016EACB0F7AA9EC00678134 /* SCCoinHandlerIntegration.mm */,
				E016EACC0F7AA9EC00678134 /* SCExaminerHandlerIntegration.mm */,
				E016EACD0F7AA9EC00678134 /* SCSceneGraphIntegration.mm */,
				E016EACE0F7AA9EC00678134 /* SCViewIntegration.mm */,
				E08122560F7A679700B0CDA9 /* SCOpenGLViewIntegration.mm */,
				E08121D60F7A60DC00B0CDA9 /* SCControllerIntegration.mm */,
			);
			name = "Other Sources";
			sourceTree = "<group>";
		};
		E09FCE250F754B1C00EB758F /* Plugin */ = {
			isa = PBXGroup;
			children = (
				E09FCE6F0F7550B300EB758F /* Classes */,
				E08121D50F7A608B00B0CDA9 /* Other Sources */,
				E09FCE700F7550BE00EB758F /* Resources */,
			);
			name = Plugin;
			sourceTree = "<group>";
		};
		E09FCE6F0F7550B300EB758F /* Classes */ = {
			isa = PBXGroup;
			children = (
				E09CB5A40F77D1580058F0C4 /* SCControllerInspector.h */,
				E09CB5A50F77D1580058F0C4 /* SCControllerInspector.mm */,
				E09CB5A60F77D1580058F0C4 /* SCExaminerHandlerInspector.h */,
				E09CB5A70F77D1580058F0C4 /* SCExaminerHandlerInspector.m */,
				E09CB5A80F77D1580058F0C4 /* SCOpenGLViewInspector.h */,
				E09CB5A90F77D1580058F0C4 /* SCOpenGLViewInspector.mm */,
				E09CB5AA0F77D1580058F0C4 /* SCSceneGraphInspector.h */,
				E09CB5AB0F77D1580058F0C4 /* SCSceneGraphInspector.mm */,
				E09FCE4D0F754ED400EB758F /* Sc21Plugin.h */,
				E09FCE4E0F754ED400EB758F /* Sc21Plugin.m */,
			);
			name = Classes;
			sourceTree = "<group>";
		};
		E09FCE700F7550BE00EB758F /* Resources */ = {
			isa = PBXGroup;
			children = (
				E09FCEA40F75573100EB758F /* Class Descriptions */,
				E09FCE990F75569A00EB758F /* SCControllerInspector.xib */,
				E09FCE9C0F7556B900EB758F /* SCOpenGLViewInspector.xib */,
				E09FCE9F0F7556E500EB758F /* SCSceneGraphInspector.xib */,
				E09FCEA20F75570C00EB758F /* SCExaminerHandlerInspector.xib */,
				E09CB5920F77CFBA0058F0C4 /* Sc21PluginLibrary.xib */,
				E09FCEEE0F755A1B00EB758F /* Info.plist */,
				E09FCE800F75547C00EB758F /* InspectorError.tiff */,
				E09FCE810F75547C00EB758F /* Sc21Palette.tiff */,
				E09FCE820F75547C00EB758F /* SCCoinHandler.tiff */,
				E09FCE830F75547C00EB758F /* SCController.tiff */,
				E09FCE840F75547C00EB758F /* SCExaminerHandler.tiff */,
				E09FCE850F75547C00EB758F /* SCSceneGraph.tiff */,
				E09FCE860F75547C00EB758F /* SCView.tiff */,
				E09FCE870F75547C00EB758F /* SCWalkHandler.tiff */,
			);
			name = Resources;
			sourceTree = "<group>";
		};
		E09FCEA40F75573100EB758F /* Class Descriptions */ = {
			isa = PBXGroup;
			children = (
				E0E7CD210F80D377007F289A /* SCCoinHandler.classdescription */,
				E016EA750F7AA69C00678134 /* SCEventHandler.classdescription */,
				E016EA760F7AA69C00678134 /* SCController.classdescription */,
				E016EA770F7AA69C00678134 /* SCExaminerHandler.classdescription */,
				E016EA780F7AA69C00678134 /* SCOpenGLView.classdescription */,
				E016EA790F7AA69C00678134 /* SCSceneGraph.classdescription */,
				E016EA7A0F7AA69C00678134 /* SCView.classdescription */,
			);
			name = "Class Descriptions";
			sourceTree = "<group>";
		};
		E0CF51950F6FFAFB00B772F3 /* private classes */ = {
			isa = PBXGroup;
			children = (
				E0CF51960F6FFAFB00B772F3 /* SCEmulator.h */,
				E0CF51970F6FFAFB00B772F3 /* SCEmulator.m */,
				E0CF51980F6FFAFB00B772F3 /* SCEventConverter.h */,
				E0CF51990F6FFAFB00B772F3 /* SCEventConverter.mm */,
				E0CF519A0F6FFAFB00B772F3 /* SCInternalDefines.h */,
				E0CF519B0F6FFAFB00B772F3 /* SCMode.h */,
				E0CF519C0F6FFAFB00B772F3 /* SCMode.m */,
				E0CF519D0F6FFAFB00B772F3 /* SCMouseLog.h */,
				E0CF519E0F6FFAFB00B772F3 /* SCMouseLog.m */,
				E0CF519F0F6FFAFB00B772F3 /* SCOffscreenRenderer.h */,
				E0CF51A00F6FFAFB00B772F3 /* SCOffscreenRenderer.mm */,
				E0CF51A10F6FFAFB00B772F3 /* SCPanMode.h */,
				E0CF51A20F6FFAFB00B772F3 /* SCPanMode.mm */,
				E0CF51A30F6FFAFB00B772F3 /* SCRotateMode.h */,
				E0CF51A40F6FFAFB00B772F3 /* SCRotateMode.mm */,
				E0CF51A50F6FFAFB00B772F3 /* SCSpinMode.h */,
				E0CF51A60F6FFAFB00B772F3 /* SCSpinMode.mm */,
				E0CF51A70F6FFAFB00B772F3 /* SCTimer.h */,
				E0CF51A80F6FFAFB00B772F3 /* SCTimer.m */,
				E0CF51A90F6FFAFB00B772F3 /* SCZoomMode.h */,
				E0CF51AA0F6FFAFB00B772F3 /* SCZoomMode.mm */,
			);
			name = "private classes";
			sourceTree = "<group>";
		};
		E0D16FAE0F7AAFC8007EE18E /* Framework */ = {
			isa = PBXGroup;
			children = (
				08FB77AEFE84172EC02AAC07 /* Classes */,
				32C88DFF0371C24200C91783 /* Other Sources */,
				089C1665FE841158C02AAC07 /* Resources */,
			);
			name = Framework;
			sourceTree = "<group>";
		};
/* End PBXGroup section */

/* Begin PBXHeadersBuildPhase section */
		8DC2EF500486A6940098B216 /* Headers */ = {
			isa = PBXHeadersBuildPhase;
			buildActionMask = 2147483647;
			files = (
				E0CF51CF0F6FFAFB00B772F3 /* SCEmulator.h in Headers */,
				E0CF51D10F6FFAFB00B772F3 /* SCEventConverter.h in Headers */,
				E0CF51D30F6FFAFB00B772F3 /* SCInternalDefines.h in Headers */,
				E0CF51D40F6FFAFB00B772F3 /* SCMode.h in Headers */,
				E0CF51D60F6FFAFB00B772F3 /* SCMouseLog.h in Headers */,
				E0CF51D80F6FFAFB00B772F3 /* SCOffscreenRenderer.h in Headers */,
				E0CF51DA0F6FFAFB00B772F3 /* SCPanMode.h in Headers */,
				E0CF51DC0F6FFAFB00B772F3 /* SCRotateMode.h in Headers */,
				E0CF51DE0F6FFAFB00B772F3 /* SCSpinMode.h in Headers */,
				E0CF51E00F6FFAFB00B772F3 /* SCTimer.h in Headers */,
				E0CF51E20F6FFAFB00B772F3 /* SCZoomMode.h in Headers */,
				E0CF51E40F6FFAFB00B772F3 /* Sc21.h in Headers */,
				E0CF51E50F6FFAFB00B772F3 /* SCCamera.h in Headers */,
				E0CF51E70F6FFAFB00B772F3 /* SCCameraP.h in Headers */,
				E0CF51E80F6FFAFB00B772F3 /* SCCoinHandler.h in Headers */,
				E0CF51EA0F6FFAFB00B772F3 /* SCCoinHandlerP.h in Headers */,
				E0CF51EB0F6FFAFB00B772F3 /* SCController.h in Headers */,
				E0CF51ED0F6FFAFB00B772F3 /* SCControllerP.h in Headers */,
				E0CF51EE0F6FFAFB00B772F3 /* SCCursors.h in Headers */,
				E0CF51F00F6FFAFB00B772F3 /* SCDebug.h in Headers */,
				E0CF51F20F6FFAFB00B772F3 /* SCDefines.h in Headers */,
				E0CF51F30F6FFAFB00B772F3 /* SCDrawable.h in Headers */,
				E0CF51F50F6FFAFB00B772F3 /* SCEventHandler.h in Headers */,
				E0CF51F70F6FFAFB00B772F3 /* SCEventHandlerP.h in Headers */,
				E0CF51F80F6FFAFB00B772F3 /* SCExaminerHandler.h in Headers */,
				E0CF51FA0F6FFAFB00B772F3 /* SCExaminerHandlerP.h in Headers */,
				E0CF51FC0F6FFAFB00B772F3 /* SCOpenGLPixelFormat.h in Headers */,
				E0CF51FE0F6FFAFB00B772F3 /* SCOpenGLView.h in Headers */,
				E0CF52000F6FFAFB00B772F3 /* SCOpenGLViewP.h in Headers */,
				E0CF52010F6FFAFB00B772F3 /* SCSceneGraph.h in Headers */,
				E0CF52030F6FFAFB00B772F3 /* SCSceneGraphP.h in Headers */,
				E0CF52040F6FFAFB00B772F3 /* SCUtil.h in Headers */,
				E0CF52050F6FFAFB00B772F3 /* SCView.h in Headers */,
				E0CF52070F6FFAFB00B772F3 /* SCViewP.h in Headers */,
			);
			runOnlyForDeploymentPostprocessing = 0;
		};
/* End PBXHeadersBuildPhase section */

/* Begin PBXNativeTarget section */
		8DC2EF4F0486A6940098B216 /* Sc21 framework */ = {
			isa = PBXNativeTarget;
			buildConfigurationList = 1DEB91AD08733DA50010E9CD /* Build configuration list for PBXNativeTarget "Sc21 framework" */;
			buildPhases = (
				8DC2EF500486A6940098B216 /* Headers */,
				8DC2EF520486A6940098B216 /* Resources */,
				8DC2EF540486A6940098B216 /* Sources */,
				8DC2EF560486A6940098B216 /* Frameworks */,
			);
			buildRules = (
			);
			dependencies = (
			);
			name = "Sc21 framework";
			productInstallPath = "$(HOME)/Library/Frameworks";
			productName = Sc21;
			productReference = 8DC2EF5B0486A6940098B216 /* Sc21.framework */;
			productType = "com.apple.product-type.framework";
		};
		E09FCE390F754BF200EB758F /* Sc21 plugin */ = {
			isa = PBXNativeTarget;
			buildConfigurationList = E09FCE3E0F754BF300EB758F /* Build configuration list for PBXNativeTarget "Sc21 plugin" */;
			buildPhases = (
				E09FCE360F754BF200EB758F /* Resources */,
				E09FCE370F754BF200EB758F /* Sources */,
				E09FCE380F754BF200EB758F /* Frameworks */,
				E0E7CD850F80DEEB007F289A /* CopyFiles */,
			);
			buildRules = (
			);
			dependencies = (
				E09FCE400F754BFF00EB758F /* PBXTargetDependency */,
			);
			name = "Sc21 plugin";
			productName = Sc21Plugin;
			productReference = E09FCE3A0F754BF200EB758F /* Sc21.ibplugin */;
			productType = "com.apple.product-type.bundle";
		};
/* End PBXNativeTarget section */

/* Begin PBXProject section */
		0867D690FE84028FC02AAC07 /* Project object */ = {
			isa = PBXProject;
			buildConfigurationList = 1DEB91B108733DA50010E9CD /* Build configuration list for PBXProject "Sc21" */;
			compatibilityVersion = "Xcode 3.0";
			hasScannedForEncodings = 1;
			mainGroup = 0867D691FE84028FC02AAC07 /* Sc21 */;
			productRefGroup = 034768DFFF38A50411DB9C8B /* Products */;
			projectDirPath = "";
			projectRoot = "";
			targets = (
				8DC2EF4F0486A6940098B216 /* Sc21 framework */,
				E09FCE390F754BF200EB758F /* Sc21 plugin */,
				E0B975A70F7C15C000F42A50 /* Sc21 doc */,
				E0E816870F7D043B00723D30 /* Sc21 examples */,
				E0E816980F7D052900723D30 /* Sc21 framework pkg */,
				E0E8172F0F7D0FF000723D30 /* Sc21 examples pkg */,
				E0E817670F7D179A00723D30 /* Sc21 doc pkg */,
				E0E8176C0F7D17A400723D30 /* Sc21 meta pkg */,
			);
		};
/* End PBXProject section */

/* Begin PBXResourcesBuildPhase section */
		8DC2EF520486A6940098B216 /* Resources */ = {
			isa = PBXResourcesBuildPhase;
			buildActionMask = 2147483647;
			files = (
				E0CF51F40F6FFAFB00B772F3 /* SCDrawable.mdoc in Resources */,
				E0A7A4300FA1FD5600FCAD39 /* curs_pan.tiff in Resources */,
				E0A7A4310FA1FD5600FCAD39 /* curs_rotate.tiff in Resources */,
				E0A7A4320FA1FD5600FCAD39 /* curs_zoom.tiff in Resources */,
				E0A7A4330FA1FD5600FCAD39 /* version.plist in Resources */,
			);
			runOnlyForDeploymentPostprocessing = 0;
		};
		E09FCE360F754BF200EB758F /* Resources */ = {
			isa = PBXResourcesBuildPhase;
			buildActionMask = 2147483647;
			files = (
				E09FCE880F75547C00EB758F /* InspectorError.tiff in Resources */,
				E09FCE890F75547C00EB758F /* Sc21Palette.tiff in Resources */,
				E09FCE8A0F75547C00EB758F /* SCCoinHandler.tiff in Resources */,
				E09FCE8B0F75547C00EB758F /* SCController.tiff in Resources */,
				E09FCE8C0F75547C00EB758F /* SCExaminerHandler.tiff in Resources */,
				E09FCE8D0F75547C00EB758F /* SCSceneGraph.tiff in Resources */,
				E09FCE8E0F75547C00EB758F /* SCView.tiff in Resources */,
				E09FCE8F0F75547C00EB758F /* SCWalkHandler.tiff in Resources */,
				E09FCE9A0F75569A00EB758F /* SCControllerInspector.xib in Resources */,
				E09FCE9D0F7556B900EB758F /* SCOpenGLViewInspector.xib in Resources */,
				E09FCEA00F7556E500EB758F /* SCSceneGraphInspector.xib in Resources */,
				E09FCEA30F75570C00EB758F /* SCExaminerHandlerInspector.xib in Resources */,
				E09CB5930F77CFBA0058F0C4 /* Sc21PluginLibrary.xib in Resources */,
				E016EA7B0F7AA69C00678134 /* SCEventHandler.classdescription in Resources */,
				E016EA7C0F7AA69C00678134 /* SCController.classdescription in Resources */,
				E016EA7D0F7AA69C00678134 /* SCExaminerHandler.classdescription in Resources */,
				E016EA7E0F7AA69C00678134 /* SCOpenGLView.classdescription in Resources */,
				E016EA7F0F7AA69C00678134 /* SCSceneGraph.classdescription in Resources */,
				E016EA800F7AA69C00678134 /* SCView.classdescription in Resources */,
				E0E7CD220F80D377007F289A /* SCCoinHandler.classdescription in Resources */,
			);
			runOnlyForDeploymentPostprocessing = 0;
		};
/* End PBXResourcesBuildPhase section */

/* Begin PBXShellScriptBuildPhase section */
		E0B975A60F7C15C000F42A50 /* ShellScript */ = {
			isa = PBXShellScriptBuildPhase;
			buildActionMask = 8;
			files = (
			);
			inputPaths = (
			);
			outputPaths = (
			);
			runOnlyForDeploymentPostprocessing = 1;
			shellPath = /bin/sh;
			shellScript = "echo \"Script: Sc21 doc\"\nbin/autodoc -project src -format html -template doc/HTMLTemplate.html -copyright \"Systems in Motion AS\" -destination \"$INSTALL_ROOT$INSTALL_PATH/$PRODUCT_NAME\" -tree -allclasses -force\ncp doc/style.css \"$INSTALL_ROOT$INSTALL_PATH/$PRODUCT_NAME\"\ncp doc/index.html \"$INSTALL_ROOT$INSTALL_PATH/$PRODUCT_NAME\"\nretval=$?\nexit $retval\n";
		};
		E0E816860F7D043B00723D30 /* ShellScript */ = {
			isa = PBXShellScriptBuildPhase;
			buildActionMask = 8;
			files = (
			);
			inputPaths = (
			);
			outputPaths = (
			);
			runOnlyForDeploymentPostprocessing = 1;
			shellPath = /bin/sh;
			shellScript = "echo \"Script: Sc21 examples\"\n$SRCROOT/packaging/scripts/copyexamples.sh\nretval=$?\nexit $retval\n";
		};
		E0E816970F7D052900723D30 /* ShellScript */ = {
			isa = PBXShellScriptBuildPhase;
			buildActionMask = 8;
			files = (
			);
			inputPaths = (
				"$(BUILT_PRODUCTS_DIR)/$(PROJECT_NAME).framework",
			);
			outputPaths = (
				"$(TARGET_BUILD_DIR)/$(PRODUCT_NAME)",
			);
			runOnlyForDeploymentPostprocessing = 1;
			shellPath = /bin/sh;
			shellScript = "echo \"Script: Sc21 framework pkg\"\n$SRCROOT/packaging/scripts/makesc21pkg.sh\nretval=$?\n#\U0013touch $TARGET_BUILD_DIR/$PRODUCT_NAME\nexit $retval\n";
		};
		E0E8172E0F7D0FF000723D30 /* ShellScript */ = {
			isa = PBXShellScriptBuildPhase;
			buildActionMask = 8;
			files = (
			);
			inputPaths = (
			);
			outputPaths = (
				"$(TARGET_BUILD_DIR)/$(PRODUCT_NAME)",
			);
			runOnlyForDeploymentPostprocessing = 1;
			shellPath = /bin/sh;
			shellScript = "echo \"Script: Sc21 examples pkg\"\n$SRCROOT/packaging/scripts/makesc21pkg.sh\nretval=$?\nexit $retval";
		};
		E0E817660F7D179A00723D30 /* ShellScript */ = {
			isa = PBXShellScriptBuildPhase;
			buildActionMask = 8;
			files = (
			);
			inputPaths = (
			);
			outputPaths = (
				"$(TARGET_BUILD_DIR)/$(PRODUCT_NAME)",
			);
			runOnlyForDeploymentPostprocessing = 1;
			shellPath = /bin/sh;
			shellScript = "echo \"Script: Sc21 doc pkg\"\n$SRCROOT/packaging/scripts/makesc21pkg.sh\nretval=$?\nexit $retval";
		};
		E0E8176B0F7D17A400723D30 /* ShellScript */ = {
			isa = PBXShellScriptBuildPhase;
			buildActionMask = 8;
			files = (
			);
			inputPaths = (
			);
			outputPaths = (
				"$(TARGET_BUILD_DIR)/$(PRODUCT_NAME)",
			);
			runOnlyForDeploymentPostprocessing = 1;
			shellPath = /bin/sh;
			shellScript = "echo \"Script: Sc21.mpkg\"\nmkdir -p $DSTROOT/meta\n$SRCROOT/packaging/scripts/makesc21pkg.sh\nretval=$?\n#touch $TARGET_BUILD_DIR/$PRODUCT_NAME\nexit $retval\n";
		};
/* End PBXShellScriptBuildPhase section */

/* Begin PBXSourcesBuildPhase section */
		8DC2EF540486A6940098B216 /* Sources */ = {
			isa = PBXSourcesBuildPhase;
			buildActionMask = 2147483647;
			files = (
				E0CF51D00F6FFAFB00B772F3 /* SCEmulator.m in Sources */,
				E0CF51D20F6FFAFB00B772F3 /* SCEventConverter.mm in Sources */,
				E0CF51D50F6FFAFB00B772F3 /* SCMode.m in Sources */,
				E0CF51D70F6FFAFB00B772F3 /* SCMouseLog.m in Sources */,
				E0CF51D90F6FFAFB00B772F3 /* SCOffscreenRenderer.mm in Sources */,
				E0CF51DB0F6FFAFB00B772F3 /* SCPanMode.mm in Sources */,
				E0CF51DD0F6FFAFB00B772F3 /* SCRotateMode.mm in Sources */,
				E0CF51DF0F6FFAFB00B772F3 /* SCSpinMode.mm in Sources */,
				E0CF51E10F6FFAFB00B772F3 /* SCTimer.m in Sources */,
				E0CF51E30F6FFAFB00B772F3 /* SCZoomMode.mm in Sources */,
				E0CF51E60F6FFAFB00B772F3 /* SCCamera.mm in Sources */,
				E0CF51E90F6FFAFB00B772F3 /* SCCoinHandler.mm in Sources */,
				E0CF51EC0F6FFAFB00B772F3 /* SCController.mm in Sources */,
				E0CF51EF0F6FFAFB00B772F3 /* SCCursors.m in Sources */,
				E0CF51F10F6FFAFB00B772F3 /* SCDebug.mm in Sources */,
				E0CF51F60F6FFAFB00B772F3 /* SCEventHandler.mm in Sources */,
				E0CF51F90F6FFAFB00B772F3 /* SCExaminerHandler.mm in Sources */,
				E0CF51FB0F6FFAFB00B772F3 /* SCExterns.m in Sources */,
				E0CF51FD0F6FFAFB00B772F3 /* SCOpenGLPixelFormat.m in Sources */,
				E0CF51FF0F6FFAFB00B772F3 /* SCOpenGLView.m in Sources */,
				E0CF52020F6FFAFB00B772F3 /* SCSceneGraph.mm in Sources */,
				E0CF52060F6FFAFB00B772F3 /* SCView.mm in Sources */,
			);
			runOnlyForDeploymentPostprocessing = 0;
		};
		E09FCE370F754BF200EB758F /* Sources */ = {
			isa = PBXSourcesBuildPhase;
			buildActionMask = 2147483647;
			files = (
				E09FCE4F0F754ED400EB758F /* Sc21Plugin.m in Sources */,
				E09CB5AC0F77D1580058F0C4 /* SCControllerInspector.mm in Sources */,
				E09CB5AD0F77D1580058F0C4 /* SCExaminerHandlerInspector.m in Sources */,
				E09CB5AE0F77D1580058F0C4 /* SCOpenGLViewInspector.mm in Sources */,
				E09CB5AF0F77D1580058F0C4 /* SCSceneGraphInspector.mm in Sources */,
				E08121D70F7A60DC00B0CDA9 /* SCControllerIntegration.mm in Sources */,
				E08122570F7A679700B0CDA9 /* SCOpenGLViewIntegration.mm in Sources */,
				E016EACF0F7AA9EC00678134 /* SCCoinHandlerIntegration.mm in Sources */,
				E016EAD00F7AA9EC00678134 /* SCExaminerHandlerIntegration.mm in Sources */,
				E016EAD10F7AA9EC00678134 /* SCSceneGraphIntegration.mm in Sources */,
				E016EAD20F7AA9EC00678134 /* SCViewIntegration.mm in Sources */,
			);
			runOnlyForDeploymentPostprocessing = 0;
		};
/* End PBXSourcesBuildPhase section */

/* Begin PBXTargetDependency section */
		E09FCE400F754BFF00EB758F /* PBXTargetDependency */ = {
			isa = PBXTargetDependency;
			target = 8DC2EF4F0486A6940098B216 /* Sc21 framework */;
			targetProxy = E09FCE3F0F754BFF00EB758F /* PBXContainerItemProxy */;
		};
		E0E8169D0F7D053500723D30 /* PBXTargetDependency */ = {
			isa = PBXTargetDependency;
			target = 8DC2EF4F0486A6940098B216 /* Sc21 framework */;
			targetProxy = E0E8169C0F7D053500723D30 /* PBXContainerItemProxy */;
		};
		E0E817350F7D102000723D30 /* PBXTargetDependency */ = {
			isa = PBXTargetDependency;
			target = E0E816870F7D043B00723D30 /* Sc21 examples */;
			targetProxy = E0E817340F7D102000723D30 /* PBXContainerItemProxy */;
		};
		E0E817710F7D17BA00723D30 /* PBXTargetDependency */ = {
			isa = PBXTargetDependency;
			target = E0B975A70F7C15C000F42A50 /* Sc21 doc */;
			targetProxy = E0E817700F7D17BA00723D30 /* PBXContainerItemProxy */;
		};
		E0E817730F7D17DF00723D30 /* PBXTargetDependency */ = {
			isa = PBXTargetDependency;
			target = E0E816980F7D052900723D30 /* Sc21 framework pkg */;
			targetProxy = E0E817720F7D17DF00723D30 /* PBXContainerItemProxy */;
		};
		E0E817750F7D17DF00723D30 /* PBXTargetDependency */ = {
			isa = PBXTargetDependency;
			target = E0E8172F0F7D0FF000723D30 /* Sc21 examples pkg */;
			targetProxy = E0E817740F7D17DF00723D30 /* PBXContainerItemProxy */;
		};
		E0E817770F7D17DF00723D30 /* PBXTargetDependency */ = {
			isa = PBXTargetDependency;
			target = E0E817670F7D179A00723D30 /* Sc21 doc pkg */;
			targetProxy = E0E817760F7D17DF00723D30 /* PBXContainerItemProxy */;
		};
/* End PBXTargetDependency section */

/* Begin XCBuildConfiguration section */
		1DEB91AE08733DA50010E9CD /* Debug */ = {
			isa = XCBuildConfiguration;
			buildSettings = {
				CURRENT_PROJECT_VERSION = 7;
				DYLIB_COMPATIBILITY_VERSION = 7;
				FRAMEWORK_VERSION = A;
				INFOPLIST_FILE = Resources/framework/Info.plist;
				INSTALL_PATH = /Library/Frameworks;
				INSTALL_ROOT = "$(DSTROOT)/framework";
				LD_DYLIB_INSTALL_NAME = "$(EXECUTABLE_PATH)";
				OTHER_LDFLAGS = "-headerpad_max_install_names";
				VERSIONING_SYSTEM = "apple-generic";
				WRAPPER_EXTENSION = framework;
			};
			name = Debug;
		};
		1DEB91AF08733DA50010E9CD /* Release */ = {
			isa = XCBuildConfiguration;
			buildSettings = {
				ALWAYS_SEARCH_USER_PATHS = NO;
				CURRENT_PROJECT_VERSION = 7;
				DYLIB_COMPATIBILITY_VERSION = 7;
				FRAMEWORK_VERSION = A;
				INFOPLIST_FILE = Resources/framework/Info.plist;
				INSTALL_PATH = /Library/Frameworks;
				INSTALL_ROOT = "$(DSTROOT)/framework";
				LD_DYLIB_INSTALL_NAME = "$(EXECUTABLE_PATH)";
				OTHER_LDFLAGS = "-headerpad_max_install_names";
				VERSIONING_SYSTEM = "apple-generic";
				WRAPPER_EXTENSION = framework;
			};
			name = Release;
		};
		1DEB91B208733DA50010E9CD /* Debug */ = {
			isa = XCBuildConfiguration;
			buildSettings = {
				ARCHS = "$(ARCHS_STANDARD_32_BIT_PRE_XCODE_3_1)";
				ARCHS_STANDARD_32_BIT_PRE_XCODE_3_1 = "ppc i386";
				COPY_PHASE_STRIP = NO;
				DEPLOYMENT_LOCATION = YES;
				GCC_C_LANGUAGE_STANDARD = c99;
				GCC_DYNAMIC_NO_PIC = NO;
				GCC_ENABLE_FIX_AND_CONTINUE = YES;
				GCC_OPTIMIZATION_LEVEL = 0;
				GCC_PRECOMPILE_PREFIX_HEADER = YES;
				GCC_PREFIX_HEADER = src/Sc21_Prefix.pch;
				GCC_PREPROCESSOR_DEFINITIONS = SC21_DEBUG;
				GCC_WARN_ABOUT_RETURN_TYPE = YES;
				GCC_WARN_UNUSED_VARIABLE = YES;
				MACOSX_DEPLOYMENT_TARGET = 10.4;
				PREBINDING = NO;
				PRODUCT_NAME = "$(PROJECT_NAME)";
				SDKROOT = "$(DEVELOPER_SDK_DIR)/MacOSX10.5.sdk";
			};
			name = Debug;
		};
		1DEB91B308733DA50010E9CD /* Release */ = {
			isa = XCBuildConfiguration;
			buildSettings = {
				ARCHS = "$(ARCHS_STANDARD_32_BIT_PRE_XCODE_3_1)";
				ARCHS_STANDARD_32_BIT_PRE_XCODE_3_1 = "ppc i386";
				COPY_PHASE_STRIP = YES;
				DEPLOYMENT_LOCATION = YES;
				DEPLOYMENT_POSTPROCESSING = YES;
				GCC_C_LANGUAGE_STANDARD = c99;
				GCC_ENABLE_FIX_AND_CONTINUE = NO;
				GCC_PRECOMPILE_PREFIX_HEADER = YES;
				GCC_PREFIX_HEADER = src/Sc21_Prefix.pch;
				GCC_WARN_ABOUT_RETURN_TYPE = YES;
				GCC_WARN_UNUSED_VARIABLE = YES;
				INSTALL_MODE_FLAG = "u+w,go-w,a+rX";
				MACOSX_DEPLOYMENT_TARGET = 10.4;
				PREBINDING = NO;
				PRODUCT_NAME = "$(PROJECT_NAME)";
				SDKROOT = "$(DEVELOPER_SDK_DIR)/MacOSX10.5.sdk";
			};
			name = Release;
		};
		E09FCE3C0F754BF300EB758F /* Debug */ = {
			isa = XCBuildConfiguration;
			buildSettings = {
				FRAMEWORK_SEARCH_PATHS = (
					"$(inherited)",
					"\"$(DEVELOPER_FRAMEWORKS_DIR)\"",
				);
				INFOPLIST_FILE = Resources/plugin/Info.plist;
				WRAPPER_EXTENSION = ibplugin;
			};
			name = Debug;
		};
		E09FCE3D0F754BF300EB758F /* Release */ = {
			isa = XCBuildConfiguration;
			buildSettings = {
				FRAMEWORK_SEARCH_PATHS = (
					"$(inherited)",
					"\"$(DEVELOPER_FRAMEWORKS_DIR)\"",
				);
				INFOPLIST_FILE = Resources/plugin/Info.plist;
				WRAPPER_EXTENSION = ibplugin;
			};
			name = Release;
		};
		E0B975A80F7C15C100F42A50 /* Debug */ = {
			isa = XCBuildConfiguration;
			buildSettings = {
				INSTALL_PATH = "$(SYSTEM_DEVELOPER_DIR)/Documentation";
				INSTALL_ROOT = "$(DSTROOT)/doc";
				PRODUCT_NAME = "$(PROJECT_NAME)";
			};
			name = Debug;
		};
		E0B975AA0F7C15C100F42A50 /* Release */ = {
			isa = XCBuildConfiguration;
			buildSettings = {
				INSTALL_PATH = "$(SYSTEM_DEVELOPER_DIR)/Documentation";
				INSTALL_ROOT = "$(DSTROOT)/doc";
				PRODUCT_NAME = "$(PROJECT_NAME)";
			};
			name = Release;
		};
		E0E816880F7D043B00723D30 /* Debug */ = {
			isa = XCBuildConfiguration;
			buildSettings = {
				INSTALL_PATH = "$(SYSTEM_DEVELOPER_DIR)/Examples";
				INSTALL_ROOT = "$(DSTROOT)/examples";
				PRODUCT_NAME = "$(PROJECT_NAME)";
			};
			name = Debug;
		};
		E0E8168A0F7D043B00723D30 /* Release */ = {
			isa = XCBuildConfiguration;
			buildSettings = {
				INSTALL_PATH = "$(SYSTEM_DEVELOPER_DIR)/Examples";
				INSTALL_ROOT = "$(DSTROOT)/examples";
				PRODUCT_NAME = "$(PROJECT_NAME)";
			};
			name = Release;
		};
		E0E816990F7D052A00723D30 /* Debug */ = {
			isa = XCBuildConfiguration;
			buildSettings = {
				DESCRIPTION_PLIST_FILE = packaging/framework/Description.plist;
				INFOPLIST_FILE = packaging/framework/Info.plist;
				INSTALL_PATH = /packages;
				PRODUCT_NAME = "$(PROJECT_NAME) framework.pkg";
				PRODUCT_ROOT = "$(DSTROOT)/framework";
				RESOURCE_DIR = packaging/framework/Resources;
			};
			name = Debug;
		};
		E0E8169B0F7D052A00723D30 /* Release */ = {
			isa = XCBuildConfiguration;
			buildSettings = {
				DESCRIPTION_PLIST_FILE = packaging/framework/Description.plist;
				INFOPLIST_FILE = packaging/framework/Info.plist;
				INSTALL_PATH = /packages;
				PRODUCT_NAME = "$(PROJECT_NAME) framework.pkg";
				PRODUCT_ROOT = "$(DSTROOT)/framework";
				RESOURCE_DIR = packaging/framework/Resources;
			};
			name = Release;
		};
		E0E817300F7D0FF000723D30 /* Debug */ = {
			isa = XCBuildConfiguration;
			buildSettings = {
				DESCRIPTION_PLIST_FILE = packaging/examples/Description.plist;
				INFOPLIST_FILE = packaging/examples/Info.plist;
				PRODUCT_NAME = "$(PROJECT_NAME) examples.pkg";
				PRODUCT_ROOT = "$(DSTROOT)/examples";
				RESOURCE_DIR = packaging/examples/Resources;
			};
			name = Debug;
		};
		E0E817320F7D0FF000723D30 /* Release */ = {
			isa = XCBuildConfiguration;
			buildSettings = {
				DESCRIPTION_PLIST_FILE = packaging/examples/Description.plist;
				INFOPLIST_FILE = packaging/examples/Info.plist;
				PRODUCT_NAME = "$(PROJECT_NAME) examples.pkg";
				PRODUCT_ROOT = "$(DSTROOT)/examples";
				RESOURCE_DIR = packaging/examples/Resources;
			};
			name = Release;
		};
		E0E817680F7D179B00723D30 /* Debug */ = {
			isa = XCBuildConfiguration;
			buildSettings = {
				DESCRIPTION_PLIST_FILE = packaging/doc/Description.plist;
				INFOPLIST_FILE = packaging/doc/Info.plist;
				INSTALL_PATH = /packages;
				PRODUCT_NAME = "$(PROJECT_NAME) doc.pkg";
				PRODUCT_ROOT = "$(DSTROOT)/doc";
				RESOURCE_DIR = packaging/doc/Resources;
			};
			name = Debug;
		};
		E0E8176A0F7D179B00723D30 /* Release */ = {
			isa = XCBuildConfiguration;
			buildSettings = {
				DESCRIPTION_PLIST_FILE = packaging/doc/Description.plist;
				INFOPLIST_FILE = packaging/doc/Info.plist;
				INSTALL_PATH = /packages;
				PRODUCT_NAME = "$(PROJECT_NAME) doc.pkg";
				PRODUCT_ROOT = "$(DSTROOT)/doc";
				RESOURCE_DIR = packaging/doc/Resources;
			};
			name = Release;
		};
		E0E8176D0F7D17A500723D30 /* Debug */ = {
			isa = XCBuildConfiguration;
			buildSettings = {
				DESCRIPTION_PLIST_FILE = packaging/meta/Description.plist;
				INFOPLIST_FILE = packaging/meta/Info.plist;
				INSTALL_PATH = /;
				PRODUCT_NAME = "$(PROJECT_NAME).mpkg";
				PRODUCT_ROOT = "$(DSTROOT)/meta";
				RESOURCE_DIR = packaging/meta/Resources;
			};
			name = Debug;
		};
		E0E8176F0F7D17A500723D30 /* Release */ = {
			isa = XCBuildConfiguration;
			buildSettings = {
				DESCRIPTION_PLIST_FILE = packaging/meta/Description.plist;
				INFOPLIST_FILE = packaging/meta/Info.plist;
				INSTALL_PATH = /;
				PRODUCT_NAME = "$(PROJECT_NAME).mpkg";
				PRODUCT_ROOT = "$(DSTROOT)/meta";
				RESOURCE_DIR = packaging/meta/Resources;
			};
			name = Release;
		};
/* End XCBuildConfiguration section */

/* Begin XCConfigurationList section */
		1DEB91AD08733DA50010E9CD /* Build configuration list for PBXNativeTarget "Sc21 framework" */ = {
			isa = XCConfigurationList;
			buildConfigurations = (
				1DEB91AE08733DA50010E9CD /* Debug */,
				1DEB91AF08733DA50010E9CD /* Release */,
			);
			defaultConfigurationIsVisible = 0;
			defaultConfigurationName = Release;
		};
		1DEB91B108733DA50010E9CD /* Build configuration list for PBXProject "Sc21" */ = {
			isa = XCConfigurationList;
			buildConfigurations = (
				1DEB91B208733DA50010E9CD /* Debug */,
				1DEB91B308733DA50010E9CD /* Release */,
			);
			defaultConfigurationIsVisible = 0;
			defaultConfigurationName = Release;
		};
		E09FCE3E0F754BF300EB758F /* Build configuration list for PBXNativeTarget "Sc21 plugin" */ = {
			isa = XCConfigurationList;
			buildConfigurations = (
				E09FCE3C0F754BF300EB758F /* Debug */,
				E09FCE3D0F754BF300EB758F /* Release */,
			);
			defaultConfigurationIsVisible = 0;
			defaultConfigurationName = Release;
		};
		E0B975B50F7C161000F42A50 /* Build configuration list for PBXAggregateTarget "Sc21 doc" */ = {
			isa = XCConfigurationList;
			buildConfigurations = (
				E0B975A80F7C15C100F42A50 /* Debug */,
				E0B975AA0F7C15C100F42A50 /* Release */,
			);
			defaultConfigurationIsVisible = 0;
			defaultConfigurationName = Release;
		};
		E0E816940F7D046000723D30 /* Build configuration list for PBXAggregateTarget "Sc21 examples" */ = {
			isa = XCConfigurationList;
			buildConfigurations = (
				E0E816880F7D043B00723D30 /* Debug */,
				E0E8168A0F7D043B00723D30 /* Release */,
			);
			defaultConfigurationIsVisible = 0;
			defaultConfigurationName = Release;
		};
		E0E8169E0F7D056300723D30 /* Build configuration list for PBXAggregateTarget "Sc21 framework pkg" */ = {
			isa = XCConfigurationList;
			buildConfigurations = (
				E0E816990F7D052A00723D30 /* Debug */,
				E0E8169B0F7D052A00723D30 /* Release */,
			);
			defaultConfigurationIsVisible = 0;
			defaultConfigurationName = Release;
		};
		E0E817380F7D104E00723D30 /* Build configuration list for PBXAggregateTarget "Sc21 examples pkg" */ = {
			isa = XCConfigurationList;
			buildConfigurations = (
				E0E817300F7D0FF000723D30 /* Debug */,
				E0E817320F7D0FF000723D30 /* Release */,
			);
			defaultConfigurationIsVisible = 0;
			defaultConfigurationName = Release;
		};
		E0E8177C0F7D17E000723D30 /* Build configuration list for PBXAggregateTarget "Sc21 doc pkg" */ = {
			isa = XCConfigurationList;
			buildConfigurations = (
				E0E817680F7D179B00723D30 /* Debug */,
				E0E8176A0F7D179B00723D30 /* Release */,
			);
			defaultConfigurationIsVisible = 0;
			defaultConfigurationName = Release;
		};
		E0E8177D0F7D17E000723D30 /* Build configuration list for PBXAggregateTarget "Sc21 meta pkg" */ = {
			isa = XCConfigurationList;
			buildConfigurations = (
				E0E8176D0F7D17A500723D30 /* Debug */,
				E0E8176F0F7D17A500723D30 /* Release */,
			);
			defaultConfigurationIsVisible = 0;
			defaultConfigurationName = Release;
		};
/* End XCConfigurationList section */
	};
	rootObject = 0867D690FE84028FC02AAC07 /* Project object */;
}
