// !$*UTF8*$!
{
	archiveVersion = 1;
	classes = {
	};
	objectVersion = 39;
	objects = {
		3D016A6506B6EBD800AD1116 = {
			fileEncoding = 4;
			isa = PBXFileReference;
			lastKnownFileType = sourcecode.c.h;
			name = SCExaminerHandlerInspector.h;
			path = src/SCExaminerHandlerInspector.h;
			refType = 4;
			sourceTree = "<group>";
		};
		3D016A6606B6EBD800AD1116 = {
			fileEncoding = 4;
			isa = PBXFileReference;
			lastKnownFileType = sourcecode.c.objc;
			name = SCExaminerHandlerInspector.m;
			path = src/SCExaminerHandlerInspector.m;
			refType = 4;
			sourceTree = "<group>";
		};
		3D016A6706B6EBD800AD1116 = {
			fileRef = 3D016A6506B6EBD800AD1116;
			isa = PBXBuildFile;
			settings = {
			};
		};
		3D016A6806B6EBD800AD1116 = {
			fileRef = 3D016A6606B6EBD800AD1116;
			isa = PBXBuildFile;
			settings = {
			};
		};
		3D016AAD06B6EDE500AD1116 = {
			children = (
				3D016AAE06B6EDE500AD1116,
			);
			isa = PBXVariantGroup;
			name = SCExaminerHandlerInspector.nib;
			path = "";
			refType = 4;
			sourceTree = "<group>";
		};
		3D016AAE06B6EDE500AD1116 = {
			isa = PBXFileReference;
			lastKnownFileType = wrapper.nib;
			name = English;
			path = Resources/palette/English.lproj/SCExaminerHandlerInspector.nib;
			refType = 4;
			sourceTree = "<group>";
		};
		3D016AAF06B6EDE500AD1116 = {
			fileRef = 3D016AAD06B6EDE500AD1116;
			isa = PBXBuildFile;
			settings = {
			};
		};
		3D016B0306B6F29E00AD1116 = {
			isa = PBXFileReference;
			lastKnownFileType = image.tiff;
			name = SCExaminerHandler.tiff;
			path = Resources/palette/SCExaminerHandler.tiff;
			refType = 4;
			sourceTree = "<group>";
		};
		3D016B0406B6F29E00AD1116 = {
			fileRef = 3D016B0306B6F29E00AD1116;
			isa = PBXBuildFile;
			settings = {
			};
		};
		3D02FB1F06A874CB00B9760F = {
			fileEncoding = 4;
			isa = PBXFileReference;
			lastKnownFileType = sourcecode.c.h;
			name = SCSceneGraph.h;
			path = src/SCSceneGraph.h;
			refType = 4;
			sourceTree = "<group>";
		};
		3D02FB2006A874CB00B9760F = {
			fileEncoding = 4;
			isa = PBXFileReference;
			lastKnownFileType = sourcecode.cpp.objcpp;
			name = SCSceneGraph.mm;
			path = src/SCSceneGraph.mm;
			refType = 4;
			sourceTree = "<group>";
		};
		3D02FBA006A87FE500B9760F = {
			fileRef = 3D02FB1F06A874CB00B9760F;
			isa = PBXBuildFile;
			settings = {
				ATTRIBUTES = (
					Public,
				);
			};
		};
		3D02FBA106A8804200B9760F = {
			fileRef = 3D02FB2006A874CB00B9760F;
			isa = PBXBuildFile;
			settings = {
			};
		};
		3D0D68E306B7B3C800B64A18 = {
			isa = PBXFileReference;
			lastKnownFileType = image.tiff;
			name = SCFlyHandler.tiff;
			path = Resources/palette/SCFlyHandler.tiff;
			refType = 4;
			sourceTree = "<group>";
		};
		3D0D68E406B7B3C800B64A18 = {
			fileRef = 3D0D68E306B7B3C800B64A18;
			isa = PBXBuildFile;
			settings = {
			};
		};
		3D0D68F906B7B4DC00B64A18 = {
			fileEncoding = 4;
			isa = PBXFileReference;
			lastKnownFileType = sourcecode.c.h;
			name = SCFlyHandlerInspector.h;
			path = src/SCFlyHandlerInspector.h;
			refType = 4;
			sourceTree = "<group>";
		};
		3D0D68FA06B7B4DC00B64A18 = {
			fileEncoding = 4;
			isa = PBXFileReference;
			lastKnownFileType = sourcecode.c.objc;
			name = SCFlyHandlerInspector.m;
			path = src/SCFlyHandlerInspector.m;
			refType = 4;
			sourceTree = "<group>";
		};
		3D0D68FB06B7B4DC00B64A18 = {
			fileRef = 3D0D68F906B7B4DC00B64A18;
			isa = PBXBuildFile;
			settings = {
			};
		};
		3D0D68FC06B7B4DC00B64A18 = {
			fileRef = 3D0D68FA06B7B4DC00B64A18;
			isa = PBXBuildFile;
			settings = {
			};
		};
		3D0D691806B7B5E100B64A18 = {
			children = (
				3D0D691906B7B5E100B64A18,
			);
			isa = PBXVariantGroup;
			name = SCFlyHandlerInspector.nib;
			path = "";
			refType = 4;
			sourceTree = "<group>";
		};
		3D0D691906B7B5E100B64A18 = {
			isa = PBXFileReference;
			lastKnownFileType = wrapper.nib;
			name = English;
			path = Resources/palette/English.lproj/SCFlyHandlerInspector.nib;
			refType = 4;
			sourceTree = "<group>";
		};
		3D0D691A06B7B5E100B64A18 = {
			fileRef = 3D0D691806B7B5E100B64A18;
			isa = PBXBuildFile;
			settings = {
			};
		};
		3D3BEE6906B00E43007A16DC = {
			isa = PBXFileReference;
			lastKnownFileType = image.tiff;
			name = SCSceneGraph.tiff;
			path = Resources/palette/SCSceneGraph.tiff;
			refType = 4;
			sourceTree = "<group>";
		};
		3D3BEE6A06B00E43007A16DC = {
			fileRef = 3D3BEE6906B00E43007A16DC;
			isa = PBXBuildFile;
			settings = {
			};
		};
		3D669B2D06AA974F00CB9330 = {
			fileEncoding = 4;
			isa = PBXFileReference;
			lastKnownFileType = sourcecode.c.h;
			name = SCSceneGraphP.h;
			path = src/SCSceneGraphP.h;
			refType = 4;
			sourceTree = "<group>";
		};
		3D669B2E06AA974F00CB9330 = {
			fileRef = 3D669B2D06AA974F00CB9330;
			isa = PBXBuildFile;
			settings = {
			};
		};
		3D669D2506AAB21900CB9330 = {
			fileEncoding = 4;
			isa = PBXFileReference;
			lastKnownFileType = sourcecode.c.h;
			name = SCCameraP.h;
			path = src/SCCameraP.h;
			refType = 4;
			sourceTree = "<group>";
		};
		3D669D2606AAB21900CB9330 = {
			fileRef = 3D669D2506AAB21900CB9330;
			isa = PBXBuildFile;
			settings = {
			};
		};
		3D6AF40F06AE760200225657 = {
			fileEncoding = 4;
			isa = PBXFileReference;
			lastKnownFileType = sourcecode.c.h;
			name = SCCursors.h;
			path = src/SCCursors.h;
			refType = 4;
			sourceTree = "<group>";
		};
		3D6AF41006AE760200225657 = {
			fileEncoding = 4;
			isa = PBXFileReference;
			lastKnownFileType = sourcecode.c.objc;
			name = SCCursors.m;
			path = src/SCCursors.m;
			refType = 4;
			sourceTree = "<group>";
		};
		3D6AF41106AE760200225657 = {
			fileRef = 3D6AF40F06AE760200225657;
			isa = PBXBuildFile;
			settings = {
			};
		};
		3D6AF41206AE760200225657 = {
			fileRef = 3D6AF41006AE760200225657;
			isa = PBXBuildFile;
			settings = {
			};
		};
		3D6AF42706AE769B00225657 = {
			fileEncoding = 4;
			isa = PBXFileReference;
			lastKnownFileType = sourcecode.c.h;
			name = SCControllerP.h;
			path = src/SCControllerP.h;
			refType = 4;
			sourceTree = "<group>";
		};
		3D6AF42806AE769B00225657 = {
			fileEncoding = 4;
			isa = PBXFileReference;
			lastKnownFileType = sourcecode.c.h;
			name = SCDebug.h;
			path = src/SCDebug.h;
			refType = 4;
			sourceTree = "<group>";
		};
		3D6AF42906AE769B00225657 = {
			fileEncoding = 4;
			isa = PBXFileReference;
			lastKnownFileType = sourcecode.cpp.objcpp;
			name = SCDebug.mm;
			path = src/SCDebug.mm;
			refType = 4;
			sourceTree = "<group>";
		};
		3D6AF42A06AE769B00225657 = {
			fileEncoding = 4;
			isa = PBXFileReference;
			lastKnownFileType = sourcecode.c.h;
			name = SCDefines.h;
			path = src/SCDefines.h;
			refType = 4;
			sourceTree = "<group>";
		};
		3D6AF42B06AE769B00225657 = {
			fileRef = 3D6AF42706AE769B00225657;
			isa = PBXBuildFile;
			settings = {
			};
		};
		3D6AF42C06AE769B00225657 = {
			fileRef = 3D6AF42806AE769B00225657;
			isa = PBXBuildFile;
			settings = {
				ATTRIBUTES = (
					Public,
				);
			};
		};
		3D6AF42D06AE769B00225657 = {
			fileRef = 3D6AF42906AE769B00225657;
			isa = PBXBuildFile;
			settings = {
			};
		};
		3D6AF42E06AE769B00225657 = {
			fileRef = 3D6AF42A06AE769B00225657;
			isa = PBXBuildFile;
			settings = {
				ATTRIBUTES = (
					Public,
				);
			};
		};
		3D6AF42F06AE770400225657 = {
			fileEncoding = 4;
			isa = PBXFileReference;
			lastKnownFileType = sourcecode.c.objc;
			name = SCExterns.m;
			path = src/SCExterns.m;
			refType = 4;
			sourceTree = "<group>";
		};
		3D6AF43006AE770400225657 = {
			fileRef = 3D6AF42F06AE770400225657;
			isa = PBXBuildFile;
			settings = {
			};
		};
		3D8AD59606B7C6CF00D618DB = {
			isa = PBXFileReference;
			lastKnownFileType = image.tiff;
			name = SCWalkHandler.tiff;
			path = Resources/palette/SCWalkHandler.tiff;
			refType = 4;
			sourceTree = "<group>";
		};
		3D8AD59706B7C6CF00D618DB = {
			fileRef = 3D8AD59606B7C6CF00D618DB;
			isa = PBXBuildFile;
			settings = {
			};
		};
		3DA4938D06BAF780006C4DFA = {
			children = (
				E09CFA91060249EF0000E227,
				E09CFA92060249EF0000E227,
			);
			isa = PBXGroup;
			name = obsoleted;
			refType = 4;
			sourceTree = "<group>";
		};
		3DC6401D06BD29CB00301065 = {
			fileEncoding = 4;
			isa = PBXFileReference;
			lastKnownFileType = sourcecode.c.h;
			name = SCExaminerHandlerP.h;
			path = src/SCExaminerHandlerP.h;
			refType = 4;
			sourceTree = "<group>";
		};
		3DC6401E06BD29CB00301065 = {
			fileRef = 3DC6401D06BD29CB00301065;
			isa = PBXBuildFile;
			settings = {
			};
		};
		3DC6408406BD305800301065 = {
			fileEncoding = 4;
			isa = PBXFileReference;
			lastKnownFileType = sourcecode.c.h;
			name = SCEmulator.h;
			path = src/SCEmulator.h;
			refType = 4;
			sourceTree = "<group>";
		};
		3DC6408506BD305800301065 = {
			fileEncoding = 4;
			isa = PBXFileReference;
			lastKnownFileType = sourcecode.c.objc;
			name = SCEmulator.m;
			path = src/SCEmulator.m;
			refType = 4;
			sourceTree = "<group>";
		};
		3DC6408606BD305800301065 = {
			fileRef = 3DC6408406BD305800301065;
			isa = PBXBuildFile;
			settings = {
				ATTRIBUTES = (
				);
			};
		};
		3DC6408706BD305800301065 = {
			fileRef = 3DC6408506BD305800301065;
			isa = PBXBuildFile;
			settings = {
			};
		};
		3DDD3FF006B8EE5C0038959E = {
			children = (
				3DDD3FF106B8EE5C0038959E,
			);
			isa = PBXVariantGroup;
			name = SCSceneGraphInspector.nib;
			path = "";
			refType = 4;
			sourceTree = "<group>";
		};
		3DDD3FF106B8EE5C0038959E = {
			isa = PBXFileReference;
			lastKnownFileType = wrapper.nib;
			name = English;
			path = Resources/palette/English.lproj/SCSceneGraphInspector.nib;
			refType = 4;
			sourceTree = "<group>";
		};
		3DDD3FF206B8EE5C0038959E = {
			fileRef = 3DDD3FF006B8EE5C0038959E;
			isa = PBXBuildFile;
			settings = {
			};
		};
		3DDD3FF506B8EE9D0038959E = {
			fileEncoding = 4;
			isa = PBXFileReference;
			lastKnownFileType = sourcecode.c.h;
			name = SCSceneGraphInspector.h;
			path = src/SCSceneGraphInspector.h;
			refType = 4;
			sourceTree = "<group>";
		};
		3DDD3FF606B8EE9D0038959E = {
			fileEncoding = 4;
			isa = PBXFileReference;
			lastKnownFileType = sourcecode.cpp.objcpp;
			name = SCSceneGraphInspector.mm;
			path = src/SCSceneGraphInspector.mm;
			refType = 4;
			sourceTree = "<group>";
		};
		3DDD3FF706B8EE9D0038959E = {
			fileRef = 3DDD3FF506B8EE9D0038959E;
			isa = PBXBuildFile;
			settings = {
			};
		};
		3DDD3FF806B8EE9D0038959E = {
			fileRef = 3DDD3FF606B8EE9D0038959E;
			isa = PBXBuildFile;
			settings = {
			};
		};
		3DE326EA06BC6A4900C5518B = {
			fileEncoding = 4;
			isa = PBXFileReference;
			lastKnownFileType = sourcecode.c.h;
			name = SCOpenGLViewP.h;
			path = src/SCOpenGLViewP.h;
			refType = 4;
			sourceTree = "<group>";
		};
		3DE326EB06BC6A4900C5518B = {
			fileRef = 3DE326EA06BC6A4900C5518B;
			isa = PBXBuildFile;
			settings = {
			};
		};
//3D0
//3D1
//3D2
//3D3
//3D4
//E00
//E01
//E02
//E03
//E04
		E000676A062598DD00F49FCD = {
			fileEncoding = 30;
			isa = PBXFileReference;
			lastKnownFileType = sourcecode.c.h;
			name = SCControllerInspector.h;
			path = src/SCControllerInspector.h;
			refType = 4;
			sourceTree = "<group>";
		};
		E000676B062598DD00F49FCD = {
			fileEncoding = 30;
			isa = PBXFileReference;
			lastKnownFileType = sourcecode.cpp.objcpp;
			name = SCControllerInspector.mm;
			path = src/SCControllerInspector.mm;
			refType = 4;
			sourceTree = "<group>";
		};
		E000676C062598DD00F49FCD = {
			fileRef = E000676A062598DD00F49FCD;
			isa = PBXBuildFile;
			settings = {
			};
		};
		E000676D062598DD00F49FCD = {
			fileRef = E000676B062598DD00F49FCD;
			isa = PBXBuildFile;
			settings = {
			};
		};
		E000678706259B3000F49FCD = {
			children = (
				E000678806259B3000F49FCD,
			);
			isa = PBXVariantGroup;
			name = SCControllerInspector.nib;
			path = "";
			refType = 4;
			sourceTree = "<group>";
		};
		E000678806259B3000F49FCD = {
			isa = PBXFileReference;
			lastKnownFileType = wrapper.nib;
			name = English;
			path = Resources/palette/English.lproj/SCControllerInspector.nib;
			refType = 4;
			sourceTree = "<group>";
		};
		E000678906259B3000F49FCD = {
			fileRef = E000678706259B3000F49FCD;
			isa = PBXBuildFile;
			settings = {
			};
		};
		E000678A06259B4B00F49FCD = {
			buildActionMask = 2147483647;
			files = (
				E000678B06259B5900F49FCD,
				E000678C06259B5900F49FCD,
				E000678D06259B5900F49FCD,
			);
			isa = PBXResourcesBuildPhase;
			runOnlyForDeploymentPostprocessing = 0;
		};
		E000678B06259B5900F49FCD = {
			fileRef = E057B67C0621EA210012C546;
			isa = PBXBuildFile;
			settings = {
			};
		};
		E000678C06259B5900F49FCD = {
			fileRef = E057B6780621BC7F0012C546;
			isa = PBXBuildFile;
			settings = {
			};
		};
		E000678D06259B5900F49FCD = {
			fileRef = E057B67D0621EA210012C546;
			isa = PBXBuildFile;
			settings = {
			};
		};
		E01100A40605E5B200F93EC1 = {
			children = (
				E09CFAAE06024B1F0000E227,
			);
			isa = PBXVariantGroup;
			name = Sc21Palette.nib;
			path = "";
			refType = 4;
			sourceTree = "<group>";
		};
		E01100A50605E5B200F93EC1 = {
			fileRef = E01100A40605E5B200F93EC1;
			isa = PBXBuildFile;
			settings = {
			};
		};
		E01100A60605E5B800F93EC1 = {
			children = (
				E09CFAAB06024B130000E227,
			);
			isa = PBXVariantGroup;
			name = SCOpenGLViewInspector.nib;
			path = "";
			refType = 4;
			sourceTree = "<group>";
		};
		E01100A70605E5B800F93EC1 = {
			fileRef = E01100A60605E5B800F93EC1;
			isa = PBXBuildFile;
			settings = {
			};
		};
		E01100AA0605E60300F93EC1 = {
			containerPortal = E0765C56060222BB0099F78E;
			isa = PBXContainerItemProxy;
			proxyType = 1;
			remoteGlobalIDString = E0765C5F060223120099F78E;
			remoteInfo = "Sc21 framework";
		};
		E01100AB0605E60300F93EC1 = {
			isa = PBXTargetDependency;
			target = E0765C5F060223120099F78E;
			targetProxy = E01100AA0605E60300F93EC1;
		};
		E01100B40605E71200F93EC1 = {
			children = (
				E000676A062598DD00F49FCD,
				E000676B062598DD00F49FCD,
				3D016A6506B6EBD800AD1116,
				3D016A6606B6EBD800AD1116,
				3D0D68F906B7B4DC00B64A18,
				3D0D68FA06B7B4DC00B64A18,
				E09CFA83060249D50000E227,
				E09CFA84060249D50000E227,
				3DDD3FF506B8EE9D0038959E,
				3DDD3FF606B8EE9D0038959E,
				E09CFA57060245720000E227,
				E09CFA85060249D50000E227,
				E09CFA86060249D50000E227,
			);
			isa = PBXGroup;
			name = Palette;
			refType = 4;
			sourceTree = "<group>";
		};
		E01100B50605E71900F93EC1 = {
			children = (
				3DA4938D06BAF780006C4DFA,
				E066294D065383E000FB6420,
				E057B59A06219ADC0012C546,
				E09CFA8B060249EF0000E227,
				E09CFA8C060249EF0000E227,
				3D669D2506AAB21900CB9330,
				E09CFA8D060249EF0000E227,
				E09CFA8E060249EF0000E227,
				3D6AF42706AE769B00225657,
				3D6AF40F06AE760200225657,
				3D6AF41006AE760200225657,
				3D6AF42806AE769B00225657,
				3D6AF42906AE769B00225657,
				3D6AF42A06AE769B00225657,
				E0D6A23106BA6FD900FF8E28,
				E09CFA8F060249EF0000E227,
				E09CFA90060249EF0000E227,
				E0662923065383D600FB6420,
				E0662924065383D600FB6420,
				E0E5D14C06B15F61009165C8,
				E0D6A27006BA74ED00FF8E28,
				E080C6D906B12B080088958C,
				E080C6DA06B12B080088958C,
				3DC6401D06BD29CB00301065,
				3D6AF42F06AE770400225657,
				E0E5D14506B15E6E009165C8,
				E0E5D14606B15E6E009165C8,
				E0EB29080613442800C54774,
				E0EB29090613442800C54774,
				E0EB290A0613442800C54774,
				E0EB290B0613442800C54774,
				3DE326EA06BC6A4900C5518B,
				3D02FB1F06A874CB00B9760F,
				3D02FB2006A874CB00B9760F,
				3D669B2D06AA974F00CB9330,
				E0662937065383D600FB6420,
				E09CFA93060249EF0000E227,
				E09CFA94060249EF0000E227,
			);
			isa = PBXGroup;
			name = Framework;
			refType = 4;
			sourceTree = "<group>";
		};
		E011760406B67E450042ADED = {
			fileEncoding = 30;
			isa = PBXFileReference;
			lastKnownFileType = sourcecode.c.h;
			name = SCFlyMode.h;
			path = src/SCFlyMode.h;
			refType = 4;
			sourceTree = "<group>";
		};
		E011760506B67E450042ADED = {
			fileEncoding = 30;
			isa = PBXFileReference;
			lastKnownFileType = sourcecode.cpp.objcpp;
			name = SCFlyMode.mm;
			path = src/SCFlyMode.mm;
			refType = 4;
			sourceTree = "<group>";
		};
		E011760606B67E450042ADED = {
			fileRef = E011760406B67E450042ADED;
			isa = PBXBuildFile;
			settings = {
			};
		};
		E011760706B67E450042ADED = {
			fileRef = E011760506B67E450042ADED;
			isa = PBXBuildFile;
			settings = {
			};
		};
		E015841606352EBB00B4C24F = {
			isa = PBXFileReference;
			lastKnownFileType = image.tiff;
			path = background.tiff;
			refType = 4;
			sourceTree = "<group>";
		};
		E015841706352EC900B4C24F = {
			isa = PBXFileReference;
			lastKnownFileType = image.tiff;
			path = background.tiff;
			refType = 4;
			sourceTree = "<group>";
		};
		E015841806352ED300B4C24F = {
			isa = PBXFileReference;
			lastKnownFileType = image.tiff;
			path = background.tiff;
			refType = 4;
			sourceTree = "<group>";
		};
		E01C24A90605E8740000C5C7 = {
			fileRef = E0765C60060223120099F78E;
			isa = PBXBuildFile;
			settings = {
			};
		};
		E01C24C40605E9650000C5C7 = {
			fileRef = E0765FBE060226AD0099F78E;
			isa = PBXBuildFile;
			settings = {
			};
		};
		E01C24C50605E9CB0000C5C7 = {
			fileRef = E09C038906024CFB0000E227;
			isa = PBXBuildFile;
			settings = {
			};
		};
		E01C24CB0605FDCE0000C5C7 = {
			buildSettings = {
				COPY_PHASE_STRIP = NO;
				DEPLOYMENT_LOCATION = YES;
				DEPLOYMENT_POSTPROCESSING = YES;
				GCC_OPTIMIZATION_LEVEL = 0;
				GCC_WARN_ABOUT_MISSING_PROTOTYPES = YES;
				GCC_WARN_CHECK_SWITCH_STATEMENTS = YES;
				GCC_WARN_EFFECTIVE_CPLUSPLUS_VIOLATIONS = YES;
				GCC_WARN_HIDDEN_VIRTUAL_FUNCTIONS = YES;
				GCC_WARN_INITIALIZER_NOT_FULLY_BRACKETED = YES;
				GCC_WARN_NON_VIRTUAL_DESTRUCTOR = YES;
				GCC_WARN_SHADOW = YES;
				GCC_WARN_SIGN_COMPARE = YES;
				GCC_WARN_TYPECHECK_CALLS_TO_PRINTF = YES;
				GCC_WARN_UNKNOWN_PRAGMAS = YES;
				GCC_WARN_UNUSED_FUNCTION = YES;
				GCC_WARN_UNUSED_LABEL = YES;
				GCC_WARN_UNUSED_VALUE = YES;
				GCC_WARN_UNUSED_VARIABLE = NO;
				INSTALL_MODE_FLAG = "u+w,og-w,a+rX";
				OTHER_CFLAGS = "";
				OTHER_CPLUSPLUSFLAGS = "";
				PREBINDING = NO;
				UNSTRIPPED_PRODUCT = YES;
			};
			isa = PBXBuildStyle;
			name = debug;
		};
		E0242B5B06033BFF004FE05C = {
			fileEncoding = 4;
			isa = PBXFileReference;
			lastKnownFileType = sourcecode.c.h;
			name = Sc21_Prefix.pch;
			path = src/Sc21_Prefix.pch;
			refType = 4;
			sourceTree = "<group>";
		};
		E03800C406551033000633F5 = {
			containerPortal = E0765C56060222BB0099F78E;
			isa = PBXContainerItemProxy;
			proxyType = 1;
			remoteGlobalIDString = E0DD072F0654F9CA009C673A;
			remoteInfo = "Sc21 doc";
		};
		E03800C506551033000633F5 = {
			isa = PBXTargetDependency;
			target = E0DD072F0654F9CA009C673A;
			targetProxy = E03800C406551033000633F5;
		};
		E03800C60655103C000633F5 = {
			containerPortal = E0765C56060222BB0099F78E;
			isa = PBXContainerItemProxy;
			proxyType = 1;
			remoteGlobalIDString = E0DD073F06550C23009C673A;
			remoteInfo = "Sc21 doc pkg";
		};
		E03800C70655103C000633F5 = {
			isa = PBXTargetDependency;
			target = E0DD073F06550C23009C673A;
			targetProxy = E03800C60655103C000633F5;
		};
		E0547AB706073E170089FA12 = {
			isa = PBXFileReference;
			lastKnownFileType = wrapper.framework;
			name = Inventor.framework;
			path = /Library/Frameworks/Inventor.framework;
			refType = 0;
			sourceTree = "<absolute>";
		};
		E0547AB806073E170089FA12 = {
			fileRef = E0547AB706073E170089FA12;
			isa = PBXBuildFile;
			settings = {
			};
		};
		E0547AB906073E170089FA12 = {
			fileRef = E0547AB706073E170089FA12;
			isa = PBXBuildFile;
			settings = {
			};
		};
		E056E6D70609F9FE0068145A = {
			buildPhases = (
				E056E6D80609F9FE0068145A,
			);
			buildRules = (
			);
			buildSettings = {
				DESCRIPTION_PLIST_FILE = packaging/framework/Description.plist;
				INFOPLIST_FILE = packaging/framework/Info.plist;
				INSTALL_PATH = /;
				PRODUCT_NAME = "$(PROJECT_NAME) framework.pkg";
				PRODUCT_ROOT = "$(DSTROOT)/framework";
				RESOURCE_DIR = packaging/framework/Resources;
			};
			dependencies = (
				E06867B60633FDCA00F702EA,
			);
			isa = PBXNativeTarget;
			name = "Sc21 framework pkg";
			productInstallPath = /usr/local/bin;
			productName = Untitled;
			productReference = E056E6DA0609F9FE0068145A;
			productType = "com.apple.product-type.tool";
		};
		E056E6D80609F9FE0068145A = {
			buildActionMask = 8;
			files = (
			);
			inputPaths = (
				"$(BUILT_PRODUCTS_DIR)/$(PROJECT_NAME).framework",
			);
			isa = PBXShellScriptBuildPhase;
			outputPaths = (
				"$(TARGET_BUILD_DIR)/$(PRODUCT_NAME)",
			);
			runOnlyForDeploymentPostprocessing = 1;
			shellPath = /bin/sh;
			shellScript = "echo \"Script: Sc21 framework pkg\"\nset -x\n$SRCROOT/packaging/scripts/makesc21pkg.sh -v\nretval=$?\n#\U0013touch $TARGET_BUILD_DIR/$PRODUCT_NAME\nexit $retval";
		};
		E056E6DA0609F9FE0068145A = {
			explicitFileType = "compiled.mach-o.executable";
			includeInIndex = 0;
			isa = PBXFileReference;
			path = "Sc21 framework.pkg";
			refType = 3;
			sourceTree = BUILT_PRODUCTS_DIR;
		};
		E056E6EA0609FA880068145A = {
			buildPhases = (
				E056E6EB0609FA880068145A,
			);
			buildRules = (
			);
			buildSettings = {
				INSTALL_PATH = /;
				PRODUCT_NAME = "$(PROJECT_NAME)-0.0.1.dmg";
			};
			dependencies = (
				E056E6F00609FAB00068145A,
			);
			isa = PBXNativeTarget;
			name = "Sc21 dmg";
			productInstallPath = /usr/local/bin;
			productName = "Target B";
			productReference = E056E6ED0609FA880068145A;
			productType = "com.apple.product-type.tool";
		};
		E056E6EB0609FA880068145A = {
			buildActionMask = 8;
			files = (
			);
			inputPaths = (
				"$(BUILT_PRODUCTS_DIR)/$(PROJECT_NAME).pkg",
			);
			isa = PBXShellScriptBuildPhase;
			outputPaths = (
				"$(TARGET_BUILD_DIR)/$(PRODUCT_NAME)",
			);
			runOnlyForDeploymentPostprocessing = 1;
			shellPath = /bin/sh;
			shellScript = "echo \"Sc21 dmg script:\"\necho \"  in: $BUILT_PRODUCTS_DIR/$PROJECT_NAME.pkg\"\necho \"  out: $TARGET_BUILD_DIR/$PRODUCT_NAME\"\nset -x\n./packaging/scripts/makesc21dmg.sh -v -c $PROJECT_NAME-0.0.1\nexit 0\n";
		};
		E056E6ED0609FA880068145A = {
			explicitFileType = "compiled.mach-o.executable";
			includeInIndex = 0;
			isa = PBXFileReference;
			path = "Sc21-0.0.1.dmg";
			refType = 3;
			sourceTree = BUILT_PRODUCTS_DIR;
		};
		E056E6EF0609FAB00068145A = {
			containerPortal = E0765C56060222BB0099F78E;
			isa = PBXContainerItemProxy;
			proxyType = 1;
			remoteGlobalIDString = E056E6D70609F9FE0068145A;
			remoteInfo = "Target A";
		};
		E056E6F00609FAB00068145A = {
			isa = PBXTargetDependency;
			target = E056E6D70609F9FE0068145A;
			targetProxy = E056E6EF0609FAB00068145A;
		};
		E056E712060A13650068145A = {
			buildPhases = (
				E056E713060A13650068145A,
			);
			buildRules = (
			);
			buildSettings = {
				INFOPLIST_FILE = Resources/framework/Info.plist;
				PRODUCT_NAME = dummy.dir;
			};
			dependencies = (
			);
			isa = PBXNativeTarget;
			name = dummy;
			productInstallPath = /usr/local/bin;
			productName = dummy;
			productReference = E056E715060A13650068145A;
			productType = "com.apple.product-type.tool";
		};
		E056E713060A13650068145A = {
			buildActionMask = 12;
			files = (
			);
			inputPaths = (
				"$(SRCROOT)/dummy-in.txt",
			);
			isa = PBXShellScriptBuildPhase;
			outputPaths = (
				"$(TARGET_BUILD_DIR)/$(PRODUCT_NAME)",
			);
			runOnlyForDeploymentPostprocessing = 0;
			shellPath = /bin/sh;
			shellScript = "echo \"dummy script:\"\nset -x\n./test.sh\nretval=$?\nrm -r $TARGET_BUILD_DIR/$PRODUCT_NAME\nmkdir $TARGET_BUILD_DIR/$PRODUCT_NAME\ncat dummy-in.txt > $TARGET_BUILD_DIR/$PRODUCT_NAME/dummy.txt\necho \"Added output\" >> $TARGET_BUILD_DIR/$PRODUCT_NAME/dummy.txt\nexit $retval";
		};
		E056E715060A13650068145A = {
			explicitFileType = "compiled.mach-o.executable";
			includeInIndex = 0;
			isa = PBXFileReference;
			path = dummy.dir;
			refType = 3;
			sourceTree = BUILT_PRODUCTS_DIR;
		};
		E057B59A06219ADC0012C546 = {
			fileEncoding = 30;
			isa = PBXFileReference;
			lastKnownFileType = sourcecode.c.h;
			name = Sc21.h;
			path = src/Sc21.h;
			refType = 4;
			sourceTree = "<group>";
		};
		E057B59B06219ADC0012C546 = {
			fileRef = E057B59A06219ADC0012C546;
			isa = PBXBuildFile;
			settings = {
				ATTRIBUTES = (
					Public,
				);
			};
		};
		E057B6780621BC7F0012C546 = {
			isa = PBXFileReference;
			lastKnownFileType = image.tiff;
			name = curs_rotate.tiff;
			path = Resources/framework/curs_rotate.tiff;
			refType = 4;
			sourceTree = "<group>";
		};
		E057B67C0621EA210012C546 = {
			isa = PBXFileReference;
			lastKnownFileType = image.tiff;
			name = curs_pan.tiff;
			path = Resources/framework/curs_pan.tiff;
			refType = 4;
			sourceTree = "<group>";
		};
		E057B67D0621EA210012C546 = {
			isa = PBXFileReference;
			lastKnownFileType = image.tiff;
			name = curs_zoom.tiff;
			path = Resources/framework/curs_zoom.tiff;
			refType = 4;
			sourceTree = "<group>";
		};
		E0662923065383D600FB6420 = {
			fileEncoding = 30;
			isa = PBXFileReference;
			lastKnownFileType = sourcecode.c.h;
			name = SCEventHandler.h;
			path = src/SCEventHandler.h;
			refType = 2;
			sourceTree = SOURCE_ROOT;
		};
		E0662924065383D600FB6420 = {
			fileEncoding = 30;
			isa = PBXFileReference;
			lastKnownFileType = sourcecode.cpp.objcpp;
			name = SCEventHandler.mm;
			path = src/SCEventHandler.mm;
			refType = 2;
			sourceTree = SOURCE_ROOT;
		};
		E0662929065383D600FB6420 = {
			fileEncoding = 30;
			isa = PBXFileReference;
			lastKnownFileType = sourcecode.c.h;
			name = SCMode.h;
			path = src/SCMode.h;
			refType = 2;
			sourceTree = SOURCE_ROOT;
		};
		E066292A065383D600FB6420 = {
			fileEncoding = 30;
			isa = PBXFileReference;
			lastKnownFileType = sourcecode.c.objc;
			name = SCMode.m;
			path = src/SCMode.m;
			refType = 2;
			sourceTree = SOURCE_ROOT;
		};
		E066292C065383D600FB6420 = {
			fileEncoding = 30;
			isa = PBXFileReference;
			lastKnownFileType = sourcecode.c.h;
			name = SCMouseLog.h;
			path = src/SCMouseLog.h;
			refType = 2;
			sourceTree = SOURCE_ROOT;
		};
		E066292D065383D600FB6420 = {
			fileEncoding = 30;
			isa = PBXFileReference;
			lastKnownFileType = sourcecode.c.objc;
			name = SCMouseLog.m;
			path = src/SCMouseLog.m;
			refType = 2;
			sourceTree = SOURCE_ROOT;
		};
		E066292F065383D600FB6420 = {
			fileEncoding = 30;
			isa = PBXFileReference;
			lastKnownFileType = sourcecode.c.h;
			name = SCPanMode.h;
			path = src/SCPanMode.h;
			refType = 2;
			sourceTree = SOURCE_ROOT;
		};
		E0662930065383D600FB6420 = {
			fileEncoding = 30;
			isa = PBXFileReference;
			lastKnownFileType = sourcecode.cpp.objcpp;
			name = SCPanMode.mm;
			path = src/SCPanMode.mm;
			refType = 2;
			sourceTree = SOURCE_ROOT;
		};
		E0662931065383D600FB6420 = {
			fileEncoding = 30;
			isa = PBXFileReference;
			lastKnownFileType = sourcecode.c.h;
			name = SCRotateMode.h;
			path = src/SCRotateMode.h;
			refType = 2;
			sourceTree = SOURCE_ROOT;
		};
		E0662932065383D600FB6420 = {
			fileEncoding = 30;
			isa = PBXFileReference;
			lastKnownFileType = sourcecode.cpp.objcpp;
			name = SCRotateMode.mm;
			path = src/SCRotateMode.mm;
			refType = 2;
			sourceTree = SOURCE_ROOT;
		};
		E0662937065383D600FB6420 = {
			fileEncoding = 30;
			isa = PBXFileReference;
			lastKnownFileType = sourcecode.c.h;
			name = SCUtil.h;
			path = src/SCUtil.h;
			refType = 2;
			sourceTree = SOURCE_ROOT;
		};
		E0662938065383D600FB6420 = {
			fileRef = E0662923065383D600FB6420;
			isa = PBXBuildFile;
			settings = {
				ATTRIBUTES = (
					Public,
				);
			};
		};
		E0662939065383D600FB6420 = {
			fileRef = E0662924065383D600FB6420;
			isa = PBXBuildFile;
			settings = {
			};
		};
		E066293E065383D600FB6420 = {
			fileRef = E0662929065383D600FB6420;
			isa = PBXBuildFile;
			settings = {
				ATTRIBUTES = (
				);
			};
		};
		E066293F065383D600FB6420 = {
			fileRef = E066292A065383D600FB6420;
			isa = PBXBuildFile;
			settings = {
			};
		};
		E0662941065383D600FB6420 = {
			fileRef = E066292C065383D600FB6420;
			isa = PBXBuildFile;
			settings = {
				ATTRIBUTES = (
				);
			};
		};
		E0662942065383D600FB6420 = {
			fileRef = E066292D065383D600FB6420;
			isa = PBXBuildFile;
			settings = {
			};
		};
		E0662944065383D600FB6420 = {
			fileRef = E066292F065383D600FB6420;
			isa = PBXBuildFile;
			settings = {
				ATTRIBUTES = (
				);
			};
		};
		E0662945065383D600FB6420 = {
			fileRef = E0662930065383D600FB6420;
			isa = PBXBuildFile;
			settings = {
			};
		};
		E0662946065383D600FB6420 = {
			fileRef = E0662931065383D600FB6420;
			isa = PBXBuildFile;
			settings = {
				ATTRIBUTES = (
				);
			};
		};
		E0662947065383D600FB6420 = {
			fileRef = E0662932065383D600FB6420;
			isa = PBXBuildFile;
			settings = {
			};
		};
		E066294C065383D600FB6420 = {
			fileRef = E0662937065383D600FB6420;
			isa = PBXBuildFile;
			settings = {
			};
		};
		E066294D065383E000FB6420 = {
			children = (
				3DC6408406BD305800301065,
				3DC6408506BD305800301065,
				E011760406B67E450042ADED,
				E011760506B67E450042ADED,
				E0662929065383D600FB6420,
				E066292A065383D600FB6420,
				E066292C065383D600FB6420,
				E066292D065383D600FB6420,
				E066292F065383D600FB6420,
				E0662930065383D600FB6420,
				E0662931065383D600FB6420,
				E0662932065383D600FB6420,
				E080C71406B132550088958C,
				E080C71506B132550088958C,
			);
			isa = PBXGroup;
			name = "private classes";
			refType = 4;
			sourceTree = "<group>";
		};
		E06867AC0633FC8700F702EA = {
			buildPhases = (
				E06867AD0633FC8700F702EA,
			);
			buildRules = (
			);
			buildSettings = {
				DESCRIPTION_PLIST_FILE = packaging/palette/Description.plist;
				INFOPLIST_FILE = packaging/palette/Info.plist;
				INSTALL_PATH = /;
				PRODUCT_NAME = "$(PROJECT_NAME) palette.pkg";
				PRODUCT_ROOT = "$(DSTROOT)/palette";
				RESOURCE_DIR = packaging/palette/Resources;
			};
			dependencies = (
				E06867B20633FC9E00F702EA,
			);
			isa = PBXNativeTarget;
			name = "Sc21 palette pkg";
			productInstallPath = /usr/local/bin;
			productName = "Sc21 palette pkg";
			productReference = E06867AF0633FC8700F702EA;
			productType = "com.apple.product-type.tool";
		};
		E06867AD0633FC8700F702EA = {
			buildActionMask = 8;
			files = (
			);
			inputPaths = (
				"$(BUILT_PRODUCTS_DIR)/$(PROJECT_NAME).palette",
			);
			isa = PBXShellScriptBuildPhase;
			outputPaths = (
				"$(TARGET_BUILD_DIR)/$(PRODUCT_NAME)",
			);
			runOnlyForDeploymentPostprocessing = 1;
			shellPath = /bin/sh;
			shellScript = "echo \"Script: Sc21 palette pkg\"\nset -x\n$SRCROOT/packaging/scripts/makesc21pkg.sh -v\nretval=$?\n#touch $TARGET_BUILD_DIR/$PRODUCT_NAME\nexit $retval\n";
		};
		E06867AF0633FC8700F702EA = {
			explicitFileType = "compiled.mach-o.executable";
			includeInIndex = 0;
			isa = PBXFileReference;
			path = "Sc21 palette.pkg";
			refType = 3;
			sourceTree = BUILT_PRODUCTS_DIR;
		};
		E06867B10633FC9E00F702EA = {
			containerPortal = E0765C56060222BB0099F78E;
			isa = PBXContainerItemProxy;
			proxyType = 1;
			remoteGlobalIDString = E09CFA55060245710000E227;
			remoteInfo = "Sc21 palette";
		};
		E06867B20633FC9E00F702EA = {
			isa = PBXTargetDependency;
			target = E09CFA55060245710000E227;
			targetProxy = E06867B10633FC9E00F702EA;
		};
		E06867B50633FDCA00F702EA = {
			containerPortal = E0765C56060222BB0099F78E;
			isa = PBXContainerItemProxy;
			proxyType = 1;
			remoteGlobalIDString = E0765C5F060223120099F78E;
			remoteInfo = "Sc21 framework";
		};
		E06867B60633FDCA00F702EA = {
			isa = PBXTargetDependency;
			target = E0765C5F060223120099F78E;
			targetProxy = E06867B50633FDCA00F702EA;
		};
		E070FB1E0608992200A60FCA = {
			fileEncoding = 30;
			isa = PBXFileReference;
			lastKnownFileType = text.script.sh;
			name = makesc21pkg.sh;
			path = packaging/scripts/makesc21pkg.sh;
			refType = 4;
			sourceTree = "<group>";
		};
		E070FB1F0608992A00A60FCA = {
			children = (
				E070FB1E0608992200A60FCA,
				E0AC6A8806060F3300907ED7,
			);
			isa = PBXGroup;
			name = Scripts;
			refType = 4;
			sourceTree = "<group>";
		};
		E0765C52060222BB0099F78E = {
			children = (
				E09CFA9F060249F60000E227,
				E070FB1F0608992A00A60FCA,
				E09CFAB206024B510000E227,
				E09CFD9506024B5B0000E227,
				E0765C61060223120099F78E,
				E079476206340BEA006B5824,
			);
			isa = PBXGroup;
			refType = 4;
			sourceTree = "<group>";
		};
		E0765C54060222BB0099F78E = {
			buildSettings = {
				GCC_ENABLE_FIX_AND_CONTINUE = YES;
				GCC_MODEL_CPU = G4;
				GCC_OPTIMIZATION_LEVEL = 0;
				INSTALL_MODE_FLAG = "u+w,og-w,a+rX";
				OTHER_CFLAGS = "";
				OTHER_CPLUSPLUSFLAGS = "";
				PREBINDING = NO;
				UNSTRIPPED_PRODUCT = YES;
				ZERO_LINK = YES;
			};
			isa = PBXBuildStyle;
			name = Development;
		};
		E0765C55060222BB0099F78E = {
			buildSettings = {
				COPY_PHASE_STRIP = YES;
				DEPLOYMENT_LOCATION = YES;
				DEPLOYMENT_POSTPROCESSING = YES;
				GCC_ENABLE_OBJC_EXCEPTIONS = NO;
				GCC_GENERATE_DEBUGGING_SYMBOLS = NO;
				GCC_TREAT_WARNINGS_AS_ERRORS = NO;
				GCC_WARN_ABOUT_MISSING_PROTOTYPES = YES;
				GCC_WARN_CHECK_SWITCH_STATEMENTS = YES;
				GCC_WARN_EFFECTIVE_CPLUSPLUS_VIOLATIONS = YES;
				GCC_WARN_HIDDEN_VIRTUAL_FUNCTIONS = YES;
				GCC_WARN_INITIALIZER_NOT_FULLY_BRACKETED = YES;
				GCC_WARN_NON_VIRTUAL_DESTRUCTOR = YES;
				GCC_WARN_SHADOW = YES;
				GCC_WARN_SIGN_COMPARE = YES;
				GCC_WARN_TYPECHECK_CALLS_TO_PRINTF = YES;
				GCC_WARN_UNINITIALIZED_AUTOS = YES;
				GCC_WARN_UNKNOWN_PRAGMAS = YES;
				GCC_WARN_UNUSED_FUNCTION = YES;
				GCC_WARN_UNUSED_LABEL = YES;
				GCC_WARN_UNUSED_VALUE = YES;
				GCC_WARN_UNUSED_VARIABLE = YES;
				INSTALL_MODE_FLAG = "u+w,og-w,a+rX";
			};
			isa = PBXBuildStyle;
			name = release;
		};
		E0765C56060222BB0099F78E = {
			buildSettings = {
			};
			buildStyles = (
				E0765C54060222BB0099F78E,
				E0765C55060222BB0099F78E,
				E01C24CB0605FDCE0000C5C7,
				E0D32D3F0608BD8900FDEF66,
			);
			hasScannedForEncodings = 1;
			isa = PBXProject;
			mainGroup = E0765C52060222BB0099F78E;
			productRefGroup = E0765C61060223120099F78E;
			projectDirPath = "";
			targets = (
				E0765C5F060223120099F78E,
				E09CFA55060245710000E227,
				E0DD072F0654F9CA009C673A,
				E056E6D70609F9FE0068145A,
				E06867AC0633FC8700F702EA,
				E0DD073F06550C23009C673A,
				E079478506341DCE006B5824,
				E056E6EA0609FA880068145A,
				E056E712060A13650068145A,
			);
		};
		E0765C5B060223120099F78E = {
			buildActionMask = 2147483647;
			files = (
				E057B59B06219ADC0012C546,
				E09CFA95060249EF0000E227,
				E09CFA97060249EF0000E227,
				3DC6408606BD305800301065,
				E09CFA99060249EF0000E227,
				E09CFA9B060249EF0000E227,
				E0EB290C0613442800C54774,
				E0EB290E0613442800C54774,
				E057B59B06219ADC0012C546,
				E0662938065383D600FB6420,
				E066293E065383D600FB6420,
				E0662941065383D600FB6420,
				E0662944065383D600FB6420,
				E0662946065383D600FB6420,
				E066294C065383D600FB6420,
				3D02FBA006A87FE500B9760F,
				3D669B2E06AA974F00CB9330,
				E09CFA9D060249EF0000E227,
				3D669D2606AAB21900CB9330,
				3D6AF41106AE760200225657,
				3D6AF42B06AE769B00225657,
				3D6AF42C06AE769B00225657,
				3D6AF42E06AE769B00225657,
				E080C6DB06B12B080088958C,
				3DC6401E06BD29CB00301065,
				E080C71606B132550088958C,
				E0E5D14706B15E6E009165C8,
				E0E5D14D06B15F61009165C8,
				E011760606B67E450042ADED,
				E0D6A23206BA6FD900FF8E28,
				E0D6A27106BA74ED00FF8E28,
				3DE326EB06BC6A4900C5518B,
			);
			isa = PBXHeadersBuildPhase;
			runOnlyForDeploymentPostprocessing = 0;
		};
		E0765C5D060223120099F78E = {
			buildActionMask = 2147483647;
			files = (
				E09CFA96060249EF0000E227,
				E09CFA98060249EF0000E227,
				E09CFA9A060249EF0000E227,
				E09CFA9C060249EF0000E227,
				E0EB290D0613442800C54774,
				E0EB290F0613442800C54774,
				E0662939065383D600FB6420,
				E066293F065383D600FB6420,
				E0662942065383D600FB6420,
				E0662945065383D600FB6420,
				E0662947065383D600FB6420,
				3D02FBA106A8804200B9760F,
				E09CFA9E060249EF0000E227,
				3D6AF41206AE760200225657,
				3D6AF42D06AE769B00225657,
				3D6AF43006AE770400225657,
				E080C6DC06B12B080088958C,
				E080C71706B132550088958C,
				E0E5D14806B15E6E009165C8,
				E011760706B67E450042ADED,
				3DC6408706BD305800301065,
			);
			isa = PBXSourcesBuildPhase;
			runOnlyForDeploymentPostprocessing = 0;
		};
		E0765C5E060223120099F78E = {
			buildActionMask = 2147483647;
			files = (
				E0AC6A98060631AA00907ED7,
				E01C24C40605E9650000C5C7,
				E0547AB806073E170089FA12,
			);
			isa = PBXFrameworksBuildPhase;
			runOnlyForDeploymentPostprocessing = 0;
		};
		E0765C5F060223120099F78E = {
			buildPhases = (
				E0765C5B060223120099F78E,
				E000678A06259B4B00F49FCD,
				E0765C5D060223120099F78E,
				E0765C5E060223120099F78E,
			);
			buildRules = (
			);
			buildSettings = {
				CURRENT_PROJECT_VERSION = 3;
				DYLIB_COMPATIBILITY_VERSION = 1;
				DYLIB_CURRENT_VERSION = 3;
				FRAMEWORK_VERSION = A;
				GCC_PRECOMPILE_PREFIX_HEADER = YES;
				GCC_PREFIX_HEADER = src/Sc21_Prefix.pch;
				INFOPLIST_FILE = Resources/framework/Info.plist;
				INSTALL_PATH = /Library/Frameworks;
				INSTALL_ROOT = "$(DSTROOT)/framework";
				OTHER_LDFLAGS = "-headerpad_max_install_names -seg1addr 0x2f000000";
				PRODUCT_NAME = Sc21;
				SC21_VERSION = 0.0.2;
				VERSIONING_SYSTEM = "apple-generic";
			};
			dependencies = (
			);
			isa = PBXNativeTarget;
			name = "Sc21 framework";
			productName = Sc21;
			productReference = E0765C60060223120099F78E;
			productSettingsXML = "<?xml version=\"1.0\" encoding=\"UTF-8\"?>
<!DOCTYPE plist PUBLIC \"-//Apple Computer//DTD PLIST 1.0//EN\" \"http://www.apple.com/DTDs/PropertyList-1.0.dtd\">
<plist version=\"1.0\">
<dict>
	<key>CFBundleDevelopmentRegion</key>
	<string>English</string>
	<key>CFBundleExecutable</key>
	<string>Sc21</string>
	<key>CFBundleGetInfoString</key>
	<string></string>
	<key>CFBundleIdentifier</key>
	<string>com.MySoftwareCompany.Sc21</string>
	<key>CFBundleInfoDictionaryVersion</key>
	<string>6.0</string>
	<key>CFBundlePackageType</key>
	<string>FMWK</string>
	<key>CFBundleShortVersionString</key>
	<string>0.0.1</string>
	<key>CFBundleSignature</key>
	<string>????</string>
	<key>CFBundleVersion</key>
	<string>3</string>
</dict>
</plist>
";
			productType = "com.apple.product-type.framework";
		};
		E0765C60060223120099F78E = {
			explicitFileType = wrapper.framework;
			includeInIndex = 0;
			isa = PBXFileReference;
			path = Sc21.framework;
			refType = 3;
			sourceTree = BUILT_PRODUCTS_DIR;
		};
		E0765C61060223120099F78E = {
			children = (
				E0765C60060223120099F78E,
				E09CFA56060245710000E227,
				E056E6DA0609F9FE0068145A,
				E056E6ED0609FA880068145A,
				E056E715060A13650068145A,
				E06867AF0633FC8700F702EA,
				E079478806341DCE006B5824,
				E0DD07320654F9CA009C673A,
				E0DD074206550C23009C673A,
			);
			isa = PBXGroup;
			name = Products;
			refType = 4;
			sourceTree = "<group>";
		};
		E0765C62060223120099F78E = {
			isa = PBXFileReference;
			lastKnownFileType = text.xml;
			name = Info.plist;
			path = Resources/framework/Info.plist;
			refType = 4;
			sourceTree = "<group>";
		};
		E0765FBE060226AD0099F78E = {
			isa = PBXFileReference;
			lastKnownFileType = wrapper.framework;
			name = OpenGL.framework;
			path = /System/Library/Frameworks/OpenGL.framework;
			refType = 0;
			sourceTree = "<absolute>";
		};
		E079476206340BEA006B5824 = {
			children = (
				E0D1CE0406343F5B00269948,
				E0D1CDFE06343F4E00269948,
				E0D1CDEB06343F3100269948,
			);
			isa = PBXGroup;
			name = Packaging;
			path = "";
			refType = 4;
			sourceTree = "<group>";
		};
		E079478506341DCE006B5824 = {
			buildPhases = (
				E079478606341DCE006B5824,
			);
			buildRules = (
			);
			buildSettings = {
				DESCRIPTION_PLIST_FILE = packaging/meta/Description.plist;
				INFOPLIST_FILE = packaging/meta/Info.plist;
				INSTALL_PATH = /;
				PRODUCT_NAME = "$(PROJECT_NAME).mpkg";
				PRODUCT_ROOT = "$(DSTROOT)/meta";
				RESOURCE_DIR = packaging/meta/Resources;
			};
			dependencies = (
				E079478B06341DF3006B5824,
				E079478D06341E03006B5824,
				E03800C70655103C000633F5,
			);
			isa = PBXNativeTarget;
			name = "Sc21 meta pkg";
			productInstallPath = /usr/local/bin;
			productName = "Sc21 meta pkg";
			productReference = E079478806341DCE006B5824;
			productType = "com.apple.product-type.tool";
		};
		E079478606341DCE006B5824 = {
			buildActionMask = 8;
			files = (
			);
			inputPaths = (
				"$(BUILT_PRODUCTS_DIR)/$(PROJECT_NAME) framework.pkg\n",
				"$(BUILT_PRODUCTS_DIR)/$(PROJECT_NAME) palette.pkg\n",
			);
			isa = PBXShellScriptBuildPhase;
			outputPaths = (
				"$(TARGET_BUILD_DIR)/$(PRODUCT_NAME)",
			);
			runOnlyForDeploymentPostprocessing = 1;
			shellPath = /bin/sh;
			shellScript = "echo \"Script: Sc21.mpkg\"\nmkdir -p $DSTROOT/meta\nset -x\n$SRCROOT/packaging/scripts/makesc21pkg.sh -v\nretval=$?\n#touch $TARGET_BUILD_DIR/$PRODUCT_NAME\nexit $retval\n";
		};
		E079478806341DCE006B5824 = {
			explicitFileType = "compiled.mach-o.executable";
			includeInIndex = 0;
			isa = PBXFileReference;
			path = Sc21.mpkg;
			refType = 3;
			sourceTree = BUILT_PRODUCTS_DIR;
		};
		E079478A06341DF3006B5824 = {
			containerPortal = E0765C56060222BB0099F78E;
			isa = PBXContainerItemProxy;
			proxyType = 1;
			remoteGlobalIDString = E056E6D70609F9FE0068145A;
			remoteInfo = "Sc21 framework pkg";
		};
		E079478B06341DF3006B5824 = {
			isa = PBXTargetDependency;
			target = E056E6D70609F9FE0068145A;
			targetProxy = E079478A06341DF3006B5824;
		};
		E079478C06341E03006B5824 = {
			containerPortal = E0765C56060222BB0099F78E;
			isa = PBXContainerItemProxy;
			proxyType = 1;
			remoteGlobalIDString = E06867AC0633FC8700F702EA;
			remoteInfo = "Sc21 palette pkg";
		};
		E079478D06341E03006B5824 = {
			isa = PBXTargetDependency;
			target = E06867AC0633FC8700F702EA;
			targetProxy = E079478C06341E03006B5824;
		};
		E080C6D906B12B080088958C = {
			fileEncoding = 30;
			isa = PBXFileReference;
			lastKnownFileType = sourcecode.c.h;
			name = SCExaminerHandler.h;
			path = src/SCExaminerHandler.h;
			refType = 4;
			sourceTree = "<group>";
		};
		E080C6DA06B12B080088958C = {
			fileEncoding = 30;
			isa = PBXFileReference;
			lastKnownFileType = sourcecode.cpp.objcpp;
			name = SCExaminerHandler.mm;
			path = src/SCExaminerHandler.mm;
			refType = 4;
			sourceTree = "<group>";
		};
		E080C6DB06B12B080088958C = {
			fileRef = E080C6D906B12B080088958C;
			isa = PBXBuildFile;
			settings = {
				ATTRIBUTES = (
					Public,
				);
			};
		};
		E080C6DC06B12B080088958C = {
			fileRef = E080C6DA06B12B080088958C;
			isa = PBXBuildFile;
			settings = {
			};
		};
		E080C71406B132550088958C = {
			fileEncoding = 30;
			isa = PBXFileReference;
			lastKnownFileType = sourcecode.c.h;
			name = SCZoomMode.h;
			path = src/SCZoomMode.h;
			refType = 4;
			sourceTree = "<group>";
		};
		E080C71506B132550088958C = {
			fileEncoding = 30;
			isa = PBXFileReference;
			lastKnownFileType = sourcecode.cpp.objcpp;
			name = SCZoomMode.mm;
			path = src/SCZoomMode.mm;
			refType = 4;
			sourceTree = "<group>";
		};
		E080C71606B132550088958C = {
			fileRef = E080C71406B132550088958C;
			isa = PBXBuildFile;
			settings = {
				ATTRIBUTES = (
				);
			};
		};
		E080C71706B132550088958C = {
			fileRef = E080C71506B132550088958C;
			isa = PBXBuildFile;
			settings = {
			};
		};
		E09A0E0206660511003EE738 = {
			children = (
				3D8AD59606B7C6CF00D618DB,
				3D0D691806B7B5E100B64A18,
				E01100A40605E5B200F93EC1,
				3D016AAD06B6EDE500AD1116,
				E000678706259B3000F49FCD,
				E01100A60605E5B800F93EC1,
				3DDD3FF006B8EE5C0038959E,
				E09CFAA006024AD40000E227,
				E09CFAA106024AD40000E227,
				E09C036A06024BEF0000E227,
				3D3BEE6906B00E43007A16DC,
				3D016B0306B6F29E00AD1116,
				3D0D68E306B7B3C800B64A18,
				E09CFAA306024AD40000E227,
			);
			isa = PBXGroup;
			name = Palette;
			path = "";
			refType = 4;
			sourceTree = "<group>";
		};
		E09A0E0306660514003EE738 = {
			children = (
				E0765C62060223120099F78E,
				E057B67C0621EA210012C546,
				E057B6780621BC7F0012C546,
				E057B67D0621EA210012C546,
			);
			isa = PBXGroup;
			name = Framework;
			refType = 4;
			sourceTree = "<group>";
		};
		E09C036A06024BEF0000E227 = {
			isa = PBXFileReference;
			lastKnownFileType = image.tiff;
			name = SCView.tiff;
			path = Resources/palette/SCView.tiff;
			refType = 4;
			sourceTree = "<group>";
		};
		E09C036B06024BEF0000E227 = {
			fileRef = E09C036A06024BEF0000E227;
			isa = PBXBuildFile;
			settings = {
			};
		};
		E09C037006024CD90000E227 = {
			isa = PBXFileReference;
			lastKnownFileType = wrapper.framework;
			name = InterfaceBuilder.framework;
			path = /System/Library/Frameworks/InterfaceBuilder.framework;
			refType = 0;
			sourceTree = "<absolute>";
		};
		E09C037106024CD90000E227 = {
			fileRef = E09C037006024CD90000E227;
			isa = PBXBuildFile;
			settings = {
			};
		};
		E09C038906024CFB0000E227 = {
			isa = PBXFileReference;
			lastKnownFileType = wrapper.framework;
			name = Cocoa.framework;
			path = /System/Library/Frameworks/Cocoa.framework;
			refType = 0;
			sourceTree = "<absolute>";
		};
		E09CFA51060245710000E227 = {
			buildActionMask = 2147483647;
			files = (
				E09CFA87060249D50000E227,
				E09CFA89060249D50000E227,
				E000676C062598DD00F49FCD,
				3D016A6706B6EBD800AD1116,
				3D0D68FB06B7B4DC00B64A18,
				3DDD3FF706B8EE9D0038959E,
			);
			isa = PBXHeadersBuildPhase;
			runOnlyForDeploymentPostprocessing = 0;
		};
		E09CFA52060245710000E227 = {
			buildActionMask = 2147483647;
			files = (
				E09CFAA406024AD40000E227,
				E09CFAA506024AD40000E227,
				E09CFAA706024AD40000E227,
				E01100A70605E5B800F93EC1,
				E01100A50605E5B200F93EC1,
				E09C036B06024BEF0000E227,
				E000678906259B3000F49FCD,
				3D3BEE6A06B00E43007A16DC,
				3D016AAF06B6EDE500AD1116,
				3D016B0406B6F29E00AD1116,
				3D0D68E406B7B3C800B64A18,
				3D0D691A06B7B5E100B64A18,
				3D8AD59706B7C6CF00D618DB,
				3DDD3FF206B8EE5C0038959E,
			);
			isa = PBXResourcesBuildPhase;
			runOnlyForDeploymentPostprocessing = 0;
		};
		E09CFA53060245710000E227 = {
			buildActionMask = 2147483647;
			files = (
				E09CFA88060249D50000E227,
				E09CFA8A060249D50000E227,
				E000676D062598DD00F49FCD,
				3D016A6806B6EBD800AD1116,
				3D0D68FC06B7B4DC00B64A18,
				3DDD3FF806B8EE9D0038959E,
			);
			isa = PBXSourcesBuildPhase;
			runOnlyForDeploymentPostprocessing = 0;
		};
		E09CFA54060245710000E227 = {
			buildActionMask = 2147483647;
			files = (
				E01C24C50605E9CB0000C5C7,
				E01C24A90605E8740000C5C7,
				E09C037106024CD90000E227,
				E0547AB906073E170089FA12,
			);
			isa = PBXFrameworksBuildPhase;
			runOnlyForDeploymentPostprocessing = 0;
		};
		E09CFA55060245710000E227 = {
			buildPhases = (
				E09CFA51060245710000E227,
				E09CFA52060245710000E227,
				E09CFA53060245710000E227,
				E09CFA54060245710000E227,
			);
			buildRules = (
			);
			buildSettings = {
				GCC_PRECOMPILE_PREFIX_HEADER = YES;
				GCC_PREFIX_HEADER = src/Sc21_Prefix.pch;
				INFOPLIST_FILE = Resources/palette/Info.plist;
				INSTALL_PATH = "$(SYSTEM_DEVELOPER_DIR)/Palettes";
				INSTALL_ROOT = "$(DSTROOT)/palette";
				OTHER_LDFLAGS = "-bundle";
				PREBINDING = NO;
				PRODUCT_NAME = Sc21;
				WRAPPER_EXTENSION = palette;
			};
			dependencies = (
				E01100AB0605E60300F93EC1,
			);
			isa = PBXNativeTarget;
			name = "Sc21 palette";
			productName = Sc21;
			productReference = E09CFA56060245710000E227;
			productSettingsXML = "<?xml version=\"1.0\" encoding=\"UTF-8\"?>
<!DOCTYPE plist PUBLIC \"-//Apple Computer//DTD PLIST 1.0//EN\" \"http://www.apple.com/DTDs/PropertyList-1.0.dtd\">
<plist version=\"1.0\">
<dict>
	<key>CFBundleDevelopmentRegion</key>
	<string>English</string>
	<key>CFBundleExecutable</key>
	<string>Sc21</string>
	<key>CFBundleGetInfoString</key>
	<string></string>
	<key>CFBundleIconFile</key>
	<string></string>
	<key>CFBundleIdentifier</key>
	<string>com.MySoftwareCompany.Sc21</string>
	<key>CFBundleInfoDictionaryVersion</key>
	<string>6.0</string>
	<key>CFBundlePackageType</key>
	<string>APPL</string>
	<key>CFBundleShortVersionString</key>
	<string></string>
	<key>CFBundleSignature</key>
	<string>????</string>
	<key>CFBundleVersion</key>
	<string>3</string>
</dict>
</plist>
";
			productType = "com.apple.product-type.bundle";
		};
		E09CFA56060245710000E227 = {
			explicitFileType = wrapper.cfbundle;
			includeInIndex = 0;
			isa = PBXFileReference;
			path = Sc21.palette;
			refType = 3;
			sourceTree = BUILT_PRODUCTS_DIR;
		};
		E09CFA57060245720000E227 = {
			isa = PBXFileReference;
			lastKnownFileType = text.xml;
			name = Info.plist;
			path = Resources/palette/Info.plist;
			refType = 4;
			sourceTree = "<group>";
		};
		E09CFA83060249D50000E227 = {
			fileEncoding = 30;
			isa = PBXFileReference;
			lastKnownFileType = sourcecode.c.h;
			name = SCOpenGLViewInspector.h;
			path = src/SCOpenGLViewInspector.h;
			refType = 4;
			sourceTree = "<group>";
		};
		E09CFA84060249D50000E227 = {
			fileEncoding = 30;
			isa = PBXFileReference;
			lastKnownFileType = sourcecode.cpp.objcpp;
			name = SCOpenGLViewInspector.mm;
			path = src/SCOpenGLViewInspector.mm;
			refType = 4;
			sourceTree = "<group>";
		};
		E09CFA85060249D50000E227 = {
			fileEncoding = 30;
			isa = PBXFileReference;
			lastKnownFileType = sourcecode.c.h;
			name = Sc21Palette.h;
			path = src/Sc21Palette.h;
			refType = 4;
			sourceTree = "<group>";
		};
		E09CFA86060249D50000E227 = {
			fileEncoding = 30;
			isa = PBXFileReference;
			lastKnownFileType = sourcecode.cpp.objcpp;
			name = Sc21Palette.mm;
			path = src/Sc21Palette.mm;
			refType = 4;
			sourceTree = "<group>";
		};
		E09CFA87060249D50000E227 = {
			fileRef = E09CFA83060249D50000E227;
			isa = PBXBuildFile;
			settings = {
			};
		};
		E09CFA88060249D50000E227 = {
			fileRef = E09CFA84060249D50000E227;
			isa = PBXBuildFile;
			settings = {
			};
		};
		E09CFA89060249D50000E227 = {
			fileRef = E09CFA85060249D50000E227;
			isa = PBXBuildFile;
			settings = {
			};
		};
		E09CFA8A060249D50000E227 = {
			fileRef = E09CFA86060249D50000E227;
			isa = PBXBuildFile;
			settings = {
			};
		};
		E09CFA8B060249EF0000E227 = {
			fileEncoding = 30;
			isa = PBXFileReference;
			lastKnownFileType = sourcecode.c.h;
			name = SCCamera.h;
			path = src/SCCamera.h;
			refType = 4;
			sourceTree = "<group>";
		};
		E09CFA8C060249EF0000E227 = {
			fileEncoding = 30;
			isa = PBXFileReference;
			lastKnownFileType = sourcecode.cpp.objcpp;
			name = SCCamera.mm;
			path = src/SCCamera.mm;
			refType = 4;
			sourceTree = "<group>";
		};
		E09CFA8D060249EF0000E227 = {
			fileEncoding = 30;
			isa = PBXFileReference;
			lastKnownFileType = sourcecode.c.h;
			name = SCController.h;
			path = src/SCController.h;
			refType = 4;
			sourceTree = "<group>";
		};
		E09CFA8E060249EF0000E227 = {
			fileEncoding = 30;
			isa = PBXFileReference;
			lastKnownFileType = sourcecode.cpp.objcpp;
			name = SCController.mm;
			path = src/SCController.mm;
			refType = 4;
			sourceTree = "<group>";
		};
		E09CFA8F060249EF0000E227 = {
			fileEncoding = 30;
			isa = PBXFileReference;
			lastKnownFileType = sourcecode.c.h;
			name = SCEventConverter.h;
			path = src/SCEventConverter.h;
			refType = 4;
			sourceTree = "<group>";
		};
		E09CFA90060249EF0000E227 = {
			fileEncoding = 30;
			isa = PBXFileReference;
			lastKnownFileType = sourcecode.cpp.objcpp;
			name = SCEventConverter.mm;
			path = src/SCEventConverter.mm;
			refType = 4;
			sourceTree = "<group>";
		};
		E09CFA91060249EF0000E227 = {
			fileEncoding = 30;
			isa = PBXFileReference;
			lastKnownFileType = sourcecode.c.h;
			name = SCExaminerController.h;
			path = src/SCExaminerController.h;
			refType = 4;
			sourceTree = "<group>";
		};
		E09CFA92060249EF0000E227 = {
			fileEncoding = 30;
			isa = PBXFileReference;
			lastKnownFileType = sourcecode.cpp.objcpp;
			name = SCExaminerController.mm;
			path = src/SCExaminerController.mm;
			refType = 4;
			sourceTree = "<group>";
		};
		E09CFA93060249EF0000E227 = {
			fileEncoding = 30;
			isa = PBXFileReference;
			lastKnownFileType = sourcecode.c.h;
			name = SCView.h;
			path = src/SCView.h;
			refType = 4;
			sourceTree = "<group>";
		};
		E09CFA94060249EF0000E227 = {
			fileEncoding = 30;
			isa = PBXFileReference;
			lastKnownFileType = sourcecode.cpp.objcpp;
			name = SCView.mm;
			path = src/SCView.mm;
			refType = 4;
			sourceTree = "<group>";
		};
		E09CFA95060249EF0000E227 = {
			fileRef = E09CFA8B060249EF0000E227;
			isa = PBXBuildFile;
			settings = {
				ATTRIBUTES = (
					Public,
				);
			};
		};
		E09CFA96060249EF0000E227 = {
			fileRef = E09CFA8C060249EF0000E227;
			isa = PBXBuildFile;
			settings = {
			};
		};
		E09CFA97060249EF0000E227 = {
			fileRef = E09CFA8D060249EF0000E227;
			isa = PBXBuildFile;
			settings = {
				ATTRIBUTES = (
					Public,
				);
			};
		};
		E09CFA98060249EF0000E227 = {
			fileRef = E09CFA8E060249EF0000E227;
			isa = PBXBuildFile;
			settings = {
			};
		};
		E09CFA99060249EF0000E227 = {
			fileRef = E09CFA8F060249EF0000E227;
			isa = PBXBuildFile;
			settings = {
				ATTRIBUTES = (
				);
			};
		};
		E09CFA9A060249EF0000E227 = {
			fileRef = E09CFA90060249EF0000E227;
			isa = PBXBuildFile;
			settings = {
			};
		};
		E09CFA9B060249EF0000E227 = {
			fileRef = E09CFA91060249EF0000E227;
			isa = PBXBuildFile;
			settings = {
				ATTRIBUTES = (
					Public,
				);
			};
		};
		E09CFA9C060249EF0000E227 = {
			fileRef = E09CFA92060249EF0000E227;
			isa = PBXBuildFile;
			settings = {
			};
		};
		E09CFA9D060249EF0000E227 = {
			fileRef = E09CFA93060249EF0000E227;
			isa = PBXBuildFile;
			settings = {
				ATTRIBUTES = (
					Public,
				);
			};
		};
		E09CFA9E060249EF0000E227 = {
			fileRef = E09CFA94060249EF0000E227;
			isa = PBXBuildFile;
			settings = {
			};
		};
		E09CFA9F060249F60000E227 = {
			children = (
				E0242B5B06033BFF004FE05C,
				E01100B50605E71900F93EC1,
				E01100B40605E71200F93EC1,
			);
			isa = PBXGroup;
			name = src;
			refType = 4;
			sourceTree = "<group>";
		};
		E09CFAA006024AD40000E227 = {
			isa = PBXFileReference;
			lastKnownFileType = image.tiff;
			name = Sc21Palette.tiff;
			path = Resources/palette/Sc21Palette.tiff;
			refType = 4;
			sourceTree = "<group>";
		};
		E09CFAA106024AD40000E227 = {
			isa = PBXFileReference;
			lastKnownFileType = image.tiff;
			name = SCController.tiff;
			path = Resources/palette/SCController.tiff;
			refType = 4;
			sourceTree = "<group>";
		};
		E09CFAA306024AD40000E227 = {
			fileEncoding = 30;
			isa = PBXFileReference;
			lastKnownFileType = text.xml;
			name = palette.table;
			path = Resources/palette/palette.table;
			refType = 4;
			sourceTree = "<group>";
		};
		E09CFAA406024AD40000E227 = {
			fileRef = E09CFAA006024AD40000E227;
			isa = PBXBuildFile;
			settings = {
			};
		};
		E09CFAA506024AD40000E227 = {
			fileRef = E09CFAA106024AD40000E227;
			isa = PBXBuildFile;
			settings = {
			};
		};
		E09CFAA706024AD40000E227 = {
			fileRef = E09CFAA306024AD40000E227;
			isa = PBXBuildFile;
			settings = {
			};
		};
		E09CFAAB06024B130000E227 = {
			isa = PBXFileReference;
			lastKnownFileType = wrapper.nib;
			name = English;
			path = Resources/palette/English.lproj/SCOpenGLViewInspector.nib;
			refType = 4;
			sourceTree = "<group>";
		};
		E09CFAAE06024B1F0000E227 = {
			isa = PBXFileReference;
			lastKnownFileType = wrapper.nib;
			name = English;
			path = Resources/palette/English.lproj/Sc21Palette.nib;
			refType = 4;
			sourceTree = "<group>";
		};
		E09CFAB206024B510000E227 = {
			children = (
				E09A0E0306660514003EE738,
				E09A0E0206660511003EE738,
			);
			isa = PBXGroup;
			name = Resources;
			refType = 4;
			sourceTree = "<group>";
		};
		E09CFD9506024B5B0000E227 = {
			children = (
				E0547AB706073E170089FA12,
				E09C038906024CFB0000E227,
				E09C037006024CD90000E227,
				E0765FBE060226AD0099F78E,
			);
			isa = PBXGroup;
			name = Frameworks;
			refType = 4;
			sourceTree = "<group>";
		};
		E0AC6A8806060F3300907ED7 = {
			fileEncoding = 4;
			isa = PBXFileReference;
			lastKnownFileType = text.script.sh;
			path = test.sh;
			refType = 4;
			sourceTree = "<group>";
		};
		E0AC6A98060631AA00907ED7 = {
			fileRef = E09C038906024CFB0000E227;
			isa = PBXBuildFile;
			settings = {
			};
		};
		E0D1CDEB06343F3100269948 = {
			children = (
				E0D1CDEC06343F3100269948,
				E0D1CDEF06343F3100269948,
				E0D1CDF006343F3100269948,
			);
			isa = PBXGroup;
			name = framework;
			path = packaging/framework;
			refType = 4;
			sourceTree = "<group>";
		};
		E0D1CDEC06343F3100269948 = {
			children = (
				E015841806352ED300B4C24F,
				E0D1CDED06343F3100269948,
				E0D1CDEE06343F3100269948,
			);
			isa = PBXGroup;
			path = Resources;
			refType = 4;
			sourceTree = "<group>";
		};
		E0D1CDED06343F3100269948 = {
			isa = PBXFileReference;
			lastKnownFileType = text.rtf;
			path = License.rtf;
			refType = 4;
			sourceTree = "<group>";
		};
		E0D1CDEE06343F3100269948 = {
			isa = PBXFileReference;
			lastKnownFileType = text.rtf;
			path = Welcome.rtf;
			refType = 4;
			sourceTree = "<group>";
		};
		E0D1CDEF06343F3100269948 = {
			fileEncoding = 30;
			isa = PBXFileReference;
			lastKnownFileType = text.xml;
			path = Description.plist;
			refType = 4;
			sourceTree = "<group>";
		};
		E0D1CDF006343F3100269948 = {
			fileEncoding = 30;
			isa = PBXFileReference;
			lastKnownFileType = text.xml;
			path = Info.plist;
			refType = 4;
			sourceTree = "<group>";
		};
		E0D1CDFE06343F4E00269948 = {
			children = (
				E0D1CDFF06343F4E00269948,
				E0D1CE0206343F4E00269948,
				E0D1CE0306343F4E00269948,
			);
			isa = PBXGroup;
			name = meta;
			path = packaging/meta;
			refType = 4;
			sourceTree = "<group>";
		};
		E0D1CDFF06343F4E00269948 = {
			children = (
				E015841706352EC900B4C24F,
				E0D1CE0006343F4E00269948,
				E0D1CE0106343F4E00269948,
			);
			isa = PBXGroup;
			path = Resources;
			refType = 4;
			sourceTree = "<group>";
		};
		E0D1CE0006343F4E00269948 = {
			isa = PBXFileReference;
			lastKnownFileType = text.rtf;
			path = License.rtf;
			refType = 4;
			sourceTree = "<group>";
		};
		E0D1CE0106343F4E00269948 = {
			isa = PBXFileReference;
			lastKnownFileType = text.rtf;
			path = Welcome.rtf;
			refType = 4;
			sourceTree = "<group>";
		};
		E0D1CE0206343F4E00269948 = {
			fileEncoding = 30;
			isa = PBXFileReference;
			lastKnownFileType = text.xml;
			path = Description.plist;
			refType = 4;
			sourceTree = "<group>";
		};
		E0D1CE0306343F4E00269948 = {
			fileEncoding = 30;
			isa = PBXFileReference;
			lastKnownFileType = text.xml;
			path = Info.plist;
			refType = 4;
			sourceTree = "<group>";
		};
		E0D1CE0406343F5B00269948 = {
			children = (
				E0D1CE0506343F5B00269948,
				E0D1CE0806343F5B00269948,
				E0D1CE0906343F5B00269948,
			);
			isa = PBXGroup;
			name = palette;
			path = packaging/palette;
			refType = 4;
			sourceTree = "<group>";
		};
		E0D1CE0506343F5B00269948 = {
			children = (
				E015841606352EBB00B4C24F,
				E0D1CE0606343F5B00269948,
				E0D1CE0706343F5B00269948,
			);
			isa = PBXGroup;
			path = Resources;
			refType = 4;
			sourceTree = "<group>";
		};
		E0D1CE0606343F5B00269948 = {
			isa = PBXFileReference;
			lastKnownFileType = text.rtf;
			path = License.rtf;
			refType = 4;
			sourceTree = "<group>";
		};
		E0D1CE0706343F5B00269948 = {
			isa = PBXFileReference;
			lastKnownFileType = text.rtf;
			path = Welcome.rtf;
			refType = 4;
			sourceTree = "<group>";
		};
		E0D1CE0806343F5B00269948 = {
			fileEncoding = 30;
			isa = PBXFileReference;
			lastKnownFileType = text.xml;
			path = Description.plist;
			refType = 4;
			sourceTree = "<group>";
		};
		E0D1CE0906343F5B00269948 = {
			fileEncoding = 30;
			isa = PBXFileReference;
			lastKnownFileType = text.xml;
			path = Info.plist;
			refType = 4;
			sourceTree = "<group>";
		};
		E0D32D3F0608BD8900FDEF66 = {
			buildSettings = {
				COPY_PHASE_STRIP = YES;
				DEPLOYMENT_LOCATION = YES;
				DEPLOYMENT_POSTPROCESSING = YES;
				DSTROOT = /;
				GCC_GENERATE_DEBUGGING_SYMBOLS = NO;
				GCC_TREAT_WARNINGS_AS_ERRORS = YES;
				GCC_WARN_ABOUT_MISSING_PROTOTYPES = YES;
				GCC_WARN_CHECK_SWITCH_STATEMENTS = YES;
				GCC_WARN_EFFECTIVE_CPLUSPLUS_VIOLATIONS = YES;
				GCC_WARN_HIDDEN_VIRTUAL_FUNCTIONS = YES;
				GCC_WARN_INITIALIZER_NOT_FULLY_BRACKETED = YES;
				GCC_WARN_NON_VIRTUAL_DESTRUCTOR = YES;
				GCC_WARN_SHADOW = YES;
				GCC_WARN_SIGN_COMPARE = YES;
				GCC_WARN_TYPECHECK_CALLS_TO_PRINTF = YES;
				GCC_WARN_UNINITIALIZED_AUTOS = YES;
				GCC_WARN_UNKNOWN_PRAGMAS = YES;
				GCC_WARN_UNUSED_FUNCTION = YES;
				GCC_WARN_UNUSED_LABEL = YES;
				GCC_WARN_UNUSED_VALUE = YES;
				GCC_WARN_UNUSED_VARIABLE = YES;
				INSTALL_MODE_FLAG = "u+w,og-w,a+rX";
			};
			isa = PBXBuildStyle;
			name = install;
		};
		E0D6A23106BA6FD900FF8E28 = {
			fileEncoding = 30;
			isa = PBXFileReference;
			lastKnownFileType = sourcecode.c.h;
			name = SCDrawable.h;
			path = src/SCDrawable.h;
			refType = 4;
			sourceTree = "<group>";
		};
		E0D6A23206BA6FD900FF8E28 = {
			fileRef = E0D6A23106BA6FD900FF8E28;
			isa = PBXBuildFile;
			settings = {
				ATTRIBUTES = (
					Public,
				);
			};
		};
		E0D6A27006BA74ED00FF8E28 = {
			fileEncoding = 30;
			isa = PBXFileReference;
			lastKnownFileType = sourcecode.c.h;
			name = SCEventHandling.h;
			path = src/SCEventHandling.h;
			refType = 4;
			sourceTree = "<group>";
		};
		E0D6A27106BA74ED00FF8E28 = {
			fileRef = E0D6A27006BA74ED00FF8E28;
			isa = PBXBuildFile;
			settings = {
				ATTRIBUTES = (
					Public,
				);
			};
		};
		E0DD072F0654F9CA009C673A = {
			buildPhases = (
				E0DD07300654F9CA009C673A,
			);
			buildRules = (
			);
			buildSettings = {
				INSTALL_PATH = "$(SYSTEM_DEVELOPER_DIR)/Documentation";
				INSTALL_ROOT = "$(DSTROOT)/doc";
				PRODUCT_NAME = Sc21;
			};
			dependencies = (
			);
			isa = PBXNativeTarget;
			name = "Sc21 doc";
			productInstallPath = /usr/local/bin;
			productName = "Sc21 doc";
			productReference = E0DD07320654F9CA009C673A;
			productType = "com.apple.product-type.tool";
		};
		E0DD07300654F9CA009C673A = {
			buildActionMask = 8;
			files = (
			);
			inputPaths = (
			);
			isa = PBXShellScriptBuildPhase;
			outputPaths = (
			);
			runOnlyForDeploymentPostprocessing = 1;
			shellPath = /bin/sh;
			shellScript = "echo \"Script: Sc21 doc\"\nset -x\nbin/autodoc -project src -format html -template doc/HTMLTemplate.html -copyright \"Systems in Motion AS\" -destination $INSTALL_ROOT$INSTALL_PATH/$PRODUCT_NAME -tree -allclasses -force\ncp doc/style.css $INSTALL_ROOT$INSTALL_PATH/$PRODUCT_NAME\ncp doc/index.html $INSTALL_ROOT$INSTALL_PATH/$PRODUCT_NAME\nretval=$?\nexit $retval\n";
		};
		E0DD07320654F9CA009C673A = {
			explicitFileType = "compiled.mach-o.executable";
			includeInIndex = 0;
			isa = PBXFileReference;
			path = Sc21;
			refType = 3;
			sourceTree = BUILT_PRODUCTS_DIR;
		};
		E0DD073F06550C23009C673A = {
			buildPhases = (
				E0DD074006550C23009C673A,
			);
			buildRules = (
			);
			buildSettings = {
				DESCRIPTION_PLIST_FILE = packaging/doc/Description.plist;
				INFOPLIST_FILE = packaging/doc/Info.plist;
				INSTALL_PATH = /;
				PRODUCT_NAME = "$(PROJECT_NAME) doc.pkg";
				PRODUCT_ROOT = "$(DSTROOT)/doc";
				RESOURCE_DIR = packaging/doc/Resources;
			};
			dependencies = (
				E03800C506551033000633F5,
			);
			isa = PBXNativeTarget;
			name = "Sc21 doc pkg";
			productInstallPath = /usr/local/bin;
			productName = "Sc21 doc pkg";
			productReference = E0DD074206550C23009C673A;
			productType = "com.apple.product-type.tool";
		};
		E0DD074006550C23009C673A = {
			buildActionMask = 8;
			files = (
			);
			inputPaths = (
			);
			isa = PBXShellScriptBuildPhase;
			outputPaths = (
				"$(TARGET_BUILD_DIR)/$(PRODUCT_NAME)",
			);
			runOnlyForDeploymentPostprocessing = 1;
			shellPath = /bin/sh;
			shellScript = "echo \"Script: Sc21 DOC pkg\"\nset -x\n$SRCROOT/packaging/scripts/makesc21pkg.sh -v\nretval=$?\nexit $retval";
		};
		E0DD074206550C23009C673A = {
			explicitFileType = "compiled.mach-o.executable";
			includeInIndex = 0;
			isa = PBXFileReference;
			path = "Sc21 doc.pkg";
			refType = 3;
			sourceTree = BUILT_PRODUCTS_DIR;
		};
		E0E5D14506B15E6E009165C8 = {
			fileEncoding = 30;
			isa = PBXFileReference;
			lastKnownFileType = sourcecode.c.h;
			name = SCFlyHandler.h;
			path = src/SCFlyHandler.h;
			refType = 4;
			sourceTree = "<group>";
		};
		E0E5D14606B15E6E009165C8 = {
			fileEncoding = 30;
			isa = PBXFileReference;
			lastKnownFileType = sourcecode.cpp.objcpp;
			name = SCFlyHandler.mm;
			path = src/SCFlyHandler.mm;
			refType = 4;
			sourceTree = "<group>";
		};
		E0E5D14706B15E6E009165C8 = {
			fileRef = E0E5D14506B15E6E009165C8;
			isa = PBXBuildFile;
			settings = {
				ATTRIBUTES = (
					Public,
				);
			};
		};
		E0E5D14806B15E6E009165C8 = {
			fileRef = E0E5D14606B15E6E009165C8;
			isa = PBXBuildFile;
			settings = {
			};
		};
		E0E5D14C06B15F61009165C8 = {
			fileEncoding = 30;
			isa = PBXFileReference;
			lastKnownFileType = sourcecode.c.h;
			name = SCEventHandlerP.h;
			path = src/SCEventHandlerP.h;
			refType = 4;
			sourceTree = "<group>";
		};
		E0E5D14D06B15F61009165C8 = {
			fileRef = E0E5D14C06B15F61009165C8;
			isa = PBXBuildFile;
			settings = {
			};
		};
		E0EB29080613442800C54774 = {
			fileEncoding = 30;
			isa = PBXFileReference;
			lastKnownFileType = sourcecode.c.h;
			name = SCOpenGLPixelFormat.h;
			path = src/SCOpenGLPixelFormat.h;
			refType = 4;
			sourceTree = "<group>";
		};
		E0EB29090613442800C54774 = {
			fileEncoding = 30;
			isa = PBXFileReference;
			lastKnownFileType = sourcecode.c.objc;
			name = SCOpenGLPixelFormat.m;
			path = src/SCOpenGLPixelFormat.m;
			refType = 4;
			sourceTree = "<group>";
		};
		E0EB290A0613442800C54774 = {
			fileEncoding = 30;
			isa = PBXFileReference;
			lastKnownFileType = sourcecode.c.h;
			name = SCOpenGLView.h;
			path = src/SCOpenGLView.h;
			refType = 4;
			sourceTree = "<group>";
		};
		E0EB290B0613442800C54774 = {
			fileEncoding = 30;
			isa = PBXFileReference;
			lastKnownFileType = sourcecode.c.objc;
			name = SCOpenGLView.m;
			path = src/SCOpenGLView.m;
			refType = 4;
			sourceTree = "<group>";
		};
		E0EB290C0613442800C54774 = {
			fileRef = E0EB29080613442800C54774;
			isa = PBXBuildFile;
			settings = {
				ATTRIBUTES = (
					Public,
				);
			};
		};
		E0EB290D0613442800C54774 = {
			fileRef = E0EB29090613442800C54774;
			isa = PBXBuildFile;
			settings = {
			};
		};
		E0EB290E0613442800C54774 = {
			fileRef = E0EB290A0613442800C54774;
			isa = PBXBuildFile;
			settings = {
				ATTRIBUTES = (
					Public,
				);
			};
		};
		E0EB290F0613442800C54774 = {
			fileRef = E0EB290B0613442800C54774;
			isa = PBXBuildFile;
			settings = {
			};
		};
	};
	rootObject = E0765C56060222BB0099F78E;
}
