// !$*UTF8*$!
{
	archiveVersion = 1;
	classes = {
	};
	objectVersion = 38;
	objects = {
		080E96DAFE201CDB7F000001 = {
			fileRef = 2A37F4B6FDCFA73011CA2CEA;
			isa = PBXBuildFile;
			settings = {
			};
		};
		080E96DBFE201CDB7F000001 = {
			fileRef = 2A37F4B4FDCFA73011CA2CEA;
			isa = PBXBuildFile;
			settings = {
			};
		};
		089C165FFE840EACC02AAC07 = {
			children = (
				089C1660FE840EACC02AAC07,
			);
			isa = PBXVariantGroup;
			name = InfoPlist.strings;
			refType = 4;
		};
		089C1660FE840EACC02AAC07 = {
			fileEncoding = 10;
			isa = PBXFileReference;
			name = English;
			path = English.lproj/InfoPlist.strings;
			refType = 4;
		};
		089C1661FE840EACC02AAC07 = {
			fileRef = 089C165FFE840EACC02AAC07;
			isa = PBXBuildFile;
			settings = {
			};
		};
//080
//081
//082
//083
//084
//100
//101
//102
//103
//104
		1058C7A6FEA54F5311CA2CBB = {
			children = (
				E0EF2FBD04BCBCC400A801B3,
				E0EF2FBF04BCBCD000A801B3,
				1058C7A7FEA54F5311CA2CBB,
				E0047DF404C27BCB00A801B3,
			);
			isa = PBXGroup;
			name = "Linked Frameworks";
			refType = 4;
		};
		1058C7A7FEA54F5311CA2CBB = {
			isa = PBXFrameworkReference;
			name = Cocoa.framework;
			path = /System/Library/Frameworks/Cocoa.framework;
			refType = 0;
		};
		1058C7A8FEA54F5311CA2CBB = {
			children = (
				2A37F4C5FDCFA73011CA2CEA,
				2A37F4C4FDCFA73011CA2CEA,
			);
			isa = PBXGroup;
			name = "Other Frameworks";
			refType = 4;
		};
		1058C7A9FEA54F5311CA2CBB = {
			fileRef = 1058C7A7FEA54F5311CA2CBB;
			isa = PBXBuildFile;
			settings = {
			};
		};
//100
//101
//102
//103
//104
//170
//171
//172
//173
//174
		1758732AFF379DA111CA2CBB = {
			isa = PBXApplicationReference;
			path = Viewtiful.app;
			refType = 3;
		};
//170
//171
//172
//173
//174
//190
//191
//192
//193
//194
		19C28FB0FE9D524F11CA2CBB = {
			children = (
				1758732AFF379DA111CA2CBB,
			);
			isa = PBXGroup;
			name = Products;
			refType = 4;
		};
//190
//191
//192
//193
//194
//2A0
//2A1
//2A2
//2A3
//2A4
		2A37F4A9FDCFA73011CA2CEA = {
			buildStyles = (
				4A9504D0FFE6A4CB11CA0CBA,
				4A9504D1FFE6A4CB11CA0CBA,
			);
			hasScannedForEncodings = 1;
			isa = PBXProject;
			mainGroup = 2A37F4AAFDCFA73011CA2CEA;
			projectDirPath = "";
			targets = (
				2A37F4C6FDCFA73011CA2CEA,
			);
		};
		2A37F4AAFDCFA73011CA2CEA = {
			children = (
				2A37F4ABFDCFA73011CA2CEA,
				2A37F4B8FDCFA73011CA2CEA,
				E04D21BB04BF30AF00A801B3,
				2A37F4C3FDCFA73011CA2CEA,
				19C28FB0FE9D524F11CA2CBB,
			);
			isa = PBXGroup;
			name = Viewtiful;
			path = "";
			refType = 4;
		};
		2A37F4ABFDCFA73011CA2CEA = {
			children = (
				2A37F4AEFDCFA73011CA2CEA,
				2A37F4ACFDCFA73011CA2CEA,
				E0EF2FD504BCCF5F00A801B3,
				E0EF2FD604BCCF5F00A801B3,
				E0EF2FDB04BCD82500A801B3,
				E0EF2FDC04BCD82500A801B3,
				E065E52304C0D41200A801B3,
				E065E52404C0D41200A801B3,
				2A37F4AFFDCFA73011CA2CEA,
			);
			isa = PBXGroup;
			name = Classes;
			path = "";
			refType = 4;
		};
		2A37F4ACFDCFA73011CA2CEA = {
			fileEncoding = 30;
			isa = PBXFileReference;
			path = MyDocument.mm;
			refType = 4;
		};
		2A37F4AEFDCFA73011CA2CEA = {
			fileEncoding = 30;
			isa = PBXFileReference;
			path = MyDocument.h;
			refType = 4;
		};
		2A37F4AFFDCFA73011CA2CEA = {
			children = (
				32DBCF750370BD2300C91783,
				2A37F4B0FDCFA73011CA2CEA,
			);
			isa = PBXGroup;
			name = "Other Sources";
			path = "";
			refType = 4;
		};
		2A37F4B0FDCFA73011CA2CEA = {
			fileEncoding = 30;
			isa = PBXFileReference;
			path = main.mm;
			refType = 4;
		};
		2A37F4B4FDCFA73011CA2CEA = {
			children = (
				2A37F4B5FDCFA73011CA2CEA,
			);
			isa = PBXVariantGroup;
			name = MyDocument.nib;
			path = "";
			refType = 4;
		};
		2A37F4B5FDCFA73011CA2CEA = {
			isa = PBXFileReference;
			name = English;
			path = English.lproj/MyDocument.nib;
			refType = 4;
		};
		2A37F4B6FDCFA73011CA2CEA = {
			children = (
				2A37F4B7FDCFA73011CA2CEA,
			);
			isa = PBXVariantGroup;
			name = MainMenu.nib;
			path = "";
			refType = 4;
		};
		2A37F4B7FDCFA73011CA2CEA = {
			isa = PBXFileReference;
			name = English;
			path = English.lproj/MainMenu.nib;
			refType = 4;
		};
		2A37F4B8FDCFA73011CA2CEA = {
			children = (
				2A37F4B6FDCFA73011CA2CEA,
				2A37F4B4FDCFA73011CA2CEA,
				089C165FFE840EACC02AAC07,
			);
			isa = PBXGroup;
			name = Resources;
			path = "";
			refType = 4;
		};
		2A37F4C3FDCFA73011CA2CEA = {
			children = (
				1058C7A6FEA54F5311CA2CBB,
				1058C7A8FEA54F5311CA2CBB,
			);
			isa = PBXGroup;
			name = Frameworks;
			path = "";
			refType = 4;
		};
		2A37F4C4FDCFA73011CA2CEA = {
			isa = PBXFrameworkReference;
			name = AppKit.framework;
			path = /System/Library/Frameworks/AppKit.framework;
			refType = 0;
		};
		2A37F4C5FDCFA73011CA2CEA = {
			isa = PBXFrameworkReference;
			name = Foundation.framework;
			path = /System/Library/Frameworks/Foundation.framework;
			refType = 0;
		};
		2A37F4C6FDCFA73011CA2CEA = {
			buildPhases = (
				2A37F4C7FDCFA73011CA2CEA,
				2A37F4C9FDCFA73011CA2CEA,
				2A37F4CEFDCFA73011CA2CEA,
				2A37F4D1FDCFA73011CA2CEA,
			);
			buildSettings = {
				FRAMEWORK_SEARCH_PATHS = /Users/kintel/code/checkout/SC21/framework/SC21/build;
				HEADER_SEARCH_PATHS = "";
				INSTALL_PATH = "$(HOME)/Applications";
				LIBRARY_SEARCH_PATHS = "";
				OTHER_CFLAGS = "";
				OTHER_LDFLAGS = "-F/Users/kintel/code/checkout/SC21/framework/SC21/build";
				PRECOMPILE_PREFIX_HEADER = YES;
				PREFIX_HEADER = Viewtiful_Prefix.h;
				PRODUCT_NAME = Viewtiful;
				SECTORDER_FLAGS = "";
				WARNING_CFLAGS = "-Wmost -Wno-four-char-constants -Wno-unknown-pragmas";
				WRAPPER_EXTENSION = app;
			};
			dependencies = (
			);
			isa = PBXApplicationTarget;
			name = Viewtiful;
			productInstallPath = "$(HOME)/Applications";
			productName = Viewtiful;
			productReference = 1758732AFF379DA111CA2CBB;
			productSettingsXML = "<?xml version=\"1.0\" encoding=\"UTF-8\"?>
<!DOCTYPE plist PUBLIC \"-//Apple Computer//DTD PLIST 1.0//EN\" \"http://www.apple.com/DTDs/PropertyList-1.0.dtd\">
<plist version=\"1.0\">
<dict>
	<key>CFBundleDevelopmentRegion</key>
	<string>English</string>
	<key>CFBundleDocumentTypes</key>
	<array>
		<dict>
			<key>CFBundleTypeExtensions</key>
			<array>
				<string>wrl</string>
			</array>
			<key>CFBundleTypeIconFile</key>
			<string></string>
			<key>CFBundleTypeMIMETypes</key>
			<array>
				<string>x-world/x-vrml</string>
			</array>
			<key>CFBundleTypeName</key>
			<string>VRML</string>
			<key>CFBundleTypeRole</key>
			<string>Viewer</string>
			<key>NSDocumentClass</key>
			<string>MyDocument</string>
		</dict>
		<dict>
			<key>CFBundleTypeExtensions</key>
			<array>
				<string>iv</string>
			</array>
			<key>CFBundleTypeMIMETypes</key>
			<array>
				<string>graphics/x-inventor</string>
			</array>
			<key>CFBundleTypeName</key>
			<string>Inventor</string>
			<key>CFBundleTypeRole</key>
			<string>Viewer</string>
			<key>NSDocumentClass</key>
			<string>MyDocument</string>
		</dict>
	</array>
	<key>CFBundleExecutable</key>
	<string>Viewtiful</string>
	<key>CFBundleIconFile</key>
	<string>coin.icns</string>
	<key>CFBundleInfoDictionaryVersion</key>
	<string>6.0</string>
	<key>CFBundlePackageType</key>
	<string>APPL</string>
	<key>CFBundleSignature</key>
	<string>????</string>
	<key>CFBundleVersion</key>
	<string>0.1</string>
	<key>NSMainNibFile</key>
	<string>MainMenu</string>
	<key>NSPrincipalClass</key>
	<string>NSApplication</string>
</dict>
</plist>
";
		};
		2A37F4C7FDCFA73011CA2CEA = {
			buildActionMask = 2147483647;
			files = (
				32DBCF760370BD2300C91783,
				2A37F4C8FDCFA73011CA2CEA,
				E0EF2FD704BCCF5F00A801B3,
				E0EF2FDD04BCD82500A801B3,
				E065E52504C0D41200A801B3,
			);
			isa = PBXHeadersBuildPhase;
			runOnlyForDeploymentPostprocessing = 0;
		};
		2A37F4C8FDCFA73011CA2CEA = {
			fileRef = 2A37F4AEFDCFA73011CA2CEA;
			isa = PBXBuildFile;
			settings = {
			};
		};
		2A37F4C9FDCFA73011CA2CEA = {
			buildActionMask = 2147483647;
			files = (
				080E96DAFE201CDB7F000001,
				080E96DBFE201CDB7F000001,
				089C1661FE840EACC02AAC07,
				E04D21BD04BF312800A801B3,
			);
			isa = PBXResourcesBuildPhase;
			runOnlyForDeploymentPostprocessing = 0;
		};
		2A37F4CEFDCFA73011CA2CEA = {
			buildActionMask = 2147483647;
			files = (
				2A37F4CFFDCFA73011CA2CEA,
				2A37F4D0FDCFA73011CA2CEA,
				E0EF2FDE04BCD82500A801B3,
				E065E52604C0D41200A801B3,
				E003C01604EBB69600A801B3,
			);
			isa = PBXSourcesBuildPhase;
			runOnlyForDeploymentPostprocessing = 0;
		};
		2A37F4CFFDCFA73011CA2CEA = {
			fileRef = 2A37F4ACFDCFA73011CA2CEA;
			isa = PBXBuildFile;
			settings = {
				ATTRIBUTES = (
				);
			};
		};
		2A37F4D0FDCFA73011CA2CEA = {
			fileRef = 2A37F4B0FDCFA73011CA2CEA;
			isa = PBXBuildFile;
			settings = {
				ATTRIBUTES = (
				);
			};
		};
		2A37F4D1FDCFA73011CA2CEA = {
			buildActionMask = 2147483647;
			files = (
				1058C7A9FEA54F5311CA2CBB,
				E0EF2FBE04BCBCC400A801B3,
				E0EF2FC004BCBCD000A801B3,
				E0047DF504C27BCB00A801B3,
			);
			isa = PBXFrameworksBuildPhase;
			runOnlyForDeploymentPostprocessing = 0;
		};
//2A0
//2A1
//2A2
//2A3
//2A4
//320
//321
//322
//323
//324
		32DBCF750370BD2300C91783 = {
			fileEncoding = 4;
			isa = PBXFileReference;
			path = Viewtiful_Prefix.h;
			refType = 4;
		};
		32DBCF760370BD2300C91783 = {
			fileRef = 32DBCF750370BD2300C91783;
			isa = PBXBuildFile;
			settings = {
			};
		};
//320
//321
//322
//323
//324
//4A0
//4A1
//4A2
//4A3
//4A4
		4A9504D0FFE6A4CB11CA0CBA = {
			buildRules = (
			);
			buildSettings = {
				COPY_PHASE_STRIP = NO;
				OPTIMIZATION_CFLAGS = "-O0";
			};
			isa = PBXBuildStyle;
			name = Development;
		};
		4A9504D1FFE6A4CB11CA0CBA = {
			buildRules = (
			);
			buildSettings = {
				COPY_PHASE_STRIP = YES;
			};
			isa = PBXBuildStyle;
			name = Deployment;
		};
//4A0
//4A1
//4A2
//4A3
//4A4
//E00
//E01
//E02
//E03
//E04
		E003C01604EBB69600A801B3 = {
			fileRef = E0EF2FD604BCCF5F00A801B3;
			isa = PBXBuildFile;
			settings = {
			};
		};
		E0047DF404C27BCB00A801B3 = {
			isa = PBXFrameworkReference;
			name = SC21.framework;
			path = /Users/kintel/code/checkout/SC21/framework/SC21/build/SC21.framework;
			refType = 0;
		};
		E0047DF504C27BCB00A801B3 = {
			fileRef = E0047DF404C27BCB00A801B3;
			isa = PBXBuildFile;
			settings = {
			};
		};
		E04D21BB04BF30AF00A801B3 = {
			children = (
				E04D21BC04BF312800A801B3,
			);
			isa = PBXGroup;
			name = Icons;
			path = "";
			refType = 4;
		};
		E04D21BC04BF312800A801B3 = {
			isa = PBXFileReference;
			path = coin.icns;
			refType = 4;
		};
		E04D21BD04BF312800A801B3 = {
			fileRef = E04D21BC04BF312800A801B3;
			isa = PBXBuildFile;
			settings = {
			};
		};
		E065E52304C0D41200A801B3 = {
			fileEncoding = 30;
			isa = PBXFileReference;
			path = MyExaminerController.h;
			refType = 4;
		};
		E065E52404C0D41200A801B3 = {
			fileEncoding = 30;
			isa = PBXFileReference;
			path = MyExaminerController.mm;
			refType = 4;
		};
		E065E52504C0D41200A801B3 = {
			fileRef = E065E52304C0D41200A801B3;
			isa = PBXBuildFile;
			settings = {
			};
		};
		E065E52604C0D41200A801B3 = {
			fileRef = E065E52404C0D41200A801B3;
			isa = PBXBuildFile;
			settings = {
			};
		};
		E0EF2FBD04BCBCC400A801B3 = {
			isa = PBXFrameworkReference;
			name = OpenGL.framework;
			path = /System/Library/Frameworks/OpenGL.framework;
			refType = 0;
		};
		E0EF2FBE04BCBCC400A801B3 = {
			fileRef = E0EF2FBD04BCBCC400A801B3;
			isa = PBXBuildFile;
			settings = {
			};
		};
		E0EF2FBF04BCBCD000A801B3 = {
			isa = PBXFrameworkReference;
			name = Inventor.framework;
			path = /Library/Frameworks/Inventor.framework;
			refType = 0;
		};
		E0EF2FC004BCBCD000A801B3 = {
			fileRef = E0EF2FBF04BCBCD000A801B3;
			isa = PBXBuildFile;
			settings = {
			};
		};
		E0EF2FD504BCCF5F00A801B3 = {
			fileEncoding = 30;
			isa = PBXFileReference;
			path = MyWindowController.h;
			refType = 4;
		};
		E0EF2FD604BCCF5F00A801B3 = {
			fileEncoding = 30;
			isa = PBXFileReference;
			path = MyWindowController.mm;
			refType = 4;
		};
		E0EF2FD704BCCF5F00A801B3 = {
			fileRef = E0EF2FD504BCCF5F00A801B3;
			isa = PBXBuildFile;
			settings = {
			};
		};
		E0EF2FDB04BCD82500A801B3 = {
			fileEncoding = 30;
			isa = PBXFileReference;
			path = AppController.h;
			refType = 4;
		};
		E0EF2FDC04BCD82500A801B3 = {
			fileEncoding = 30;
			isa = PBXFileReference;
			path = AppController.mm;
			refType = 4;
		};
		E0EF2FDD04BCD82500A801B3 = {
			fileRef = E0EF2FDB04BCD82500A801B3;
			isa = PBXBuildFile;
			settings = {
			};
		};
		E0EF2FDE04BCD82500A801B3 = {
			fileRef = E0EF2FDC04BCD82500A801B3;
			isa = PBXBuildFile;
			settings = {
			};
		};
	};
	rootObject = 2A37F4A9FDCFA73011CA2CEA;
}
